
Microsoft Visual Studio Solution File, Format Version 11.00
# Visual Studio 2010
Project("{FAE04EC0-301F-11D3-BF4B-00C04F79EFBC}") = "MapEditor", "MapEditor\MapEditor\MapEditor.csproj", "{0D80249F-64A3-4A6B-9936-F9EAC60E59D8}"
EndProject
Project("{96E2B04D-8817-42C6-938A-82C39BA4D311}") = "MapEditorContent", "MapEditor\MapEditorContent\MapEditorContent.contentproj", "{0C722878-02C2-4A25-9344-32125D3B17B1}"
EndProject
Global
	GlobalSection(SolutionConfigurationPlatforms) = preSolution
		Debug|x86 = Debug|x86
		Release|x86 = Release|x86
	EndGlobalSection
	GlobalSection(ProjectConfigurationPlatforms) = postSolution
		{0D80249F-64A3-4A6B-9936-F9EAC60E59D8}.Debug|x86.ActiveCfg = Debug|x86
		{0D80249F-64A3-4A6B-9936-F9EAC60E59D8}.Debug|x86.Build.0 = Debug|x86
		{0D80249F-64A3-4A6B-9936-F9EAC60E59D8}.Release|x86.ActiveCfg = Release|x86
		{0D80249F-64A3-4A6B-9936-F9EAC60E59D8}.Release|x86.Build.0 = Release|x86
		{0C722878-02C2-4A25-9344-32125D3B17B1}.Debug|x86.ActiveCfg = Debug|x86
		{0C722878-02C2-4A25-9344-32125D3B17B1}.Release|x86.ActiveCfg = Release|x86
	EndGlobalSection
	GlobalSection(SolutionProperties) = preSolution
		HideSolutionNode = FALSE
	EndGlobalSection
EndGlobal
