
Microsoft Visual Studio Solution File, Format Version 12.00
# Visual Studio 2012
Project("{FAE04EC0-301F-11D3-BF4B-00C04F79EFBC}") = "Chimera", "Chimera\Chimera\Chimera.csproj", "{099FF29B-954A-4208-A12C-A2121DDFB7E9}"
EndProject
Project("{FAE04EC0-301F-11D3-BF4B-00C04F79EFBC}") = "GraphicsLibrary", "GraphicsLibrary\GraphicsLibrary.csproj", "{B68107C8-3825-47AA-BC8A-B7AA8D2902F6}"
EndProject
Project("{FAE04EC0-301F-11D3-BF4B-00C04F79EFBC}") = "AnimateModelPipeline", "AnimateModelPipeline\AnimateModelPipeline.csproj", "{57C3FDF5-1889-4507-B5F1-46E6BE0F2F61}"
EndProject
Project("{FAE04EC0-301F-11D3-BF4B-00C04F79EFBC}") = "GameConstructLibrary", "GameConstructLibrary\GameConstructLibrary.csproj", "{EBF58AE6-887D-480A-B693-4DCB2C02CB8D}"
EndProject
Project("{FAE04EC0-301F-11D3-BF4B-00C04F79EFBC}") = "Utility", "Utility\Utility.csproj", "{3025FC73-AEC9-489F-96EF-BC52CCE64CEC}"
EndProject
Project("{FAE04EC0-301F-11D3-BF4B-00C04F79EFBC}") = "WorldEditor", "WorldEditor\WorldEditor\WorldEditor.csproj", "{139489C1-1090-405C-BF73-2430D4BD5FC1}"
EndProject
Project("{FAE04EC0-301F-11D3-BF4B-00C04F79EFBC}") = "AnimationUtilities", "AnimationUtilities\AnimationUtilities.csproj", "{A2B93EFB-0D0C-455B-B1BB-176C336EE60D}"
EndProject
Project("{FAE04EC0-301F-11D3-BF4B-00C04F79EFBC}") = "Content_Models", "ChimeraContent\Content_Models.contentproj", "{DDBC472F-F07E-420A-9AD7-31C03422F337}"
EndProject
Project("{FAE04EC0-301F-11D3-BF4B-00C04F79EFBC}") = "Content_CustomModels", "Content_Custom\Content_CustomModels.contentproj", "{8D59AE53-4C2F-4917-8BB2-611C09A3B9D1}"
EndProject
Project("{FAE04EC0-301F-11D3-BF4B-00C04F79EFBC}") = "Content_All", "Content_All\Content_All.csproj", "{E7BB4B6B-6A24-45CD-8714-190B0FDD3B21}"
EndProject
Project("{8BC9CEB8-8B4A-11D0-8D11-00A0C91BC942}") = "Content_BuildAllParallel", "Content_BuildAllParallel\Content_BuildAllParallel.vcxproj", "{B7259BB1-744A-4C99-9A06-728C92655CAD}"
EndProject
Project("{FAE04EC0-301F-11D3-BF4B-00C04F79EFBC}") = "Content_Dummy", "Content_DUmmy\Content_Dummy.contentproj", "{12E4B132-65A5-4E63-8C94-3F7687705DCE}"
EndProject
Project("{FAE04EC0-301F-11D3-BF4B-00C04F79EFBC}") = "Content_Textures", "Content_Textures\Content_Textures.contentproj", "{CCFE1F47-C2EA-43A6-A594-88C186F94536}"
EndProject
Project("{FAE04EC0-301F-11D3-BF4B-00C04F79EFBC}") = "Content_Objects", "Content_Objects\Content_Objects.contentproj", "{50FD0490-71AF-43C0-889E-9352A535C106}"
EndProject
Project("{FAE04EC0-301F-11D3-BF4B-00C04F79EFBC}") = "Content_Shaders", "Content_Shaders\Content_Shaders.contentproj", "{F50B1428-A220-44C0-9A44-28B4989E7923}"
EndProject
Project("{FAE04EC0-301F-11D3-BF4B-00C04F79EFBC}") = "Content_Audio", "Content_SFX\Content_Audio.contentproj", "{212E62AA-982F-4B75-B2DA-D2A6C93EBD19}"
EndProject
Project("{FAE04EC0-301F-11D3-BF4B-00C04F79EFBC}") = "Content_Fonts", "Content_Fonts\Content_Fonts.contentproj", "{EA74773E-D658-4366-AB62-085F8235C5BC}"
EndProject
Project("{2150E333-8FDC-42A3-9474-1A3956D46DE8}") = "Content", "Content", "{187F2BD1-D182-4F09-9B54-154FE553BFE6}"
EndProject
Global
	GlobalSection(SolutionConfigurationPlatforms) = preSolution
		Debug Chimera|Any CPU = Debug Chimera|Any CPU
		Debug Chimera|Mixed Platforms = Debug Chimera|Mixed Platforms
		Debug Chimera|Win32 = Debug Chimera|Win32
		Debug Chimera|x86 = Debug Chimera|x86
		Debug Chimera|Xbox 360 = Debug Chimera|Xbox 360
		Debug WorldEditor|Any CPU = Debug WorldEditor|Any CPU
		Debug WorldEditor|Mixed Platforms = Debug WorldEditor|Mixed Platforms
		Debug WorldEditor|Win32 = Debug WorldEditor|Win32
		Debug WorldEditor|x86 = Debug WorldEditor|x86
		Debug WorldEditor|Xbox 360 = Debug WorldEditor|Xbox 360
		Debug|Any CPU = Debug|Any CPU
		Debug|Mixed Platforms = Debug|Mixed Platforms
		Debug|Win32 = Debug|Win32
		Debug|x86 = Debug|x86
		Debug|Xbox 360 = Debug|Xbox 360
		Release Chimera|Any CPU = Release Chimera|Any CPU
		Release Chimera|Mixed Platforms = Release Chimera|Mixed Platforms
		Release Chimera|Win32 = Release Chimera|Win32
		Release Chimera|x86 = Release Chimera|x86
		Release Chimera|Xbox 360 = Release Chimera|Xbox 360
		Release WorldEditor|Any CPU = Release WorldEditor|Any CPU
		Release WorldEditor|Mixed Platforms = Release WorldEditor|Mixed Platforms
		Release WorldEditor|Win32 = Release WorldEditor|Win32
		Release WorldEditor|x86 = Release WorldEditor|x86
		Release WorldEditor|Xbox 360 = Release WorldEditor|Xbox 360
		Release|Any CPU = Release|Any CPU
		Release|Mixed Platforms = Release|Mixed Platforms
		Release|Win32 = Release|Win32
		Release|x86 = Release|x86
		Release|Xbox 360 = Release|Xbox 360
	EndGlobalSection
	GlobalSection(ProjectConfigurationPlatforms) = postSolution
		{099FF29B-954A-4208-A12C-A2121DDFB7E9}.Debug Chimera|Any CPU.ActiveCfg = Debug|x86
		{099FF29B-954A-4208-A12C-A2121DDFB7E9}.Debug Chimera|Any CPU.Build.0 = Debug|x86
		{099FF29B-954A-4208-A12C-A2121DDFB7E9}.Debug Chimera|Mixed Platforms.ActiveCfg = Debug|x86
		{099FF29B-954A-4208-A12C-A2121DDFB7E9}.Debug Chimera|Mixed Platforms.Build.0 = Debug|x86
		{099FF29B-954A-4208-A12C-A2121DDFB7E9}.Debug Chimera|Win32.ActiveCfg = Debug|x86
		{099FF29B-954A-4208-A12C-A2121DDFB7E9}.Debug Chimera|x86.ActiveCfg = Debug|x86
		{099FF29B-954A-4208-A12C-A2121DDFB7E9}.Debug Chimera|x86.Build.0 = Debug|x86
		{099FF29B-954A-4208-A12C-A2121DDFB7E9}.Debug Chimera|Xbox 360.ActiveCfg = Debug|x86
		{099FF29B-954A-4208-A12C-A2121DDFB7E9}.Debug Chimera|Xbox 360.Build.0 = Debug|x86
		{099FF29B-954A-4208-A12C-A2121DDFB7E9}.Debug WorldEditor|Any CPU.ActiveCfg = Debug|x86
		{099FF29B-954A-4208-A12C-A2121DDFB7E9}.Debug WorldEditor|Mixed Platforms.ActiveCfg = Debug|x86
		{099FF29B-954A-4208-A12C-A2121DDFB7E9}.Debug WorldEditor|Mixed Platforms.Build.0 = Debug|x86
		{099FF29B-954A-4208-A12C-A2121DDFB7E9}.Debug WorldEditor|Win32.ActiveCfg = Debug|x86
		{099FF29B-954A-4208-A12C-A2121DDFB7E9}.Debug WorldEditor|x86.ActiveCfg = Debug|x86
		{099FF29B-954A-4208-A12C-A2121DDFB7E9}.Debug WorldEditor|x86.Build.0 = Debug|x86
		{099FF29B-954A-4208-A12C-A2121DDFB7E9}.Debug WorldEditor|Xbox 360.ActiveCfg = Debug|x86
		{099FF29B-954A-4208-A12C-A2121DDFB7E9}.Debug|Any CPU.ActiveCfg = Debug|x86
		{099FF29B-954A-4208-A12C-A2121DDFB7E9}.Debug|Mixed Platforms.ActiveCfg = Debug|x86
		{099FF29B-954A-4208-A12C-A2121DDFB7E9}.Debug|Mixed Platforms.Build.0 = Debug|x86
		{099FF29B-954A-4208-A12C-A2121DDFB7E9}.Debug|Win32.ActiveCfg = Debug|x86
		{099FF29B-954A-4208-A12C-A2121DDFB7E9}.Debug|Win32.Build.0 = Debug|x86
		{099FF29B-954A-4208-A12C-A2121DDFB7E9}.Debug|x86.ActiveCfg = Debug|x86
		{099FF29B-954A-4208-A12C-A2121DDFB7E9}.Debug|x86.Build.0 = Debug|x86
		{099FF29B-954A-4208-A12C-A2121DDFB7E9}.Debug|Xbox 360.ActiveCfg = Debug|x86
		{099FF29B-954A-4208-A12C-A2121DDFB7E9}.Release Chimera|Any CPU.ActiveCfg = Release|x86
		{099FF29B-954A-4208-A12C-A2121DDFB7E9}.Release Chimera|Any CPU.Build.0 = Release|x86
		{099FF29B-954A-4208-A12C-A2121DDFB7E9}.Release Chimera|Mixed Platforms.ActiveCfg = Release|x86
		{099FF29B-954A-4208-A12C-A2121DDFB7E9}.Release Chimera|Mixed Platforms.Build.0 = Release|x86
		{099FF29B-954A-4208-A12C-A2121DDFB7E9}.Release Chimera|Win32.ActiveCfg = Release|x86
		{099FF29B-954A-4208-A12C-A2121DDFB7E9}.Release Chimera|x86.ActiveCfg = Release|x86
		{099FF29B-954A-4208-A12C-A2121DDFB7E9}.Release Chimera|x86.Build.0 = Release|x86
		{099FF29B-954A-4208-A12C-A2121DDFB7E9}.Release Chimera|Xbox 360.ActiveCfg = Release|x86
		{099FF29B-954A-4208-A12C-A2121DDFB7E9}.Release Chimera|Xbox 360.Build.0 = Release|x86
		{099FF29B-954A-4208-A12C-A2121DDFB7E9}.Release WorldEditor|Any CPU.ActiveCfg = Release|x86
		{099FF29B-954A-4208-A12C-A2121DDFB7E9}.Release WorldEditor|Mixed Platforms.ActiveCfg = Release|x86
		{099FF29B-954A-4208-A12C-A2121DDFB7E9}.Release WorldEditor|Mixed Platforms.Build.0 = Release|x86
		{099FF29B-954A-4208-A12C-A2121DDFB7E9}.Release WorldEditor|Win32.ActiveCfg = Release|x86
		{099FF29B-954A-4208-A12C-A2121DDFB7E9}.Release WorldEditor|x86.ActiveCfg = Release|x86
		{099FF29B-954A-4208-A12C-A2121DDFB7E9}.Release WorldEditor|x86.Build.0 = Release|x86
		{099FF29B-954A-4208-A12C-A2121DDFB7E9}.Release WorldEditor|Xbox 360.ActiveCfg = Release|x86
		{099FF29B-954A-4208-A12C-A2121DDFB7E9}.Release|Any CPU.ActiveCfg = Release|x86
		{099FF29B-954A-4208-A12C-A2121DDFB7E9}.Release|Mixed Platforms.ActiveCfg = Release|x86
		{099FF29B-954A-4208-A12C-A2121DDFB7E9}.Release|Mixed Platforms.Build.0 = Release|x86
		{099FF29B-954A-4208-A12C-A2121DDFB7E9}.Release|Win32.ActiveCfg = Release|x86
		{099FF29B-954A-4208-A12C-A2121DDFB7E9}.Release|Win32.Build.0 = Release|x86
		{099FF29B-954A-4208-A12C-A2121DDFB7E9}.Release|x86.ActiveCfg = Release|x86
		{099FF29B-954A-4208-A12C-A2121DDFB7E9}.Release|x86.Build.0 = Release|x86
		{099FF29B-954A-4208-A12C-A2121DDFB7E9}.Release|Xbox 360.ActiveCfg = Release|x86
		{B68107C8-3825-47AA-BC8A-B7AA8D2902F6}.Debug Chimera|Any CPU.ActiveCfg = Debug|x86
		{B68107C8-3825-47AA-BC8A-B7AA8D2902F6}.Debug Chimera|Any CPU.Build.0 = Debug|x86
		{B68107C8-3825-47AA-BC8A-B7AA8D2902F6}.Debug Chimera|Mixed Platforms.ActiveCfg = Debug|x86
		{B68107C8-3825-47AA-BC8A-B7AA8D2902F6}.Debug Chimera|Mixed Platforms.Build.0 = Debug|x86
		{B68107C8-3825-47AA-BC8A-B7AA8D2902F6}.Debug Chimera|Win32.ActiveCfg = Debug|x86
		{B68107C8-3825-47AA-BC8A-B7AA8D2902F6}.Debug Chimera|x86.ActiveCfg = Debug|x86
		{B68107C8-3825-47AA-BC8A-B7AA8D2902F6}.Debug Chimera|x86.Build.0 = Debug|x86
		{B68107C8-3825-47AA-BC8A-B7AA8D2902F6}.Debug Chimera|Xbox 360.ActiveCfg = Debug|x86
		{B68107C8-3825-47AA-BC8A-B7AA8D2902F6}.Debug Chimera|Xbox 360.Build.0 = Debug|x86
		{B68107C8-3825-47AA-BC8A-B7AA8D2902F6}.Debug WorldEditor|Any CPU.ActiveCfg = Debug|x86
		{B68107C8-3825-47AA-BC8A-B7AA8D2902F6}.Debug WorldEditor|Any CPU.Build.0 = Debug|x86
		{B68107C8-3825-47AA-BC8A-B7AA8D2902F6}.Debug WorldEditor|Mixed Platforms.ActiveCfg = Debug|x86
		{B68107C8-3825-47AA-BC8A-B7AA8D2902F6}.Debug WorldEditor|Mixed Platforms.Build.0 = Debug|x86
		{B68107C8-3825-47AA-BC8A-B7AA8D2902F6}.Debug WorldEditor|Win32.ActiveCfg = Debug|x86
		{B68107C8-3825-47AA-BC8A-B7AA8D2902F6}.Debug WorldEditor|x86.ActiveCfg = Debug|x86
		{B68107C8-3825-47AA-BC8A-B7AA8D2902F6}.Debug WorldEditor|x86.Build.0 = Debug|x86
		{B68107C8-3825-47AA-BC8A-B7AA8D2902F6}.Debug WorldEditor|Xbox 360.ActiveCfg = Debug|x86
		{B68107C8-3825-47AA-BC8A-B7AA8D2902F6}.Debug|Any CPU.ActiveCfg = Debug|x86
		{B68107C8-3825-47AA-BC8A-B7AA8D2902F6}.Debug|Mixed Platforms.ActiveCfg = Debug|x86
		{B68107C8-3825-47AA-BC8A-B7AA8D2902F6}.Debug|Mixed Platforms.Build.0 = Debug|x86
		{B68107C8-3825-47AA-BC8A-B7AA8D2902F6}.Debug|Win32.ActiveCfg = Debug|x86
		{B68107C8-3825-47AA-BC8A-B7AA8D2902F6}.Debug|Win32.Build.0 = Debug|x86
		{B68107C8-3825-47AA-BC8A-B7AA8D2902F6}.Debug|x86.ActiveCfg = Debug|x86
		{B68107C8-3825-47AA-BC8A-B7AA8D2902F6}.Debug|x86.Build.0 = Debug|x86
		{B68107C8-3825-47AA-BC8A-B7AA8D2902F6}.Debug|Xbox 360.ActiveCfg = Debug|x86
		{B68107C8-3825-47AA-BC8A-B7AA8D2902F6}.Release Chimera|Any CPU.ActiveCfg = Release|x86
		{B68107C8-3825-47AA-BC8A-B7AA8D2902F6}.Release Chimera|Any CPU.Build.0 = Release|x86
		{B68107C8-3825-47AA-BC8A-B7AA8D2902F6}.Release Chimera|Mixed Platforms.ActiveCfg = Release|x86
		{B68107C8-3825-47AA-BC8A-B7AA8D2902F6}.Release Chimera|Mixed Platforms.Build.0 = Release|x86
		{B68107C8-3825-47AA-BC8A-B7AA8D2902F6}.Release Chimera|Win32.ActiveCfg = Release|x86
		{B68107C8-3825-47AA-BC8A-B7AA8D2902F6}.Release Chimera|x86.ActiveCfg = Release|x86
		{B68107C8-3825-47AA-BC8A-B7AA8D2902F6}.Release Chimera|x86.Build.0 = Release|x86
		{B68107C8-3825-47AA-BC8A-B7AA8D2902F6}.Release Chimera|Xbox 360.ActiveCfg = Release|x86
		{B68107C8-3825-47AA-BC8A-B7AA8D2902F6}.Release Chimera|Xbox 360.Build.0 = Release|x86
		{B68107C8-3825-47AA-BC8A-B7AA8D2902F6}.Release WorldEditor|Any CPU.ActiveCfg = Release|x86
		{B68107C8-3825-47AA-BC8A-B7AA8D2902F6}.Release WorldEditor|Any CPU.Build.0 = Release|x86
		{B68107C8-3825-47AA-BC8A-B7AA8D2902F6}.Release WorldEditor|Mixed Platforms.ActiveCfg = Release|x86
		{B68107C8-3825-47AA-BC8A-B7AA8D2902F6}.Release WorldEditor|Mixed Platforms.Build.0 = Release|x86
		{B68107C8-3825-47AA-BC8A-B7AA8D2902F6}.Release WorldEditor|Win32.ActiveCfg = Release|x86
		{B68107C8-3825-47AA-BC8A-B7AA8D2902F6}.Release WorldEditor|x86.ActiveCfg = Release|x86
		{B68107C8-3825-47AA-BC8A-B7AA8D2902F6}.Release WorldEditor|x86.Build.0 = Release|x86
		{B68107C8-3825-47AA-BC8A-B7AA8D2902F6}.Release WorldEditor|Xbox 360.ActiveCfg = Release|x86
		{B68107C8-3825-47AA-BC8A-B7AA8D2902F6}.Release|Any CPU.ActiveCfg = Release|x86
		{B68107C8-3825-47AA-BC8A-B7AA8D2902F6}.Release|Mixed Platforms.ActiveCfg = Release|x86
		{B68107C8-3825-47AA-BC8A-B7AA8D2902F6}.Release|Mixed Platforms.Build.0 = Release|x86
		{B68107C8-3825-47AA-BC8A-B7AA8D2902F6}.Release|Win32.ActiveCfg = Release|x86
		{B68107C8-3825-47AA-BC8A-B7AA8D2902F6}.Release|Win32.Build.0 = Release|x86
		{B68107C8-3825-47AA-BC8A-B7AA8D2902F6}.Release|x86.ActiveCfg = Release|x86
		{B68107C8-3825-47AA-BC8A-B7AA8D2902F6}.Release|x86.Build.0 = Release|x86
		{B68107C8-3825-47AA-BC8A-B7AA8D2902F6}.Release|Xbox 360.ActiveCfg = Release|x86
		{57C3FDF5-1889-4507-B5F1-46E6BE0F2F61}.Debug Chimera|Any CPU.ActiveCfg = Debug|Any CPU
		{57C3FDF5-1889-4507-B5F1-46E6BE0F2F61}.Debug Chimera|Mixed Platforms.ActiveCfg = Debug|x86
		{57C3FDF5-1889-4507-B5F1-46E6BE0F2F61}.Debug Chimera|Win32.ActiveCfg = Debug|Any CPU
		{57C3FDF5-1889-4507-B5F1-46E6BE0F2F61}.Debug Chimera|x86.ActiveCfg = Debug|Any CPU
		{57C3FDF5-1889-4507-B5F1-46E6BE0F2F61}.Debug Chimera|Xbox 360.ActiveCfg = Debug|Any CPU
		{57C3FDF5-1889-4507-B5F1-46E6BE0F2F61}.Debug WorldEditor|Any CPU.ActiveCfg = Debug|x86
		{57C3FDF5-1889-4507-B5F1-46E6BE0F2F61}.Debug WorldEditor|Mixed Platforms.ActiveCfg = Debug|x86
		{57C3FDF5-1889-4507-B5F1-46E6BE0F2F61}.Debug WorldEditor|Mixed Platforms.Build.0 = Debug|x86
		{57C3FDF5-1889-4507-B5F1-46E6BE0F2F61}.Debug WorldEditor|Win32.ActiveCfg = Debug|x86
		{57C3FDF5-1889-4507-B5F1-46E6BE0F2F61}.Debug WorldEditor|x86.ActiveCfg = Debug|x86
		{57C3FDF5-1889-4507-B5F1-46E6BE0F2F61}.Debug WorldEditor|x86.Build.0 = Debug|x86
		{57C3FDF5-1889-4507-B5F1-46E6BE0F2F61}.Debug WorldEditor|Xbox 360.ActiveCfg = Debug|x86
		{57C3FDF5-1889-4507-B5F1-46E6BE0F2F61}.Debug|Any CPU.ActiveCfg = Debug|Any CPU
		{57C3FDF5-1889-4507-B5F1-46E6BE0F2F61}.Debug|Any CPU.Build.0 = Debug|Any CPU
		{57C3FDF5-1889-4507-B5F1-46E6BE0F2F61}.Debug|Mixed Platforms.ActiveCfg = Debug|x86
		{57C3FDF5-1889-4507-B5F1-46E6BE0F2F61}.Debug|Mixed Platforms.Build.0 = Debug|x86
		{57C3FDF5-1889-4507-B5F1-46E6BE0F2F61}.Debug|Win32.ActiveCfg = Debug|x86
		{57C3FDF5-1889-4507-B5F1-46E6BE0F2F61}.Debug|Win32.Build.0 = Debug|x86
		{57C3FDF5-1889-4507-B5F1-46E6BE0F2F61}.Debug|x86.ActiveCfg = Debug|x86
		{57C3FDF5-1889-4507-B5F1-46E6BE0F2F61}.Debug|x86.Build.0 = Debug|x86
		{57C3FDF5-1889-4507-B5F1-46E6BE0F2F61}.Debug|Xbox 360.ActiveCfg = Debug|Any CPU
		{57C3FDF5-1889-4507-B5F1-46E6BE0F2F61}.Release Chimera|Any CPU.ActiveCfg = Release|Any CPU
		{57C3FDF5-1889-4507-B5F1-46E6BE0F2F61}.Release Chimera|Mixed Platforms.ActiveCfg = Release|Any CPU
		{57C3FDF5-1889-4507-B5F1-46E6BE0F2F61}.Release Chimera|Win32.ActiveCfg = Release|Any CPU
		{57C3FDF5-1889-4507-B5F1-46E6BE0F2F61}.Release Chimera|x86.ActiveCfg = Release|Any CPU
		{57C3FDF5-1889-4507-B5F1-46E6BE0F2F61}.Release Chimera|Xbox 360.ActiveCfg = Release|Any CPU
		{57C3FDF5-1889-4507-B5F1-46E6BE0F2F61}.Release WorldEditor|Any CPU.ActiveCfg = Release|x86
		{57C3FDF5-1889-4507-B5F1-46E6BE0F2F61}.Release WorldEditor|Mixed Platforms.ActiveCfg = Release|x86
		{57C3FDF5-1889-4507-B5F1-46E6BE0F2F61}.Release WorldEditor|Mixed Platforms.Build.0 = Release|x86
		{57C3FDF5-1889-4507-B5F1-46E6BE0F2F61}.Release WorldEditor|Win32.ActiveCfg = Release|x86
		{57C3FDF5-1889-4507-B5F1-46E6BE0F2F61}.Release WorldEditor|x86.ActiveCfg = Release|x86
		{57C3FDF5-1889-4507-B5F1-46E6BE0F2F61}.Release WorldEditor|x86.Build.0 = Release|x86
		{57C3FDF5-1889-4507-B5F1-46E6BE0F2F61}.Release WorldEditor|Xbox 360.ActiveCfg = Release|x86
		{57C3FDF5-1889-4507-B5F1-46E6BE0F2F61}.Release|Any CPU.ActiveCfg = Release|Any CPU
		{57C3FDF5-1889-4507-B5F1-46E6BE0F2F61}.Release|Any CPU.Build.0 = Release|Any CPU
		{57C3FDF5-1889-4507-B5F1-46E6BE0F2F61}.Release|Mixed Platforms.ActiveCfg = Release|x86
		{57C3FDF5-1889-4507-B5F1-46E6BE0F2F61}.Release|Mixed Platforms.Build.0 = Release|x86
		{57C3FDF5-1889-4507-B5F1-46E6BE0F2F61}.Release|Win32.ActiveCfg = Release|x86
		{57C3FDF5-1889-4507-B5F1-46E6BE0F2F61}.Release|Win32.Build.0 = Release|x86
		{57C3FDF5-1889-4507-B5F1-46E6BE0F2F61}.Release|x86.ActiveCfg = Release|x86
		{57C3FDF5-1889-4507-B5F1-46E6BE0F2F61}.Release|x86.Build.0 = Release|x86
		{57C3FDF5-1889-4507-B5F1-46E6BE0F2F61}.Release|Xbox 360.ActiveCfg = Release|Any CPU
		{EBF58AE6-887D-480A-B693-4DCB2C02CB8D}.Debug Chimera|Any CPU.ActiveCfg = Debug|x86
		{EBF58AE6-887D-480A-B693-4DCB2C02CB8D}.Debug Chimera|Any CPU.Build.0 = Debug|x86
		{EBF58AE6-887D-480A-B693-4DCB2C02CB8D}.Debug Chimera|Mixed Platforms.ActiveCfg = Debug|x86
		{EBF58AE6-887D-480A-B693-4DCB2C02CB8D}.Debug Chimera|Mixed Platforms.Build.0 = Debug|x86
		{EBF58AE6-887D-480A-B693-4DCB2C02CB8D}.Debug Chimera|Win32.ActiveCfg = Debug|x86
		{EBF58AE6-887D-480A-B693-4DCB2C02CB8D}.Debug Chimera|x86.ActiveCfg = Debug|x86
		{EBF58AE6-887D-480A-B693-4DCB2C02CB8D}.Debug Chimera|x86.Build.0 = Debug|x86
		{EBF58AE6-887D-480A-B693-4DCB2C02CB8D}.Debug Chimera|Xbox 360.ActiveCfg = Debug|x86
		{EBF58AE6-887D-480A-B693-4DCB2C02CB8D}.Debug Chimera|Xbox 360.Build.0 = Debug|x86
		{EBF58AE6-887D-480A-B693-4DCB2C02CB8D}.Debug WorldEditor|Any CPU.ActiveCfg = Debug|x86
		{EBF58AE6-887D-480A-B693-4DCB2C02CB8D}.Debug WorldEditor|Any CPU.Build.0 = Debug|x86
		{EBF58AE6-887D-480A-B693-4DCB2C02CB8D}.Debug WorldEditor|Mixed Platforms.ActiveCfg = Debug|x86
		{EBF58AE6-887D-480A-B693-4DCB2C02CB8D}.Debug WorldEditor|Mixed Platforms.Build.0 = Debug|x86
		{EBF58AE6-887D-480A-B693-4DCB2C02CB8D}.Debug WorldEditor|Win32.ActiveCfg = Debug|x86
		{EBF58AE6-887D-480A-B693-4DCB2C02CB8D}.Debug WorldEditor|x86.ActiveCfg = Debug|x86
		{EBF58AE6-887D-480A-B693-4DCB2C02CB8D}.Debug WorldEditor|x86.Build.0 = Debug|x86
		{EBF58AE6-887D-480A-B693-4DCB2C02CB8D}.Debug WorldEditor|Xbox 360.ActiveCfg = Debug|x86
		{EBF58AE6-887D-480A-B693-4DCB2C02CB8D}.Debug|Any CPU.ActiveCfg = Debug|x86
		{EBF58AE6-887D-480A-B693-4DCB2C02CB8D}.Debug|Mixed Platforms.ActiveCfg = Debug|x86
		{EBF58AE6-887D-480A-B693-4DCB2C02CB8D}.Debug|Mixed Platforms.Build.0 = Debug|x86
		{EBF58AE6-887D-480A-B693-4DCB2C02CB8D}.Debug|Win32.ActiveCfg = Debug|x86
		{EBF58AE6-887D-480A-B693-4DCB2C02CB8D}.Debug|Win32.Build.0 = Debug|x86
		{EBF58AE6-887D-480A-B693-4DCB2C02CB8D}.Debug|x86.ActiveCfg = Debug|x86
		{EBF58AE6-887D-480A-B693-4DCB2C02CB8D}.Debug|x86.Build.0 = Debug|x86
		{EBF58AE6-887D-480A-B693-4DCB2C02CB8D}.Debug|Xbox 360.ActiveCfg = Debug|x86
		{EBF58AE6-887D-480A-B693-4DCB2C02CB8D}.Release Chimera|Any CPU.ActiveCfg = Release|x86
		{EBF58AE6-887D-480A-B693-4DCB2C02CB8D}.Release Chimera|Any CPU.Build.0 = Release|x86
		{EBF58AE6-887D-480A-B693-4DCB2C02CB8D}.Release Chimera|Mixed Platforms.ActiveCfg = Release|x86
		{EBF58AE6-887D-480A-B693-4DCB2C02CB8D}.Release Chimera|Mixed Platforms.Build.0 = Release|x86
		{EBF58AE6-887D-480A-B693-4DCB2C02CB8D}.Release Chimera|Win32.ActiveCfg = Release|x86
		{EBF58AE6-887D-480A-B693-4DCB2C02CB8D}.Release Chimera|x86.ActiveCfg = Release|x86
		{EBF58AE6-887D-480A-B693-4DCB2C02CB8D}.Release Chimera|x86.Build.0 = Release|x86
		{EBF58AE6-887D-480A-B693-4DCB2C02CB8D}.Release Chimera|Xbox 360.ActiveCfg = Release|x86
		{EBF58AE6-887D-480A-B693-4DCB2C02CB8D}.Release Chimera|Xbox 360.Build.0 = Release|x86
		{EBF58AE6-887D-480A-B693-4DCB2C02CB8D}.Release WorldEditor|Any CPU.ActiveCfg = Release|x86
		{EBF58AE6-887D-480A-B693-4DCB2C02CB8D}.Release WorldEditor|Any CPU.Build.0 = Release|x86
		{EBF58AE6-887D-480A-B693-4DCB2C02CB8D}.Release WorldEditor|Mixed Platforms.ActiveCfg = Release|x86
		{EBF58AE6-887D-480A-B693-4DCB2C02CB8D}.Release WorldEditor|Mixed Platforms.Build.0 = Release|x86
		{EBF58AE6-887D-480A-B693-4DCB2C02CB8D}.Release WorldEditor|Win32.ActiveCfg = Release|x86
		{EBF58AE6-887D-480A-B693-4DCB2C02CB8D}.Release WorldEditor|x86.ActiveCfg = Release|x86
		{EBF58AE6-887D-480A-B693-4DCB2C02CB8D}.Release WorldEditor|x86.Build.0 = Release|x86
		{EBF58AE6-887D-480A-B693-4DCB2C02CB8D}.Release WorldEditor|Xbox 360.ActiveCfg = Release|x86
		{EBF58AE6-887D-480A-B693-4DCB2C02CB8D}.Release|Any CPU.ActiveCfg = Release|x86
		{EBF58AE6-887D-480A-B693-4DCB2C02CB8D}.Release|Mixed Platforms.ActiveCfg = Release|x86
		{EBF58AE6-887D-480A-B693-4DCB2C02CB8D}.Release|Mixed Platforms.Build.0 = Release|x86
		{EBF58AE6-887D-480A-B693-4DCB2C02CB8D}.Release|Win32.ActiveCfg = Release|x86
		{EBF58AE6-887D-480A-B693-4DCB2C02CB8D}.Release|Win32.Build.0 = Release|x86
		{EBF58AE6-887D-480A-B693-4DCB2C02CB8D}.Release|x86.ActiveCfg = Release|x86
		{EBF58AE6-887D-480A-B693-4DCB2C02CB8D}.Release|x86.Build.0 = Release|x86
		{EBF58AE6-887D-480A-B693-4DCB2C02CB8D}.Release|Xbox 360.ActiveCfg = Release|x86
		{3025FC73-AEC9-489F-96EF-BC52CCE64CEC}.Debug Chimera|Any CPU.ActiveCfg = Debug|x86
		{3025FC73-AEC9-489F-96EF-BC52CCE64CEC}.Debug Chimera|Any CPU.Build.0 = Debug|x86
		{3025FC73-AEC9-489F-96EF-BC52CCE64CEC}.Debug Chimera|Mixed Platforms.ActiveCfg = Debug|x86
		{3025FC73-AEC9-489F-96EF-BC52CCE64CEC}.Debug Chimera|Mixed Platforms.Build.0 = Debug|x86
		{3025FC73-AEC9-489F-96EF-BC52CCE64CEC}.Debug Chimera|Win32.ActiveCfg = Debug|x86
		{3025FC73-AEC9-489F-96EF-BC52CCE64CEC}.Debug Chimera|x86.ActiveCfg = Debug|x86
		{3025FC73-AEC9-489F-96EF-BC52CCE64CEC}.Debug Chimera|x86.Build.0 = Debug|x86
		{3025FC73-AEC9-489F-96EF-BC52CCE64CEC}.Debug Chimera|Xbox 360.ActiveCfg = Debug|x86
		{3025FC73-AEC9-489F-96EF-BC52CCE64CEC}.Debug Chimera|Xbox 360.Build.0 = Debug|x86
		{3025FC73-AEC9-489F-96EF-BC52CCE64CEC}.Debug WorldEditor|Any CPU.ActiveCfg = Debug|x86
		{3025FC73-AEC9-489F-96EF-BC52CCE64CEC}.Debug WorldEditor|Any CPU.Build.0 = Debug|x86
		{3025FC73-AEC9-489F-96EF-BC52CCE64CEC}.Debug WorldEditor|Mixed Platforms.ActiveCfg = Debug|x86
		{3025FC73-AEC9-489F-96EF-BC52CCE64CEC}.Debug WorldEditor|Mixed Platforms.Build.0 = Debug|x86
		{3025FC73-AEC9-489F-96EF-BC52CCE64CEC}.Debug WorldEditor|Win32.ActiveCfg = Debug|x86
		{3025FC73-AEC9-489F-96EF-BC52CCE64CEC}.Debug WorldEditor|x86.ActiveCfg = Debug|x86
		{3025FC73-AEC9-489F-96EF-BC52CCE64CEC}.Debug WorldEditor|x86.Build.0 = Debug|x86
		{3025FC73-AEC9-489F-96EF-BC52CCE64CEC}.Debug WorldEditor|Xbox 360.ActiveCfg = Debug|x86
		{3025FC73-AEC9-489F-96EF-BC52CCE64CEC}.Debug WorldEditor|Xbox 360.Build.0 = Debug|x86
		{3025FC73-AEC9-489F-96EF-BC52CCE64CEC}.Debug|Any CPU.ActiveCfg = Debug|x86
		{3025FC73-AEC9-489F-96EF-BC52CCE64CEC}.Debug|Mixed Platforms.ActiveCfg = Debug|x86
		{3025FC73-AEC9-489F-96EF-BC52CCE64CEC}.Debug|Mixed Platforms.Build.0 = Debug|x86
		{3025FC73-AEC9-489F-96EF-BC52CCE64CEC}.Debug|Win32.ActiveCfg = Debug|x86
		{3025FC73-AEC9-489F-96EF-BC52CCE64CEC}.Debug|Win32.Build.0 = Debug|x86
		{3025FC73-AEC9-489F-96EF-BC52CCE64CEC}.Debug|x86.ActiveCfg = Debug|x86
		{3025FC73-AEC9-489F-96EF-BC52CCE64CEC}.Debug|x86.Build.0 = Debug|x86
		{3025FC73-AEC9-489F-96EF-BC52CCE64CEC}.Debug|Xbox 360.ActiveCfg = Debug|x86
		{3025FC73-AEC9-489F-96EF-BC52CCE64CEC}.Release Chimera|Any CPU.ActiveCfg = Release|x86
		{3025FC73-AEC9-489F-96EF-BC52CCE64CEC}.Release Chimera|Any CPU.Build.0 = Release|x86
		{3025FC73-AEC9-489F-96EF-BC52CCE64CEC}.Release Chimera|Mixed Platforms.ActiveCfg = Release|x86
		{3025FC73-AEC9-489F-96EF-BC52CCE64CEC}.Release Chimera|Mixed Platforms.Build.0 = Release|x86
		{3025FC73-AEC9-489F-96EF-BC52CCE64CEC}.Release Chimera|Win32.ActiveCfg = Release|x86
		{3025FC73-AEC9-489F-96EF-BC52CCE64CEC}.Release Chimera|x86.ActiveCfg = Release|x86
		{3025FC73-AEC9-489F-96EF-BC52CCE64CEC}.Release Chimera|x86.Build.0 = Release|x86
		{3025FC73-AEC9-489F-96EF-BC52CCE64CEC}.Release Chimera|Xbox 360.ActiveCfg = Release|x86
		{3025FC73-AEC9-489F-96EF-BC52CCE64CEC}.Release Chimera|Xbox 360.Build.0 = Release|x86
		{3025FC73-AEC9-489F-96EF-BC52CCE64CEC}.Release WorldEditor|Any CPU.ActiveCfg = Release|x86
		{3025FC73-AEC9-489F-96EF-BC52CCE64CEC}.Release WorldEditor|Any CPU.Build.0 = Release|x86
		{3025FC73-AEC9-489F-96EF-BC52CCE64CEC}.Release WorldEditor|Mixed Platforms.ActiveCfg = Release|x86
		{3025FC73-AEC9-489F-96EF-BC52CCE64CEC}.Release WorldEditor|Mixed Platforms.Build.0 = Release|x86
		{3025FC73-AEC9-489F-96EF-BC52CCE64CEC}.Release WorldEditor|Win32.ActiveCfg = Release|x86
		{3025FC73-AEC9-489F-96EF-BC52CCE64CEC}.Release WorldEditor|x86.ActiveCfg = Release|x86
		{3025FC73-AEC9-489F-96EF-BC52CCE64CEC}.Release WorldEditor|x86.Build.0 = Release|x86
		{3025FC73-AEC9-489F-96EF-BC52CCE64CEC}.Release WorldEditor|Xbox 360.ActiveCfg = Release|x86
		{3025FC73-AEC9-489F-96EF-BC52CCE64CEC}.Release WorldEditor|Xbox 360.Build.0 = Release|x86
		{3025FC73-AEC9-489F-96EF-BC52CCE64CEC}.Release|Any CPU.ActiveCfg = Release|x86
		{3025FC73-AEC9-489F-96EF-BC52CCE64CEC}.Release|Mixed Platforms.ActiveCfg = Release|x86
		{3025FC73-AEC9-489F-96EF-BC52CCE64CEC}.Release|Mixed Platforms.Build.0 = Release|x86
		{3025FC73-AEC9-489F-96EF-BC52CCE64CEC}.Release|Win32.ActiveCfg = Release|x86
		{3025FC73-AEC9-489F-96EF-BC52CCE64CEC}.Release|Win32.Build.0 = Release|x86
		{3025FC73-AEC9-489F-96EF-BC52CCE64CEC}.Release|x86.ActiveCfg = Release|x86
		{3025FC73-AEC9-489F-96EF-BC52CCE64CEC}.Release|x86.Build.0 = Release|x86
		{3025FC73-AEC9-489F-96EF-BC52CCE64CEC}.Release|Xbox 360.ActiveCfg = Release|x86
		{139489C1-1090-405C-BF73-2430D4BD5FC1}.Debug Chimera|Any CPU.ActiveCfg = Debug|x86
		{139489C1-1090-405C-BF73-2430D4BD5FC1}.Debug Chimera|Mixed Platforms.ActiveCfg = Debug|x86
		{139489C1-1090-405C-BF73-2430D4BD5FC1}.Debug Chimera|Mixed Platforms.Build.0 = Debug|x86
		{139489C1-1090-405C-BF73-2430D4BD5FC1}.Debug Chimera|Win32.ActiveCfg = Debug|x86
		{139489C1-1090-405C-BF73-2430D4BD5FC1}.Debug Chimera|x86.ActiveCfg = Debug|x86
		{139489C1-1090-405C-BF73-2430D4BD5FC1}.Debug Chimera|x86.Build.0 = Debug|x86
		{139489C1-1090-405C-BF73-2430D4BD5FC1}.Debug Chimera|Xbox 360.ActiveCfg = Debug|x86
		{139489C1-1090-405C-BF73-2430D4BD5FC1}.Debug WorldEditor|Any CPU.ActiveCfg = Debug|x86
		{139489C1-1090-405C-BF73-2430D4BD5FC1}.Debug WorldEditor|Any CPU.Build.0 = Debug|x86
		{139489C1-1090-405C-BF73-2430D4BD5FC1}.Debug WorldEditor|Mixed Platforms.ActiveCfg = Debug|x86
		{139489C1-1090-405C-BF73-2430D4BD5FC1}.Debug WorldEditor|Mixed Platforms.Build.0 = Debug|x86
		{139489C1-1090-405C-BF73-2430D4BD5FC1}.Debug WorldEditor|Win32.ActiveCfg = Debug|x86
		{139489C1-1090-405C-BF73-2430D4BD5FC1}.Debug WorldEditor|x86.ActiveCfg = Debug|x86
		{139489C1-1090-405C-BF73-2430D4BD5FC1}.Debug WorldEditor|x86.Build.0 = Debug|x86
		{139489C1-1090-405C-BF73-2430D4BD5FC1}.Debug WorldEditor|Xbox 360.ActiveCfg = Debug|x86
		{139489C1-1090-405C-BF73-2430D4BD5FC1}.Debug|Any CPU.ActiveCfg = Debug|x86
		{139489C1-1090-405C-BF73-2430D4BD5FC1}.Debug|Mixed Platforms.ActiveCfg = Debug|x86
		{139489C1-1090-405C-BF73-2430D4BD5FC1}.Debug|Mixed Platforms.Build.0 = Debug|x86
		{139489C1-1090-405C-BF73-2430D4BD5FC1}.Debug|Win32.ActiveCfg = Debug|x86
		{139489C1-1090-405C-BF73-2430D4BD5FC1}.Debug|Win32.Build.0 = Debug|x86
		{139489C1-1090-405C-BF73-2430D4BD5FC1}.Debug|x86.ActiveCfg = Debug|x86
		{139489C1-1090-405C-BF73-2430D4BD5FC1}.Debug|x86.Build.0 = Debug|x86
		{139489C1-1090-405C-BF73-2430D4BD5FC1}.Debug|Xbox 360.ActiveCfg = Debug|x86
		{139489C1-1090-405C-BF73-2430D4BD5FC1}.Release Chimera|Any CPU.ActiveCfg = Release|x86
		{139489C1-1090-405C-BF73-2430D4BD5FC1}.Release Chimera|Mixed Platforms.ActiveCfg = Release|x86
		{139489C1-1090-405C-BF73-2430D4BD5FC1}.Release Chimera|Mixed Platforms.Build.0 = Release|x86
		{139489C1-1090-405C-BF73-2430D4BD5FC1}.Release Chimera|Win32.ActiveCfg = Release|x86
		{139489C1-1090-405C-BF73-2430D4BD5FC1}.Release Chimera|x86.ActiveCfg = Release|x86
		{139489C1-1090-405C-BF73-2430D4BD5FC1}.Release Chimera|x86.Build.0 = Release|x86
		{139489C1-1090-405C-BF73-2430D4BD5FC1}.Release Chimera|Xbox 360.ActiveCfg = Release|x86
		{139489C1-1090-405C-BF73-2430D4BD5FC1}.Release WorldEditor|Any CPU.ActiveCfg = Release|x86
		{139489C1-1090-405C-BF73-2430D4BD5FC1}.Release WorldEditor|Any CPU.Build.0 = Release|x86
		{139489C1-1090-405C-BF73-2430D4BD5FC1}.Release WorldEditor|Mixed Platforms.ActiveCfg = Release|x86
		{139489C1-1090-405C-BF73-2430D4BD5FC1}.Release WorldEditor|Mixed Platforms.Build.0 = Release|x86
		{139489C1-1090-405C-BF73-2430D4BD5FC1}.Release WorldEditor|Win32.ActiveCfg = Release|x86
		{139489C1-1090-405C-BF73-2430D4BD5FC1}.Release WorldEditor|x86.ActiveCfg = Release|x86
		{139489C1-1090-405C-BF73-2430D4BD5FC1}.Release WorldEditor|x86.Build.0 = Release|x86
		{139489C1-1090-405C-BF73-2430D4BD5FC1}.Release WorldEditor|Xbox 360.ActiveCfg = Release|x86
		{139489C1-1090-405C-BF73-2430D4BD5FC1}.Release|Any CPU.ActiveCfg = Release|x86
		{139489C1-1090-405C-BF73-2430D4BD5FC1}.Release|Mixed Platforms.ActiveCfg = Release|x86
		{139489C1-1090-405C-BF73-2430D4BD5FC1}.Release|Mixed Platforms.Build.0 = Release|x86
		{139489C1-1090-405C-BF73-2430D4BD5FC1}.Release|Win32.ActiveCfg = Release|x86
		{139489C1-1090-405C-BF73-2430D4BD5FC1}.Release|Win32.Build.0 = Release|x86
		{139489C1-1090-405C-BF73-2430D4BD5FC1}.Release|x86.ActiveCfg = Release|x86
		{139489C1-1090-405C-BF73-2430D4BD5FC1}.Release|x86.Build.0 = Release|x86
		{139489C1-1090-405C-BF73-2430D4BD5FC1}.Release|Xbox 360.ActiveCfg = Release|x86
		{A2B93EFB-0D0C-455B-B1BB-176C336EE60D}.Debug Chimera|Any CPU.ActiveCfg = Debug|x86
		{A2B93EFB-0D0C-455B-B1BB-176C336EE60D}.Debug Chimera|Any CPU.Build.0 = Debug|x86
		{A2B93EFB-0D0C-455B-B1BB-176C336EE60D}.Debug Chimera|Mixed Platforms.ActiveCfg = Debug|x86
		{A2B93EFB-0D0C-455B-B1BB-176C336EE60D}.Debug Chimera|Mixed Platforms.Build.0 = Debug|x86
		{A2B93EFB-0D0C-455B-B1BB-176C336EE60D}.Debug Chimera|Win32.ActiveCfg = Debug|x86
		{A2B93EFB-0D0C-455B-B1BB-176C336EE60D}.Debug Chimera|x86.ActiveCfg = Debug|x86
		{A2B93EFB-0D0C-455B-B1BB-176C336EE60D}.Debug Chimera|x86.Build.0 = Debug|x86
		{A2B93EFB-0D0C-455B-B1BB-176C336EE60D}.Debug Chimera|Xbox 360.ActiveCfg = Debug|x86
		{A2B93EFB-0D0C-455B-B1BB-176C336EE60D}.Debug WorldEditor|Any CPU.ActiveCfg = Debug|x86
		{A2B93EFB-0D0C-455B-B1BB-176C336EE60D}.Debug WorldEditor|Any CPU.Build.0 = Debug|x86
		{A2B93EFB-0D0C-455B-B1BB-176C336EE60D}.Debug WorldEditor|Mixed Platforms.ActiveCfg = Debug|x86
		{A2B93EFB-0D0C-455B-B1BB-176C336EE60D}.Debug WorldEditor|Mixed Platforms.Build.0 = Debug|x86
		{A2B93EFB-0D0C-455B-B1BB-176C336EE60D}.Debug WorldEditor|Win32.ActiveCfg = Debug|x86
		{A2B93EFB-0D0C-455B-B1BB-176C336EE60D}.Debug WorldEditor|x86.ActiveCfg = Debug|x86
		{A2B93EFB-0D0C-455B-B1BB-176C336EE60D}.Debug WorldEditor|x86.Build.0 = Debug|x86
		{A2B93EFB-0D0C-455B-B1BB-176C336EE60D}.Debug WorldEditor|Xbox 360.ActiveCfg = Debug|x86
		{A2B93EFB-0D0C-455B-B1BB-176C336EE60D}.Debug|Any CPU.ActiveCfg = Debug|x86
		{A2B93EFB-0D0C-455B-B1BB-176C336EE60D}.Debug|Mixed Platforms.ActiveCfg = Debug|x86
		{A2B93EFB-0D0C-455B-B1BB-176C336EE60D}.Debug|Mixed Platforms.Build.0 = Debug|x86
		{A2B93EFB-0D0C-455B-B1BB-176C336EE60D}.Debug|Win32.ActiveCfg = Debug|x86
		{A2B93EFB-0D0C-455B-B1BB-176C336EE60D}.Debug|Win32.Build.0 = Debug|x86
		{A2B93EFB-0D0C-455B-B1BB-176C336EE60D}.Debug|x86.ActiveCfg = Debug|x86
		{A2B93EFB-0D0C-455B-B1BB-176C336EE60D}.Debug|x86.Build.0 = Debug|x86
		{A2B93EFB-0D0C-455B-B1BB-176C336EE60D}.Debug|Xbox 360.ActiveCfg = Debug|x86
		{A2B93EFB-0D0C-455B-B1BB-176C336EE60D}.Release Chimera|Any CPU.ActiveCfg = Release|x86
		{A2B93EFB-0D0C-455B-B1BB-176C336EE60D}.Release Chimera|Any CPU.Build.0 = Release|x86
		{A2B93EFB-0D0C-455B-B1BB-176C336EE60D}.Release Chimera|Mixed Platforms.ActiveCfg = Release|x86
		{A2B93EFB-0D0C-455B-B1BB-176C336EE60D}.Release Chimera|Mixed Platforms.Build.0 = Release|x86
		{A2B93EFB-0D0C-455B-B1BB-176C336EE60D}.Release Chimera|Win32.ActiveCfg = Release|x86
		{A2B93EFB-0D0C-455B-B1BB-176C336EE60D}.Release Chimera|x86.ActiveCfg = Release|x86
		{A2B93EFB-0D0C-455B-B1BB-176C336EE60D}.Release Chimera|x86.Build.0 = Release|x86
		{A2B93EFB-0D0C-455B-B1BB-176C336EE60D}.Release Chimera|Xbox 360.ActiveCfg = Release|x86
		{A2B93EFB-0D0C-455B-B1BB-176C336EE60D}.Release WorldEditor|Any CPU.ActiveCfg = Release|x86
		{A2B93EFB-0D0C-455B-B1BB-176C336EE60D}.Release WorldEditor|Any CPU.Build.0 = Release|x86
		{A2B93EFB-0D0C-455B-B1BB-176C336EE60D}.Release WorldEditor|Mixed Platforms.ActiveCfg = Release|x86
		{A2B93EFB-0D0C-455B-B1BB-176C336EE60D}.Release WorldEditor|Mixed Platforms.Build.0 = Release|x86
		{A2B93EFB-0D0C-455B-B1BB-176C336EE60D}.Release WorldEditor|Win32.ActiveCfg = Release|x86
		{A2B93EFB-0D0C-455B-B1BB-176C336EE60D}.Release WorldEditor|x86.ActiveCfg = Release|x86
		{A2B93EFB-0D0C-455B-B1BB-176C336EE60D}.Release WorldEditor|x86.Build.0 = Release|x86
		{A2B93EFB-0D0C-455B-B1BB-176C336EE60D}.Release WorldEditor|Xbox 360.ActiveCfg = Release|x86
		{A2B93EFB-0D0C-455B-B1BB-176C336EE60D}.Release|Any CPU.ActiveCfg = Release|x86
		{A2B93EFB-0D0C-455B-B1BB-176C336EE60D}.Release|Mixed Platforms.ActiveCfg = Release|x86
		{A2B93EFB-0D0C-455B-B1BB-176C336EE60D}.Release|Mixed Platforms.Build.0 = Release|x86
		{A2B93EFB-0D0C-455B-B1BB-176C336EE60D}.Release|Win32.ActiveCfg = Release|x86
		{A2B93EFB-0D0C-455B-B1BB-176C336EE60D}.Release|Win32.Build.0 = Release|x86
		{A2B93EFB-0D0C-455B-B1BB-176C336EE60D}.Release|x86.ActiveCfg = Release|x86
		{A2B93EFB-0D0C-455B-B1BB-176C336EE60D}.Release|x86.Build.0 = Release|x86
		{A2B93EFB-0D0C-455B-B1BB-176C336EE60D}.Release|Xbox 360.ActiveCfg = Release|x86
		{DDBC472F-F07E-420A-9AD7-31C03422F337}.Debug Chimera|Any CPU.ActiveCfg = Debug|x86
		{DDBC472F-F07E-420A-9AD7-31C03422F337}.Debug Chimera|Mixed Platforms.ActiveCfg = Debug|x86
		{DDBC472F-F07E-420A-9AD7-31C03422F337}.Debug Chimera|Win32.ActiveCfg = Debug|x86
		{DDBC472F-F07E-420A-9AD7-31C03422F337}.Debug Chimera|x86.ActiveCfg = Debug|x86
		{DDBC472F-F07E-420A-9AD7-31C03422F337}.Debug Chimera|Xbox 360.ActiveCfg = Debug|x86
		{DDBC472F-F07E-420A-9AD7-31C03422F337}.Debug WorldEditor|Any CPU.ActiveCfg = Debug|x86
		{DDBC472F-F07E-420A-9AD7-31C03422F337}.Debug WorldEditor|Mixed Platforms.ActiveCfg = Debug|x86
		{DDBC472F-F07E-420A-9AD7-31C03422F337}.Debug WorldEditor|Win32.ActiveCfg = Debug|x86
		{DDBC472F-F07E-420A-9AD7-31C03422F337}.Debug WorldEditor|x86.ActiveCfg = Debug|x86
		{DDBC472F-F07E-420A-9AD7-31C03422F337}.Debug WorldEditor|Xbox 360.ActiveCfg = Debug|x86
		{DDBC472F-F07E-420A-9AD7-31C03422F337}.Debug|Any CPU.ActiveCfg = Debug|x86
		{DDBC472F-F07E-420A-9AD7-31C03422F337}.Debug|Mixed Platforms.ActiveCfg = Debug|x86
		{DDBC472F-F07E-420A-9AD7-31C03422F337}.Debug|Win32.ActiveCfg = Debug|x86
		{DDBC472F-F07E-420A-9AD7-31C03422F337}.Debug|x86.ActiveCfg = Debug|x86
		{DDBC472F-F07E-420A-9AD7-31C03422F337}.Debug|Xbox 360.ActiveCfg = Debug|x86
		{DDBC472F-F07E-420A-9AD7-31C03422F337}.Release Chimera|Any CPU.ActiveCfg = Release|x86
		{DDBC472F-F07E-420A-9AD7-31C03422F337}.Release Chimera|Mixed Platforms.ActiveCfg = Release|x86
		{DDBC472F-F07E-420A-9AD7-31C03422F337}.Release Chimera|Win32.ActiveCfg = Release|x86
		{DDBC472F-F07E-420A-9AD7-31C03422F337}.Release Chimera|x86.ActiveCfg = Release|x86
		{DDBC472F-F07E-420A-9AD7-31C03422F337}.Release Chimera|Xbox 360.ActiveCfg = Release|x86
		{DDBC472F-F07E-420A-9AD7-31C03422F337}.Release WorldEditor|Any CPU.ActiveCfg = Release|x86
		{DDBC472F-F07E-420A-9AD7-31C03422F337}.Release WorldEditor|Mixed Platforms.ActiveCfg = Release|x86
		{DDBC472F-F07E-420A-9AD7-31C03422F337}.Release WorldEditor|Win32.ActiveCfg = Release|x86
		{DDBC472F-F07E-420A-9AD7-31C03422F337}.Release WorldEditor|x86.ActiveCfg = Release|x86
		{DDBC472F-F07E-420A-9AD7-31C03422F337}.Release WorldEditor|Xbox 360.ActiveCfg = Release|x86
		{DDBC472F-F07E-420A-9AD7-31C03422F337}.Release|Any CPU.ActiveCfg = Release|x86
		{DDBC472F-F07E-420A-9AD7-31C03422F337}.Release|Mixed Platforms.ActiveCfg = Release|x86
		{DDBC472F-F07E-420A-9AD7-31C03422F337}.Release|Win32.ActiveCfg = Release|x86
		{DDBC472F-F07E-420A-9AD7-31C03422F337}.Release|x86.ActiveCfg = Release|x86
		{DDBC472F-F07E-420A-9AD7-31C03422F337}.Release|Xbox 360.ActiveCfg = Release|x86
		{8D59AE53-4C2F-4917-8BB2-611C09A3B9D1}.Debug Chimera|Any CPU.ActiveCfg = Debug|Any CPU
		{8D59AE53-4C2F-4917-8BB2-611C09A3B9D1}.Debug Chimera|Mixed Platforms.ActiveCfg = Debug|Any CPU
		{8D59AE53-4C2F-4917-8BB2-611C09A3B9D1}.Debug Chimera|Win32.ActiveCfg = Debug|Any CPU
		{8D59AE53-4C2F-4917-8BB2-611C09A3B9D1}.Debug Chimera|x86.ActiveCfg = Debug|Any CPU
		{8D59AE53-4C2F-4917-8BB2-611C09A3B9D1}.Debug Chimera|Xbox 360.ActiveCfg = Debug|Any CPU
		{8D59AE53-4C2F-4917-8BB2-611C09A3B9D1}.Debug WorldEditor|Any CPU.ActiveCfg = Debug|Any CPU
		{8D59AE53-4C2F-4917-8BB2-611C09A3B9D1}.Debug WorldEditor|Mixed Platforms.ActiveCfg = Debug|Any CPU
		{8D59AE53-4C2F-4917-8BB2-611C09A3B9D1}.Debug WorldEditor|Win32.ActiveCfg = Debug|Any CPU
		{8D59AE53-4C2F-4917-8BB2-611C09A3B9D1}.Debug WorldEditor|x86.ActiveCfg = Debug|Any CPU
		{8D59AE53-4C2F-4917-8BB2-611C09A3B9D1}.Debug WorldEditor|Xbox 360.ActiveCfg = Debug|Any CPU
		{8D59AE53-4C2F-4917-8BB2-611C09A3B9D1}.Debug|Any CPU.ActiveCfg = Debug|Any CPU
		{8D59AE53-4C2F-4917-8BB2-611C09A3B9D1}.Debug|Mixed Platforms.ActiveCfg = Debug|Any CPU
		{8D59AE53-4C2F-4917-8BB2-611C09A3B9D1}.Debug|Win32.ActiveCfg = Debug|Any CPU
		{8D59AE53-4C2F-4917-8BB2-611C09A3B9D1}.Debug|x86.ActiveCfg = Debug|Any CPU
		{8D59AE53-4C2F-4917-8BB2-611C09A3B9D1}.Debug|Xbox 360.ActiveCfg = Debug|Any CPU
		{8D59AE53-4C2F-4917-8BB2-611C09A3B9D1}.Release Chimera|Any CPU.ActiveCfg = Debug|Any CPU
		{8D59AE53-4C2F-4917-8BB2-611C09A3B9D1}.Release Chimera|Mixed Platforms.ActiveCfg = Debug|Any CPU
		{8D59AE53-4C2F-4917-8BB2-611C09A3B9D1}.Release Chimera|Win32.ActiveCfg = Debug|Any CPU
		{8D59AE53-4C2F-4917-8BB2-611C09A3B9D1}.Release Chimera|x86.ActiveCfg = Debug|Any CPU
		{8D59AE53-4C2F-4917-8BB2-611C09A3B9D1}.Release Chimera|Xbox 360.ActiveCfg = Debug|Any CPU
		{8D59AE53-4C2F-4917-8BB2-611C09A3B9D1}.Release WorldEditor|Any CPU.ActiveCfg = Debug|Any CPU
		{8D59AE53-4C2F-4917-8BB2-611C09A3B9D1}.Release WorldEditor|Mixed Platforms.ActiveCfg = Debug|Any CPU
		{8D59AE53-4C2F-4917-8BB2-611C09A3B9D1}.Release WorldEditor|Win32.ActiveCfg = Debug|Any CPU
		{8D59AE53-4C2F-4917-8BB2-611C09A3B9D1}.Release WorldEditor|x86.ActiveCfg = Debug|Any CPU
		{8D59AE53-4C2F-4917-8BB2-611C09A3B9D1}.Release WorldEditor|Xbox 360.ActiveCfg = Debug|Any CPU
		{8D59AE53-4C2F-4917-8BB2-611C09A3B9D1}.Release|Any CPU.ActiveCfg = Debug|Any CPU
		{8D59AE53-4C2F-4917-8BB2-611C09A3B9D1}.Release|Mixed Platforms.ActiveCfg = Debug|Any CPU
		{8D59AE53-4C2F-4917-8BB2-611C09A3B9D1}.Release|Win32.ActiveCfg = Debug|Any CPU
		{8D59AE53-4C2F-4917-8BB2-611C09A3B9D1}.Release|x86.ActiveCfg = Debug|Any CPU
		{8D59AE53-4C2F-4917-8BB2-611C09A3B9D1}.Release|Xbox 360.ActiveCfg = Debug|Any CPU
		{E7BB4B6B-6A24-45CD-8714-190B0FDD3B21}.Debug Chimera|Any CPU.ActiveCfg = Debug|x86
		{E7BB4B6B-6A24-45CD-8714-190B0FDD3B21}.Debug Chimera|Mixed Platforms.ActiveCfg = Debug|x86
		{E7BB4B6B-6A24-45CD-8714-190B0FDD3B21}.Debug Chimera|Win32.ActiveCfg = Debug|x86
		{E7BB4B6B-6A24-45CD-8714-190B0FDD3B21}.Debug Chimera|x86.ActiveCfg = Debug|x86
		{E7BB4B6B-6A24-45CD-8714-190B0FDD3B21}.Debug Chimera|x86.Build.0 = Debug|x86
		{E7BB4B6B-6A24-45CD-8714-190B0FDD3B21}.Debug Chimera|Xbox 360.ActiveCfg = Debug|x86
		{E7BB4B6B-6A24-45CD-8714-190B0FDD3B21}.Debug WorldEditor|Any CPU.ActiveCfg = Debug|x86
		{E7BB4B6B-6A24-45CD-8714-190B0FDD3B21}.Debug WorldEditor|Mixed Platforms.ActiveCfg = Debug|x86
		{E7BB4B6B-6A24-45CD-8714-190B0FDD3B21}.Debug WorldEditor|Win32.ActiveCfg = Debug|x86
		{E7BB4B6B-6A24-45CD-8714-190B0FDD3B21}.Debug WorldEditor|x86.ActiveCfg = Debug|x86
		{E7BB4B6B-6A24-45CD-8714-190B0FDD3B21}.Debug WorldEditor|x86.Build.0 = Debug|x86
		{E7BB4B6B-6A24-45CD-8714-190B0FDD3B21}.Debug WorldEditor|Xbox 360.ActiveCfg = Debug|x86
		{E7BB4B6B-6A24-45CD-8714-190B0FDD3B21}.Debug|Any CPU.ActiveCfg = Debug|x86
		{E7BB4B6B-6A24-45CD-8714-190B0FDD3B21}.Debug|Mixed Platforms.ActiveCfg = Debug|x86
		{E7BB4B6B-6A24-45CD-8714-190B0FDD3B21}.Debug|Mixed Platforms.Build.0 = Debug|x86
		{E7BB4B6B-6A24-45CD-8714-190B0FDD3B21}.Debug|Win32.ActiveCfg = Debug|x86
		{E7BB4B6B-6A24-45CD-8714-190B0FDD3B21}.Debug|Win32.Build.0 = Debug|x86
		{E7BB4B6B-6A24-45CD-8714-190B0FDD3B21}.Debug|x86.ActiveCfg = Debug|x86
		{E7BB4B6B-6A24-45CD-8714-190B0FDD3B21}.Debug|x86.Build.0 = Debug|x86
		{E7BB4B6B-6A24-45CD-8714-190B0FDD3B21}.Debug|Xbox 360.ActiveCfg = Debug|x86
		{E7BB4B6B-6A24-45CD-8714-190B0FDD3B21}.Release Chimera|Any CPU.ActiveCfg = Release|x86
		{E7BB4B6B-6A24-45CD-8714-190B0FDD3B21}.Release Chimera|Mixed Platforms.ActiveCfg = Release|x86
		{E7BB4B6B-6A24-45CD-8714-190B0FDD3B21}.Release Chimera|Win32.ActiveCfg = Release|x86
		{E7BB4B6B-6A24-45CD-8714-190B0FDD3B21}.Release Chimera|x86.ActiveCfg = Release|x86
		{E7BB4B6B-6A24-45CD-8714-190B0FDD3B21}.Release Chimera|x86.Build.0 = Release|x86
		{E7BB4B6B-6A24-45CD-8714-190B0FDD3B21}.Release Chimera|Xbox 360.ActiveCfg = Release|x86
		{E7BB4B6B-6A24-45CD-8714-190B0FDD3B21}.Release WorldEditor|Any CPU.ActiveCfg = Release|x86
		{E7BB4B6B-6A24-45CD-8714-190B0FDD3B21}.Release WorldEditor|Mixed Platforms.ActiveCfg = Release|x86
		{E7BB4B6B-6A24-45CD-8714-190B0FDD3B21}.Release WorldEditor|Win32.ActiveCfg = Release|x86
		{E7BB4B6B-6A24-45CD-8714-190B0FDD3B21}.Release WorldEditor|x86.ActiveCfg = Release|x86
		{E7BB4B6B-6A24-45CD-8714-190B0FDD3B21}.Release WorldEditor|x86.Build.0 = Release|x86
		{E7BB4B6B-6A24-45CD-8714-190B0FDD3B21}.Release WorldEditor|Xbox 360.ActiveCfg = Release|x86
		{E7BB4B6B-6A24-45CD-8714-190B0FDD3B21}.Release|Any CPU.ActiveCfg = Release|x86
		{E7BB4B6B-6A24-45CD-8714-190B0FDD3B21}.Release|Mixed Platforms.ActiveCfg = Release|x86
		{E7BB4B6B-6A24-45CD-8714-190B0FDD3B21}.Release|Mixed Platforms.Build.0 = Release|x86
		{E7BB4B6B-6A24-45CD-8714-190B0FDD3B21}.Release|Win32.ActiveCfg = Release|x86
		{E7BB4B6B-6A24-45CD-8714-190B0FDD3B21}.Release|Win32.Build.0 = Release|x86
		{E7BB4B6B-6A24-45CD-8714-190B0FDD3B21}.Release|x86.ActiveCfg = Release|x86
		{E7BB4B6B-6A24-45CD-8714-190B0FDD3B21}.Release|x86.Build.0 = Release|x86
		{E7BB4B6B-6A24-45CD-8714-190B0FDD3B21}.Release|Xbox 360.ActiveCfg = Release|x86
		{B7259BB1-744A-4C99-9A06-728C92655CAD}.Debug Chimera|Any CPU.ActiveCfg = Debug|Win32
		{B7259BB1-744A-4C99-9A06-728C92655CAD}.Debug Chimera|Any CPU.Build.0 = Debug|Win32
		{B7259BB1-744A-4C99-9A06-728C92655CAD}.Debug Chimera|Mixed Platforms.ActiveCfg = Debug|Win32
		{B7259BB1-744A-4C99-9A06-728C92655CAD}.Debug Chimera|Mixed Platforms.Build.0 = Debug|Win32
		{B7259BB1-744A-4C99-9A06-728C92655CAD}.Debug Chimera|Win32.ActiveCfg = Debug|Win32
		{B7259BB1-744A-4C99-9A06-728C92655CAD}.Debug Chimera|Win32.Build.0 = Debug|Win32
		{B7259BB1-744A-4C99-9A06-728C92655CAD}.Debug Chimera|x86.ActiveCfg = Debug|Win32
		{B7259BB1-744A-4C99-9A06-728C92655CAD}.Debug Chimera|Xbox 360.ActiveCfg = Debug|Win32
		{B7259BB1-744A-4C99-9A06-728C92655CAD}.Debug WorldEditor|Any CPU.ActiveCfg = Debug|Win32
		{B7259BB1-744A-4C99-9A06-728C92655CAD}.Debug WorldEditor|Any CPU.Build.0 = Debug|Win32
		{B7259BB1-744A-4C99-9A06-728C92655CAD}.Debug WorldEditor|Mixed Platforms.ActiveCfg = Debug|Win32
		{B7259BB1-744A-4C99-9A06-728C92655CAD}.Debug WorldEditor|Mixed Platforms.Build.0 = Debug|Win32
		{B7259BB1-744A-4C99-9A06-728C92655CAD}.Debug WorldEditor|Win32.ActiveCfg = Debug|Win32
		{B7259BB1-744A-4C99-9A06-728C92655CAD}.Debug WorldEditor|Win32.Build.0 = Debug|Win32
		{B7259BB1-744A-4C99-9A06-728C92655CAD}.Debug WorldEditor|x86.ActiveCfg = Debug|Win32
		{B7259BB1-744A-4C99-9A06-728C92655CAD}.Debug WorldEditor|Xbox 360.ActiveCfg = Debug|Win32
		{B7259BB1-744A-4C99-9A06-728C92655CAD}.Debug|Any CPU.ActiveCfg = Debug|Win32
		{B7259BB1-744A-4C99-9A06-728C92655CAD}.Debug|Mixed Platforms.ActiveCfg = Debug|Win32
		{B7259BB1-744A-4C99-9A06-728C92655CAD}.Debug|Mixed Platforms.Build.0 = Debug|Win32
		{B7259BB1-744A-4C99-9A06-728C92655CAD}.Debug|Win32.ActiveCfg = Debug|Win32
		{B7259BB1-744A-4C99-9A06-728C92655CAD}.Debug|Win32.Build.0 = Debug|Win32
		{B7259BB1-744A-4C99-9A06-728C92655CAD}.Debug|x86.ActiveCfg = Debug|Win32
		{B7259BB1-744A-4C99-9A06-728C92655CAD}.Debug|x86.Build.0 = Debug|Win32
		{B7259BB1-744A-4C99-9A06-728C92655CAD}.Debug|Xbox 360.ActiveCfg = Debug|Win32
		{B7259BB1-744A-4C99-9A06-728C92655CAD}.Release Chimera|Any CPU.ActiveCfg = Release|Win32
		{B7259BB1-744A-4C99-9A06-728C92655CAD}.Release Chimera|Any CPU.Build.0 = Release|Win32
		{B7259BB1-744A-4C99-9A06-728C92655CAD}.Release Chimera|Mixed Platforms.ActiveCfg = Release|Win32
		{B7259BB1-744A-4C99-9A06-728C92655CAD}.Release Chimera|Mixed Platforms.Build.0 = Release|Win32
		{B7259BB1-744A-4C99-9A06-728C92655CAD}.Release Chimera|Win32.ActiveCfg = Release|Win32
		{B7259BB1-744A-4C99-9A06-728C92655CAD}.Release Chimera|Win32.Build.0 = Release|Win32
		{B7259BB1-744A-4C99-9A06-728C92655CAD}.Release Chimera|x86.ActiveCfg = Release|Win32
		{B7259BB1-744A-4C99-9A06-728C92655CAD}.Release Chimera|Xbox 360.ActiveCfg = Release|Win32
		{B7259BB1-744A-4C99-9A06-728C92655CAD}.Release WorldEditor|Any CPU.ActiveCfg = Release|Win32
		{B7259BB1-744A-4C99-9A06-728C92655CAD}.Release WorldEditor|Any CPU.Build.0 = Release|Win32
		{B7259BB1-744A-4C99-9A06-728C92655CAD}.Release WorldEditor|Mixed Platforms.ActiveCfg = Release|Win32
		{B7259BB1-744A-4C99-9A06-728C92655CAD}.Release WorldEditor|Mixed Platforms.Build.0 = Release|Win32
		{B7259BB1-744A-4C99-9A06-728C92655CAD}.Release WorldEditor|Win32.ActiveCfg = Release|Win32
		{B7259BB1-744A-4C99-9A06-728C92655CAD}.Release WorldEditor|Win32.Build.0 = Release|Win32
		{B7259BB1-744A-4C99-9A06-728C92655CAD}.Release WorldEditor|x86.ActiveCfg = Release|Win32
		{B7259BB1-744A-4C99-9A06-728C92655CAD}.Release WorldEditor|x86.Build.0 = Release|Win32
		{B7259BB1-744A-4C99-9A06-728C92655CAD}.Release WorldEditor|Xbox 360.ActiveCfg = Release|Win32
		{B7259BB1-744A-4C99-9A06-728C92655CAD}.Release|Any CPU.ActiveCfg = Release|Win32
		{B7259BB1-744A-4C99-9A06-728C92655CAD}.Release|Mixed Platforms.ActiveCfg = Release|Win32
		{B7259BB1-744A-4C99-9A06-728C92655CAD}.Release|Mixed Platforms.Build.0 = Release|Win32
		{B7259BB1-744A-4C99-9A06-728C92655CAD}.Release|Win32.ActiveCfg = Release|Win32
		{B7259BB1-744A-4C99-9A06-728C92655CAD}.Release|Win32.Build.0 = Release|Win32
		{B7259BB1-744A-4C99-9A06-728C92655CAD}.Release|x86.ActiveCfg = Release|Win32
		{B7259BB1-744A-4C99-9A06-728C92655CAD}.Release|x86.Build.0 = Release|Win32
		{B7259BB1-744A-4C99-9A06-728C92655CAD}.Release|Xbox 360.ActiveCfg = Release|Win32
		{12E4B132-65A5-4E63-8C94-3F7687705DCE}.Debug Chimera|Any CPU.ActiveCfg = Debug|Any CPU
		{12E4B132-65A5-4E63-8C94-3F7687705DCE}.Debug Chimera|Mixed Platforms.ActiveCfg = Debug|Any CPU
		{12E4B132-65A5-4E63-8C94-3F7687705DCE}.Debug Chimera|Win32.ActiveCfg = Debug|Any CPU
		{12E4B132-65A5-4E63-8C94-3F7687705DCE}.Debug Chimera|x86.ActiveCfg = Debug|Any CPU
		{12E4B132-65A5-4E63-8C94-3F7687705DCE}.Debug Chimera|Xbox 360.ActiveCfg = Debug|Any CPU
		{12E4B132-65A5-4E63-8C94-3F7687705DCE}.Debug WorldEditor|Any CPU.ActiveCfg = Debug|Any CPU
		{12E4B132-65A5-4E63-8C94-3F7687705DCE}.Debug WorldEditor|Mixed Platforms.ActiveCfg = Debug|Any CPU
		{12E4B132-65A5-4E63-8C94-3F7687705DCE}.Debug WorldEditor|Win32.ActiveCfg = Debug|Any CPU
		{12E4B132-65A5-4E63-8C94-3F7687705DCE}.Debug WorldEditor|x86.ActiveCfg = Debug|Any CPU
		{12E4B132-65A5-4E63-8C94-3F7687705DCE}.Debug WorldEditor|Xbox 360.ActiveCfg = Debug|Any CPU
		{12E4B132-65A5-4E63-8C94-3F7687705DCE}.Debug|Any CPU.ActiveCfg = Debug|Any CPU
		{12E4B132-65A5-4E63-8C94-3F7687705DCE}.Debug|Mixed Platforms.ActiveCfg = Debug|Any CPU
		{12E4B132-65A5-4E63-8C94-3F7687705DCE}.Debug|Win32.ActiveCfg = Debug|Any CPU
		{12E4B132-65A5-4E63-8C94-3F7687705DCE}.Debug|x86.ActiveCfg = Debug|Any CPU
		{12E4B132-65A5-4E63-8C94-3F7687705DCE}.Debug|Xbox 360.ActiveCfg = Debug|Any CPU
		{12E4B132-65A5-4E63-8C94-3F7687705DCE}.Release Chimera|Any CPU.ActiveCfg = Debug|Any CPU
		{12E4B132-65A5-4E63-8C94-3F7687705DCE}.Release Chimera|Mixed Platforms.ActiveCfg = Debug|Any CPU
		{12E4B132-65A5-4E63-8C94-3F7687705DCE}.Release Chimera|Win32.ActiveCfg = Debug|Any CPU
		{12E4B132-65A5-4E63-8C94-3F7687705DCE}.Release Chimera|x86.ActiveCfg = Debug|Any CPU
		{12E4B132-65A5-4E63-8C94-3F7687705DCE}.Release Chimera|Xbox 360.ActiveCfg = Debug|Any CPU
		{12E4B132-65A5-4E63-8C94-3F7687705DCE}.Release WorldEditor|Any CPU.ActiveCfg = Debug|Any CPU
		{12E4B132-65A5-4E63-8C94-3F7687705DCE}.Release WorldEditor|Mixed Platforms.ActiveCfg = Debug|Any CPU
		{12E4B132-65A5-4E63-8C94-3F7687705DCE}.Release WorldEditor|Win32.ActiveCfg = Debug|Any CPU
		{12E4B132-65A5-4E63-8C94-3F7687705DCE}.Release WorldEditor|x86.ActiveCfg = Debug|Any CPU
		{12E4B132-65A5-4E63-8C94-3F7687705DCE}.Release WorldEditor|Xbox 360.ActiveCfg = Debug|Any CPU
		{12E4B132-65A5-4E63-8C94-3F7687705DCE}.Release|Any CPU.ActiveCfg = Debug|Any CPU
		{12E4B132-65A5-4E63-8C94-3F7687705DCE}.Release|Mixed Platforms.ActiveCfg = Debug|Any CPU
		{12E4B132-65A5-4E63-8C94-3F7687705DCE}.Release|Win32.ActiveCfg = Debug|Any CPU
		{12E4B132-65A5-4E63-8C94-3F7687705DCE}.Release|x86.ActiveCfg = Debug|Any CPU
		{12E4B132-65A5-4E63-8C94-3F7687705DCE}.Release|Xbox 360.ActiveCfg = Debug|Any CPU
		{CCFE1F47-C2EA-43A6-A594-88C186F94536}.Debug Chimera|Any CPU.ActiveCfg = Debug|Any CPU
		{CCFE1F47-C2EA-43A6-A594-88C186F94536}.Debug Chimera|Mixed Platforms.ActiveCfg = Debug|Any CPU
		{CCFE1F47-C2EA-43A6-A594-88C186F94536}.Debug Chimera|Win32.ActiveCfg = Debug|Any CPU
		{CCFE1F47-C2EA-43A6-A594-88C186F94536}.Debug Chimera|x86.ActiveCfg = Debug|Any CPU
		{CCFE1F47-C2EA-43A6-A594-88C186F94536}.Debug Chimera|Xbox 360.ActiveCfg = Debug|Any CPU
		{CCFE1F47-C2EA-43A6-A594-88C186F94536}.Debug WorldEditor|Any CPU.ActiveCfg = Debug|Any CPU
		{CCFE1F47-C2EA-43A6-A594-88C186F94536}.Debug WorldEditor|Mixed Platforms.ActiveCfg = Debug|Any CPU
		{CCFE1F47-C2EA-43A6-A594-88C186F94536}.Debug WorldEditor|Win32.ActiveCfg = Debug|Any CPU
		{CCFE1F47-C2EA-43A6-A594-88C186F94536}.Debug WorldEditor|x86.ActiveCfg = Debug|Any CPU
		{CCFE1F47-C2EA-43A6-A594-88C186F94536}.Debug WorldEditor|Xbox 360.ActiveCfg = Debug|Any CPU
		{CCFE1F47-C2EA-43A6-A594-88C186F94536}.Debug|Any CPU.ActiveCfg = Debug|Any CPU
		{CCFE1F47-C2EA-43A6-A594-88C186F94536}.Debug|Mixed Platforms.ActiveCfg = Debug|Any CPU
		{CCFE1F47-C2EA-43A6-A594-88C186F94536}.Debug|Win32.ActiveCfg = Debug|Any CPU
		{CCFE1F47-C2EA-43A6-A594-88C186F94536}.Debug|x86.ActiveCfg = Debug|Any CPU
		{CCFE1F47-C2EA-43A6-A594-88C186F94536}.Debug|Xbox 360.ActiveCfg = Debug|Any CPU
		{CCFE1F47-C2EA-43A6-A594-88C186F94536}.Release Chimera|Any CPU.ActiveCfg = Debug|Any CPU
		{CCFE1F47-C2EA-43A6-A594-88C186F94536}.Release Chimera|Mixed Platforms.ActiveCfg = Debug|Any CPU
		{CCFE1F47-C2EA-43A6-A594-88C186F94536}.Release Chimera|Win32.ActiveCfg = Debug|Any CPU
		{CCFE1F47-C2EA-43A6-A594-88C186F94536}.Release Chimera|x86.ActiveCfg = Debug|Any CPU
		{CCFE1F47-C2EA-43A6-A594-88C186F94536}.Release Chimera|Xbox 360.ActiveCfg = Debug|Any CPU
		{CCFE1F47-C2EA-43A6-A594-88C186F94536}.Release WorldEditor|Any CPU.ActiveCfg = Debug|Any CPU
		{CCFE1F47-C2EA-43A6-A594-88C186F94536}.Release WorldEditor|Mixed Platforms.ActiveCfg = Debug|Any CPU
		{CCFE1F47-C2EA-43A6-A594-88C186F94536}.Release WorldEditor|Win32.ActiveCfg = Debug|Any CPU
		{CCFE1F47-C2EA-43A6-A594-88C186F94536}.Release WorldEditor|x86.ActiveCfg = Debug|Any CPU
		{CCFE1F47-C2EA-43A6-A594-88C186F94536}.Release WorldEditor|Xbox 360.ActiveCfg = Debug|Any CPU
		{CCFE1F47-C2EA-43A6-A594-88C186F94536}.Release|Any CPU.ActiveCfg = Debug|Any CPU
		{CCFE1F47-C2EA-43A6-A594-88C186F94536}.Release|Mixed Platforms.ActiveCfg = Debug|Any CPU
		{CCFE1F47-C2EA-43A6-A594-88C186F94536}.Release|Win32.ActiveCfg = Debug|Any CPU
		{CCFE1F47-C2EA-43A6-A594-88C186F94536}.Release|x86.ActiveCfg = Debug|Any CPU
		{CCFE1F47-C2EA-43A6-A594-88C186F94536}.Release|Xbox 360.ActiveCfg = Debug|Any CPU
		{50FD0490-71AF-43C0-889E-9352A535C106}.Debug Chimera|Any CPU.ActiveCfg = Debug|Any CPU
		{50FD0490-71AF-43C0-889E-9352A535C106}.Debug Chimera|Mixed Platforms.ActiveCfg = Debug|Any CPU
		{50FD0490-71AF-43C0-889E-9352A535C106}.Debug Chimera|Win32.ActiveCfg = Debug|Any CPU
		{50FD0490-71AF-43C0-889E-9352A535C106}.Debug Chimera|x86.ActiveCfg = Debug|Any CPU
		{50FD0490-71AF-43C0-889E-9352A535C106}.Debug Chimera|Xbox 360.ActiveCfg = Debug|Any CPU
		{50FD0490-71AF-43C0-889E-9352A535C106}.Debug WorldEditor|Any CPU.ActiveCfg = Debug|Any CPU
		{50FD0490-71AF-43C0-889E-9352A535C106}.Debug WorldEditor|Mixed Platforms.ActiveCfg = Debug|Any CPU
		{50FD0490-71AF-43C0-889E-9352A535C106}.Debug WorldEditor|Win32.ActiveCfg = Debug|Any CPU
		{50FD0490-71AF-43C0-889E-9352A535C106}.Debug WorldEditor|x86.ActiveCfg = Debug|Any CPU
		{50FD0490-71AF-43C0-889E-9352A535C106}.Debug WorldEditor|Xbox 360.ActiveCfg = Debug|Any CPU
		{50FD0490-71AF-43C0-889E-9352A535C106}.Debug|Any CPU.ActiveCfg = Debug|Any CPU
		{50FD0490-71AF-43C0-889E-9352A535C106}.Debug|Mixed Platforms.ActiveCfg = Debug|Any CPU
		{50FD0490-71AF-43C0-889E-9352A535C106}.Debug|Win32.ActiveCfg = Debug|Any CPU
		{50FD0490-71AF-43C0-889E-9352A535C106}.Debug|x86.ActiveCfg = Debug|Any CPU
		{50FD0490-71AF-43C0-889E-9352A535C106}.Debug|Xbox 360.ActiveCfg = Debug|Any CPU
		{50FD0490-71AF-43C0-889E-9352A535C106}.Release Chimera|Any CPU.ActiveCfg = Debug|Any CPU
		{50FD0490-71AF-43C0-889E-9352A535C106}.Release Chimera|Mixed Platforms.ActiveCfg = Debug|Any CPU
		{50FD0490-71AF-43C0-889E-9352A535C106}.Release Chimera|Win32.ActiveCfg = Debug|Any CPU
		{50FD0490-71AF-43C0-889E-9352A535C106}.Release Chimera|x86.ActiveCfg = Debug|Any CPU
		{50FD0490-71AF-43C0-889E-9352A535C106}.Release Chimera|Xbox 360.ActiveCfg = Debug|Any CPU
		{50FD0490-71AF-43C0-889E-9352A535C106}.Release WorldEditor|Any CPU.ActiveCfg = Debug|Any CPU
		{50FD0490-71AF-43C0-889E-9352A535C106}.Release WorldEditor|Mixed Platforms.ActiveCfg = Debug|Any CPU
		{50FD0490-71AF-43C0-889E-9352A535C106}.Release WorldEditor|Win32.ActiveCfg = Debug|Any CPU
		{50FD0490-71AF-43C0-889E-9352A535C106}.Release WorldEditor|x86.ActiveCfg = Debug|Any CPU
		{50FD0490-71AF-43C0-889E-9352A535C106}.Release WorldEditor|Xbox 360.ActiveCfg = Debug|Any CPU
		{50FD0490-71AF-43C0-889E-9352A535C106}.Release|Any CPU.ActiveCfg = Debug|Any CPU
		{50FD0490-71AF-43C0-889E-9352A535C106}.Release|Mixed Platforms.ActiveCfg = Debug|Any CPU
		{50FD0490-71AF-43C0-889E-9352A535C106}.Release|Win32.ActiveCfg = Debug|Any CPU
		{50FD0490-71AF-43C0-889E-9352A535C106}.Release|x86.ActiveCfg = Debug|Any CPU
		{50FD0490-71AF-43C0-889E-9352A535C106}.Release|Xbox 360.ActiveCfg = Debug|Any CPU
		{F50B1428-A220-44C0-9A44-28B4989E7923}.Debug Chimera|Any CPU.ActiveCfg = Debug|Any CPU
		{F50B1428-A220-44C0-9A44-28B4989E7923}.Debug Chimera|Mixed Platforms.ActiveCfg = Debug|Any CPU
		{F50B1428-A220-44C0-9A44-28B4989E7923}.Debug Chimera|Win32.ActiveCfg = Debug|Any CPU
		{F50B1428-A220-44C0-9A44-28B4989E7923}.Debug Chimera|x86.ActiveCfg = Debug|Any CPU
		{F50B1428-A220-44C0-9A44-28B4989E7923}.Debug Chimera|Xbox 360.ActiveCfg = Debug|Any CPU
		{F50B1428-A220-44C0-9A44-28B4989E7923}.Debug WorldEditor|Any CPU.ActiveCfg = Debug|Any CPU
		{F50B1428-A220-44C0-9A44-28B4989E7923}.Debug WorldEditor|Mixed Platforms.ActiveCfg = Debug|Any CPU
		{F50B1428-A220-44C0-9A44-28B4989E7923}.Debug WorldEditor|Win32.ActiveCfg = Debug|Any CPU
		{F50B1428-A220-44C0-9A44-28B4989E7923}.Debug WorldEditor|x86.ActiveCfg = Debug|Any CPU
		{F50B1428-A220-44C0-9A44-28B4989E7923}.Debug WorldEditor|Xbox 360.ActiveCfg = Debug|Any CPU
		{F50B1428-A220-44C0-9A44-28B4989E7923}.Debug|Any CPU.ActiveCfg = Debug|Any CPU
		{F50B1428-A220-44C0-9A44-28B4989E7923}.Debug|Mixed Platforms.ActiveCfg = Debug|Any CPU
		{F50B1428-A220-44C0-9A44-28B4989E7923}.Debug|Win32.ActiveCfg = Debug|Any CPU
		{F50B1428-A220-44C0-9A44-28B4989E7923}.Debug|x86.ActiveCfg = Debug|Any CPU
		{F50B1428-A220-44C0-9A44-28B4989E7923}.Debug|Xbox 360.ActiveCfg = Debug|Any CPU
		{F50B1428-A220-44C0-9A44-28B4989E7923}.Release Chimera|Any CPU.ActiveCfg = Debug|Any CPU
		{F50B1428-A220-44C0-9A44-28B4989E7923}.Release Chimera|Mixed Platforms.ActiveCfg = Debug|Any CPU
		{F50B1428-A220-44C0-9A44-28B4989E7923}.Release Chimera|Win32.ActiveCfg = Debug|Any CPU
		{F50B1428-A220-44C0-9A44-28B4989E7923}.Release Chimera|x86.ActiveCfg = Debug|Any CPU
		{F50B1428-A220-44C0-9A44-28B4989E7923}.Release Chimera|Xbox 360.ActiveCfg = Debug|Any CPU
		{F50B1428-A220-44C0-9A44-28B4989E7923}.Release WorldEditor|Any CPU.ActiveCfg = Debug|Any CPU
		{F50B1428-A220-44C0-9A44-28B4989E7923}.Release WorldEditor|Mixed Platforms.ActiveCfg = Debug|Any CPU
		{F50B1428-A220-44C0-9A44-28B4989E7923}.Release WorldEditor|Win32.ActiveCfg = Debug|Any CPU
		{F50B1428-A220-44C0-9A44-28B4989E7923}.Release WorldEditor|x86.ActiveCfg = Debug|Any CPU
		{F50B1428-A220-44C0-9A44-28B4989E7923}.Release WorldEditor|Xbox 360.ActiveCfg = Debug|Any CPU
		{F50B1428-A220-44C0-9A44-28B4989E7923}.Release|Any CPU.ActiveCfg = Debug|Any CPU
		{F50B1428-A220-44C0-9A44-28B4989E7923}.Release|Mixed Platforms.ActiveCfg = Debug|Any CPU
		{F50B1428-A220-44C0-9A44-28B4989E7923}.Release|Win32.ActiveCfg = Debug|Any CPU
		{F50B1428-A220-44C0-9A44-28B4989E7923}.Release|x86.ActiveCfg = Debug|Any CPU
		{F50B1428-A220-44C0-9A44-28B4989E7923}.Release|Xbox 360.ActiveCfg = Debug|Any CPU
		{212E62AA-982F-4B75-B2DA-D2A6C93EBD19}.Debug Chimera|Any CPU.ActiveCfg = Debug|Any CPU
		{212E62AA-982F-4B75-B2DA-D2A6C93EBD19}.Debug Chimera|Mixed Platforms.ActiveCfg = Debug|Any CPU
		{212E62AA-982F-4B75-B2DA-D2A6C93EBD19}.Debug Chimera|Win32.ActiveCfg = Debug|Any CPU
		{212E62AA-982F-4B75-B2DA-D2A6C93EBD19}.Debug Chimera|x86.ActiveCfg = Debug|Any CPU
		{212E62AA-982F-4B75-B2DA-D2A6C93EBD19}.Debug Chimera|Xbox 360.ActiveCfg = Debug|Any CPU
		{212E62AA-982F-4B75-B2DA-D2A6C93EBD19}.Debug WorldEditor|Any CPU.ActiveCfg = Debug|Any CPU
		{212E62AA-982F-4B75-B2DA-D2A6C93EBD19}.Debug WorldEditor|Mixed Platforms.ActiveCfg = Debug|Any CPU
		{212E62AA-982F-4B75-B2DA-D2A6C93EBD19}.Debug WorldEditor|Win32.ActiveCfg = Debug|Any CPU
		{212E62AA-982F-4B75-B2DA-D2A6C93EBD19}.Debug WorldEditor|x86.ActiveCfg = Debug|Any CPU
		{212E62AA-982F-4B75-B2DA-D2A6C93EBD19}.Debug WorldEditor|Xbox 360.ActiveCfg = Debug|Any CPU
		{212E62AA-982F-4B75-B2DA-D2A6C93EBD19}.Debug|Any CPU.ActiveCfg = Debug|Any CPU
		{212E62AA-982F-4B75-B2DA-D2A6C93EBD19}.Debug|Mixed Platforms.ActiveCfg = Debug|Any CPU
		{212E62AA-982F-4B75-B2DA-D2A6C93EBD19}.Debug|Win32.ActiveCfg = Debug|Any CPU
		{212E62AA-982F-4B75-B2DA-D2A6C93EBD19}.Debug|x86.ActiveCfg = Debug|Any CPU
		{212E62AA-982F-4B75-B2DA-D2A6C93EBD19}.Debug|Xbox 360.ActiveCfg = Debug|Any CPU
		{212E62AA-982F-4B75-B2DA-D2A6C93EBD19}.Release Chimera|Any CPU.ActiveCfg = Debug|Any CPU
		{212E62AA-982F-4B75-B2DA-D2A6C93EBD19}.Release Chimera|Mixed Platforms.ActiveCfg = Debug|Any CPU
		{212E62AA-982F-4B75-B2DA-D2A6C93EBD19}.Release Chimera|Win32.ActiveCfg = Debug|Any CPU
		{212E62AA-982F-4B75-B2DA-D2A6C93EBD19}.Release Chimera|x86.ActiveCfg = Debug|Any CPU
		{212E62AA-982F-4B75-B2DA-D2A6C93EBD19}.Release Chimera|Xbox 360.ActiveCfg = Debug|Any CPU
		{212E62AA-982F-4B75-B2DA-D2A6C93EBD19}.Release WorldEditor|Any CPU.ActiveCfg = Debug|Any CPU
		{212E62AA-982F-4B75-B2DA-D2A6C93EBD19}.Release WorldEditor|Mixed Platforms.ActiveCfg = Debug|Any CPU
		{212E62AA-982F-4B75-B2DA-D2A6C93EBD19}.Release WorldEditor|Win32.ActiveCfg = Debug|Any CPU
		{212E62AA-982F-4B75-B2DA-D2A6C93EBD19}.Release WorldEditor|x86.ActiveCfg = Debug|Any CPU
		{212E62AA-982F-4B75-B2DA-D2A6C93EBD19}.Release WorldEditor|Xbox 360.ActiveCfg = Debug|Any CPU
		{212E62AA-982F-4B75-B2DA-D2A6C93EBD19}.Release|Any CPU.ActiveCfg = Debug|Any CPU
		{212E62AA-982F-4B75-B2DA-D2A6C93EBD19}.Release|Mixed Platforms.ActiveCfg = Debug|Any CPU
		{212E62AA-982F-4B75-B2DA-D2A6C93EBD19}.Release|Win32.ActiveCfg = Debug|Any CPU
		{212E62AA-982F-4B75-B2DA-D2A6C93EBD19}.Release|x86.ActiveCfg = Debug|Any CPU
		{212E62AA-982F-4B75-B2DA-D2A6C93EBD19}.Release|Xbox 360.ActiveCfg = Debug|Any CPU
		{EA74773E-D658-4366-AB62-085F8235C5BC}.Debug Chimera|Any CPU.ActiveCfg = Debug|Any CPU
		{EA74773E-D658-4366-AB62-085F8235C5BC}.Debug Chimera|Mixed Platforms.ActiveCfg = Debug|Any CPU
		{EA74773E-D658-4366-AB62-085F8235C5BC}.Debug Chimera|Win32.ActiveCfg = Debug|Any CPU
		{EA74773E-D658-4366-AB62-085F8235C5BC}.Debug Chimera|x86.ActiveCfg = Debug|Any CPU
		{EA74773E-D658-4366-AB62-085F8235C5BC}.Debug Chimera|Xbox 360.ActiveCfg = Debug|Any CPU
		{EA74773E-D658-4366-AB62-085F8235C5BC}.Debug WorldEditor|Any CPU.ActiveCfg = Debug|Any CPU
		{EA74773E-D658-4366-AB62-085F8235C5BC}.Debug WorldEditor|Mixed Platforms.ActiveCfg = Debug|Any CPU
		{EA74773E-D658-4366-AB62-085F8235C5BC}.Debug WorldEditor|Win32.ActiveCfg = Debug|Any CPU
		{EA74773E-D658-4366-AB62-085F8235C5BC}.Debug WorldEditor|x86.ActiveCfg = Debug|Any CPU
		{EA74773E-D658-4366-AB62-085F8235C5BC}.Debug WorldEditor|Xbox 360.ActiveCfg = Debug|Any CPU
		{EA74773E-D658-4366-AB62-085F8235C5BC}.Debug|Any CPU.ActiveCfg = Debug|Any CPU
		{EA74773E-D658-4366-AB62-085F8235C5BC}.Debug|Mixed Platforms.ActiveCfg = Debug|Any CPU
		{EA74773E-D658-4366-AB62-085F8235C5BC}.Debug|Win32.ActiveCfg = Debug|Any CPU
		{EA74773E-D658-4366-AB62-085F8235C5BC}.Debug|x86.ActiveCfg = Debug|Any CPU
		{EA74773E-D658-4366-AB62-085F8235C5BC}.Debug|Xbox 360.ActiveCfg = Debug|Any CPU
		{EA74773E-D658-4366-AB62-085F8235C5BC}.Release Chimera|Any CPU.ActiveCfg = Debug|Any CPU
		{EA74773E-D658-4366-AB62-085F8235C5BC}.Release Chimera|Mixed Platforms.ActiveCfg = Debug|Any CPU
		{EA74773E-D658-4366-AB62-085F8235C5BC}.Release Chimera|Win32.ActiveCfg = Debug|Any CPU
		{EA74773E-D658-4366-AB62-085F8235C5BC}.Release Chimera|x86.ActiveCfg = Debug|Any CPU
		{EA74773E-D658-4366-AB62-085F8235C5BC}.Release Chimera|Xbox 360.ActiveCfg = Debug|Any CPU
		{EA74773E-D658-4366-AB62-085F8235C5BC}.Release WorldEditor|Any CPU.ActiveCfg = Debug|Any CPU
		{EA74773E-D658-4366-AB62-085F8235C5BC}.Release WorldEditor|Mixed Platforms.ActiveCfg = Debug|Any CPU
		{EA74773E-D658-4366-AB62-085F8235C5BC}.Release WorldEditor|Win32.ActiveCfg = Debug|Any CPU
		{EA74773E-D658-4366-AB62-085F8235C5BC}.Release WorldEditor|x86.ActiveCfg = Debug|Any CPU
		{EA74773E-D658-4366-AB62-085F8235C5BC}.Release WorldEditor|Xbox 360.ActiveCfg = Debug|Any CPU
		{EA74773E-D658-4366-AB62-085F8235C5BC}.Release|Any CPU.ActiveCfg = Debug|Any CPU
		{EA74773E-D658-4366-AB62-085F8235C5BC}.Release|Mixed Platforms.ActiveCfg = Debug|Any CPU
		{EA74773E-D658-4366-AB62-085F8235C5BC}.Release|Win32.ActiveCfg = Debug|Any CPU
		{EA74773E-D658-4366-AB62-085F8235C5BC}.Release|x86.ActiveCfg = Debug|Any CPU
		{EA74773E-D658-4366-AB62-085F8235C5BC}.Release|Xbox 360.ActiveCfg = Debug|Any CPU
	EndGlobalSection
	GlobalSection(SolutionProperties) = preSolution
		HideSolutionNode = FALSE
	EndGlobalSection
	GlobalSection(NestedProjects) = preSolution
		{DDBC472F-F07E-420A-9AD7-31C03422F337} = {187F2BD1-D182-4F09-9B54-154FE553BFE6}
		{8D59AE53-4C2F-4917-8BB2-611C09A3B9D1} = {187F2BD1-D182-4F09-9B54-154FE553BFE6}
		{E7BB4B6B-6A24-45CD-8714-190B0FDD3B21} = {187F2BD1-D182-4F09-9B54-154FE553BFE6}
		{12E4B132-65A5-4E63-8C94-3F7687705DCE} = {187F2BD1-D182-4F09-9B54-154FE553BFE6}
		{CCFE1F47-C2EA-43A6-A594-88C186F94536} = {187F2BD1-D182-4F09-9B54-154FE553BFE6}
		{50FD0490-71AF-43C0-889E-9352A535C106} = {187F2BD1-D182-4F09-9B54-154FE553BFE6}
		{F50B1428-A220-44C0-9A44-28B4989E7923} = {187F2BD1-D182-4F09-9B54-154FE553BFE6}
		{212E62AA-982F-4B75-B2DA-D2A6C93EBD19} = {187F2BD1-D182-4F09-9B54-154FE553BFE6}
		{EA74773E-D658-4366-AB62-085F8235C5BC} = {187F2BD1-D182-4F09-9B54-154FE553BFE6}
		{57C3FDF5-1889-4507-B5F1-46E6BE0F2F61} = {187F2BD1-D182-4F09-9B54-154FE553BFE6}
	EndGlobalSection
EndGlobal
