
Microsoft Visual Studio Solution File, Format Version 11.00
# Visual Studio 2010
Project("{FAE04EC0-301F-11D3-BF4B-00C04F79EFBC}") = "Chimera", "Chimera\Chimera\Chimera.csproj", "{099FF29B-954A-4208-A12C-A2121DDFB7E9}"
EndProject
Project("{FAE04EC0-301F-11D3-BF4B-00C04F79EFBC}") = "GraphicsLibrary", "GraphicsLibrary\GraphicsLibrary.csproj", "{B68107C8-3825-47AA-BC8A-B7AA8D2902F6}"
EndProject
Project("{FAE04EC0-301F-11D3-BF4B-00C04F79EFBC}") = "AnimateModelPipeline", "AnimateModelPipeline\AnimateModelPipeline.csproj", "{57C3FDF5-1889-4507-B5F1-46E6BE0F2F61}"
EndProject
Project("{FAE04EC0-301F-11D3-BF4B-00C04F79EFBC}") = "GameConstructLibrary", "GameConstructLibrary\GameConstructLibrary.csproj", "{EBF58AE6-887D-480A-B693-4DCB2C02CB8D}"
EndProject
Project("{FAE04EC0-301F-11D3-BF4B-00C04F79EFBC}") = "MapEditor", "MapEditor\MapEditor\MapEditor\MapEditor.csproj", "{0D80249F-64A3-4A6B-9936-F9EAC60E59D8}"
EndProject
Project("{FAE04EC0-301F-11D3-BF4B-00C04F79EFBC}") = "Utility", "Utility\Utility.csproj", "{3025FC73-AEC9-489F-96EF-BC52CCE64CEC}"
EndProject
Project("{FAE04EC0-301F-11D3-BF4B-00C04F79EFBC}") = "WorldEditor", "WorldEditor\WorldEditor\WorldEditor.csproj", "{139489C1-1090-405C-BF73-2430D4BD5FC1}"
EndProject
Project("{FAE04EC0-301F-11D3-BF4B-00C04F79EFBC}") = "AnimationUtilities", "AnimationUtilities\AnimationUtilities.csproj", "{A2B93EFB-0D0C-455B-B1BB-176C336EE60D}"
EndProject
Project("{FAE04EC0-301F-11D3-BF4B-00C04F79EFBC}") = "Content_Models", "ChimeraContent\Content_Models.contentproj", "{DDBC472F-F07E-420A-9AD7-31C03422F337}"
EndProject
Project("{96E2B04D-8817-42C6-938A-82C39BA4D311}") = "Content_CustomModels", "Content_Custom\Content_CustomModels.contentproj", "{8D59AE53-4C2F-4917-8BB2-611C09A3B9D1}"
EndProject
Project("{FAE04EC0-301F-11D3-BF4B-00C04F79EFBC}") = "Content_All", "Content_All\Content_All.csproj", "{E7BB4B6B-6A24-45CD-8714-190B0FDD3B21}"
EndProject
Project("{8BC9CEB8-8B4A-11D0-8D11-00A0C91BC942}") = "Content_BuildAllParallel", "Content_BuildAllParallel\Content_BuildAllParallel.vcxproj", "{B7259BB1-744A-4C99-9A06-728C92655CAD}"
EndProject
Project("{96E2B04D-8817-42C6-938A-82C39BA4D311}") = "Content_Dummy", "Content_DUmmy\Content_Dummy.contentproj", "{12E4B132-65A5-4E63-8C94-3F7687705DCE}"
EndProject
Project("{96E2B04D-8817-42C6-938A-82C39BA4D311}") = "Content_Textures", "Content_Textures\Content_Textures.contentproj", "{CCFE1F47-C2EA-43A6-A594-88C186F94536}"
EndProject
Project("{96E2B04D-8817-42C6-938A-82C39BA4D311}") = "Content_Objects", "Content_Objects\Content_Objects.contentproj", "{50FD0490-71AF-43C0-889E-9352A535C106}"
EndProject
Project("{96E2B04D-8817-42C6-938A-82C39BA4D311}") = "Content_Shaders", "Content_Shaders\Content_Shaders.contentproj", "{F50B1428-A220-44C0-9A44-28B4989E7923}"
EndProject
Project("{96E2B04D-8817-42C6-938A-82C39BA4D311}") = "Content_SFX", "Content_SFX\Content_SFX.contentproj", "{212E62AA-982F-4B75-B2DA-D2A6C93EBD19}"
EndProject
Project("{96E2B04D-8817-42C6-938A-82C39BA4D311}") = "Content_Fonts", "Content_Fonts\Content_Fonts.contentproj", "{EA74773E-D658-4366-AB62-085F8235C5BC}"
EndProject
Project("{96E2B04D-8817-42C6-938A-82C39BA4D311}") = "Content_Music", "Content_Music\Content_Music.contentproj", "{72E7B285-45D0-4188-AC5D-0FA2D9A228DE}"
EndProject
Project("{2150E333-8FDC-42A3-9474-1A3956D46DE8}") = "Content", "Content", "{187F2BD1-D182-4F09-9B54-154FE553BFE6}"
EndProject
Global
	GlobalSection(SolutionConfigurationPlatforms) = preSolution
		Debug|Any CPU = Debug|Any CPU
		Debug|Mixed Platforms = Debug|Mixed Platforms
		Debug|Win32 = Debug|Win32
		Debug|x86 = Debug|x86
		Debug|Xbox 360 = Debug|Xbox 360
		MapEditor Debug|Any CPU = MapEditor Debug|Any CPU
		MapEditor Debug|Mixed Platforms = MapEditor Debug|Mixed Platforms
		MapEditor Debug|Win32 = MapEditor Debug|Win32
		MapEditor Debug|x86 = MapEditor Debug|x86
		MapEditor Debug|Xbox 360 = MapEditor Debug|Xbox 360
		MapEditor Release|Any CPU = MapEditor Release|Any CPU
		MapEditor Release|Mixed Platforms = MapEditor Release|Mixed Platforms
		MapEditor Release|Win32 = MapEditor Release|Win32
		MapEditor Release|x86 = MapEditor Release|x86
		MapEditor Release|Xbox 360 = MapEditor Release|Xbox 360
		MapEditor|Any CPU = MapEditor|Any CPU
		MapEditor|Mixed Platforms = MapEditor|Mixed Platforms
		MapEditor|Win32 = MapEditor|Win32
		MapEditor|x86 = MapEditor|x86
		MapEditor|Xbox 360 = MapEditor|Xbox 360
		Release|Any CPU = Release|Any CPU
		Release|Mixed Platforms = Release|Mixed Platforms
		Release|Win32 = Release|Win32
		Release|x86 = Release|x86
		Release|Xbox 360 = Release|Xbox 360
	EndGlobalSection
	GlobalSection(ProjectConfigurationPlatforms) = postSolution
		{099FF29B-954A-4208-A12C-A2121DDFB7E9}.Debug|Any CPU.ActiveCfg = Debug|x86
		{099FF29B-954A-4208-A12C-A2121DDFB7E9}.Debug|Mixed Platforms.ActiveCfg = Debug|x86
		{099FF29B-954A-4208-A12C-A2121DDFB7E9}.Debug|Mixed Platforms.Build.0 = Debug|x86
		{099FF29B-954A-4208-A12C-A2121DDFB7E9}.Debug|Win32.ActiveCfg = Debug|x86
		{099FF29B-954A-4208-A12C-A2121DDFB7E9}.Debug|x86.ActiveCfg = Debug|x86
		{099FF29B-954A-4208-A12C-A2121DDFB7E9}.Debug|x86.Build.0 = Debug|x86
		{099FF29B-954A-4208-A12C-A2121DDFB7E9}.Debug|Xbox 360.ActiveCfg = Debug|x86
		{099FF29B-954A-4208-A12C-A2121DDFB7E9}.Debug|Xbox 360.Build.0 = Debug|x86
		{099FF29B-954A-4208-A12C-A2121DDFB7E9}.MapEditor Debug|Any CPU.ActiveCfg = MapEditor|x86
		{099FF29B-954A-4208-A12C-A2121DDFB7E9}.MapEditor Debug|Mixed Platforms.ActiveCfg = MapEditor|x86
		{099FF29B-954A-4208-A12C-A2121DDFB7E9}.MapEditor Debug|Win32.ActiveCfg = MapEditor Release|x86
		{099FF29B-954A-4208-A12C-A2121DDFB7E9}.MapEditor Debug|x86.ActiveCfg = MapEditor|x86
		{099FF29B-954A-4208-A12C-A2121DDFB7E9}.MapEditor Debug|Xbox 360.ActiveCfg = MapEditor Release|x86
		{099FF29B-954A-4208-A12C-A2121DDFB7E9}.MapEditor Debug|Xbox 360.Build.0 = MapEditor Release|x86
		{099FF29B-954A-4208-A12C-A2121DDFB7E9}.MapEditor Release|Any CPU.ActiveCfg = MapEditor Release|x86
		{099FF29B-954A-4208-A12C-A2121DDFB7E9}.MapEditor Release|Mixed Platforms.ActiveCfg = MapEditor Release|x86
		{099FF29B-954A-4208-A12C-A2121DDFB7E9}.MapEditor Release|Win32.ActiveCfg = MapEditor Release|x86
		{099FF29B-954A-4208-A12C-A2121DDFB7E9}.MapEditor Release|x86.ActiveCfg = MapEditor Release|x86
		{099FF29B-954A-4208-A12C-A2121DDFB7E9}.MapEditor Release|Xbox 360.ActiveCfg = MapEditor Release|x86
		{099FF29B-954A-4208-A12C-A2121DDFB7E9}.MapEditor Release|Xbox 360.Build.0 = MapEditor Release|x86
		{099FF29B-954A-4208-A12C-A2121DDFB7E9}.MapEditor|Any CPU.ActiveCfg = MapEditor|x86
		{099FF29B-954A-4208-A12C-A2121DDFB7E9}.MapEditor|Mixed Platforms.ActiveCfg = MapEditor|x86
		{099FF29B-954A-4208-A12C-A2121DDFB7E9}.MapEditor|Mixed Platforms.Build.0 = MapEditor|x86
		{099FF29B-954A-4208-A12C-A2121DDFB7E9}.MapEditor|Win32.ActiveCfg = MapEditor|x86
		{099FF29B-954A-4208-A12C-A2121DDFB7E9}.MapEditor|x86.ActiveCfg = MapEditor|x86
		{099FF29B-954A-4208-A12C-A2121DDFB7E9}.MapEditor|x86.Build.0 = MapEditor|x86
		{099FF29B-954A-4208-A12C-A2121DDFB7E9}.MapEditor|Xbox 360.ActiveCfg = MapEditor|x86
		{099FF29B-954A-4208-A12C-A2121DDFB7E9}.Release|Any CPU.ActiveCfg = Release|x86
		{099FF29B-954A-4208-A12C-A2121DDFB7E9}.Release|Mixed Platforms.ActiveCfg = Release|x86
		{099FF29B-954A-4208-A12C-A2121DDFB7E9}.Release|Mixed Platforms.Build.0 = Release|x86
		{099FF29B-954A-4208-A12C-A2121DDFB7E9}.Release|Win32.ActiveCfg = Release|x86
		{099FF29B-954A-4208-A12C-A2121DDFB7E9}.Release|x86.ActiveCfg = Release|x86
		{099FF29B-954A-4208-A12C-A2121DDFB7E9}.Release|x86.Build.0 = Release|x86
		{099FF29B-954A-4208-A12C-A2121DDFB7E9}.Release|Xbox 360.ActiveCfg = Release|x86
		{099FF29B-954A-4208-A12C-A2121DDFB7E9}.Release|Xbox 360.Build.0 = Release|x86
		{B68107C8-3825-47AA-BC8A-B7AA8D2902F6}.Debug|Any CPU.ActiveCfg = Debug|x86
		{B68107C8-3825-47AA-BC8A-B7AA8D2902F6}.Debug|Mixed Platforms.ActiveCfg = Debug|x86
		{B68107C8-3825-47AA-BC8A-B7AA8D2902F6}.Debug|Mixed Platforms.Build.0 = Debug|x86
		{B68107C8-3825-47AA-BC8A-B7AA8D2902F6}.Debug|Win32.ActiveCfg = Debug|x86
		{B68107C8-3825-47AA-BC8A-B7AA8D2902F6}.Debug|x86.ActiveCfg = Debug|x86
		{B68107C8-3825-47AA-BC8A-B7AA8D2902F6}.Debug|x86.Build.0 = Debug|x86
		{B68107C8-3825-47AA-BC8A-B7AA8D2902F6}.Debug|Xbox 360.ActiveCfg = Debug|x86
		{B68107C8-3825-47AA-BC8A-B7AA8D2902F6}.Debug|Xbox 360.Build.0 = Debug|x86
		{B68107C8-3825-47AA-BC8A-B7AA8D2902F6}.MapEditor Debug|Any CPU.ActiveCfg = MapEditor|x86
		{B68107C8-3825-47AA-BC8A-B7AA8D2902F6}.MapEditor Debug|Mixed Platforms.ActiveCfg = MapEditor|x86
		{B68107C8-3825-47AA-BC8A-B7AA8D2902F6}.MapEditor Debug|Mixed Platforms.Build.0 = MapEditor|x86
		{B68107C8-3825-47AA-BC8A-B7AA8D2902F6}.MapEditor Debug|Win32.ActiveCfg = MapEditor Release|x86
		{B68107C8-3825-47AA-BC8A-B7AA8D2902F6}.MapEditor Debug|x86.ActiveCfg = MapEditor|x86
		{B68107C8-3825-47AA-BC8A-B7AA8D2902F6}.MapEditor Debug|x86.Build.0 = MapEditor|x86
		{B68107C8-3825-47AA-BC8A-B7AA8D2902F6}.MapEditor Debug|Xbox 360.ActiveCfg = MapEditor Release|x86
		{B68107C8-3825-47AA-BC8A-B7AA8D2902F6}.MapEditor Debug|Xbox 360.Build.0 = MapEditor Release|x86
		{B68107C8-3825-47AA-BC8A-B7AA8D2902F6}.MapEditor Release|Any CPU.ActiveCfg = MapEditor Release|x86
		{B68107C8-3825-47AA-BC8A-B7AA8D2902F6}.MapEditor Release|Mixed Platforms.ActiveCfg = MapEditor Release|x86
		{B68107C8-3825-47AA-BC8A-B7AA8D2902F6}.MapEditor Release|Mixed Platforms.Build.0 = MapEditor Release|x86
		{B68107C8-3825-47AA-BC8A-B7AA8D2902F6}.MapEditor Release|Win32.ActiveCfg = MapEditor Release|x86
		{B68107C8-3825-47AA-BC8A-B7AA8D2902F6}.MapEditor Release|x86.ActiveCfg = MapEditor Release|x86
		{B68107C8-3825-47AA-BC8A-B7AA8D2902F6}.MapEditor Release|x86.Build.0 = MapEditor Release|x86
		{B68107C8-3825-47AA-BC8A-B7AA8D2902F6}.MapEditor Release|Xbox 360.ActiveCfg = MapEditor Release|x86
		{B68107C8-3825-47AA-BC8A-B7AA8D2902F6}.MapEditor Release|Xbox 360.Build.0 = MapEditor Release|x86
		{B68107C8-3825-47AA-BC8A-B7AA8D2902F6}.MapEditor|Any CPU.ActiveCfg = MapEditor|x86
		{B68107C8-3825-47AA-BC8A-B7AA8D2902F6}.MapEditor|Mixed Platforms.ActiveCfg = MapEditor|x86
		{B68107C8-3825-47AA-BC8A-B7AA8D2902F6}.MapEditor|Mixed Platforms.Build.0 = MapEditor|x86
		{B68107C8-3825-47AA-BC8A-B7AA8D2902F6}.MapEditor|Win32.ActiveCfg = MapEditor|x86
		{B68107C8-3825-47AA-BC8A-B7AA8D2902F6}.MapEditor|x86.ActiveCfg = MapEditor|x86
		{B68107C8-3825-47AA-BC8A-B7AA8D2902F6}.MapEditor|x86.Build.0 = MapEditor|x86
		{B68107C8-3825-47AA-BC8A-B7AA8D2902F6}.MapEditor|Xbox 360.ActiveCfg = MapEditor|x86
		{B68107C8-3825-47AA-BC8A-B7AA8D2902F6}.Release|Any CPU.ActiveCfg = Release|x86
		{B68107C8-3825-47AA-BC8A-B7AA8D2902F6}.Release|Mixed Platforms.ActiveCfg = Release|x86
		{B68107C8-3825-47AA-BC8A-B7AA8D2902F6}.Release|Mixed Platforms.Build.0 = Release|x86
		{B68107C8-3825-47AA-BC8A-B7AA8D2902F6}.Release|Win32.ActiveCfg = Release|x86
		{B68107C8-3825-47AA-BC8A-B7AA8D2902F6}.Release|x86.ActiveCfg = Release|x86
		{B68107C8-3825-47AA-BC8A-B7AA8D2902F6}.Release|x86.Build.0 = Release|x86
		{B68107C8-3825-47AA-BC8A-B7AA8D2902F6}.Release|Xbox 360.ActiveCfg = Release|x86
		{B68107C8-3825-47AA-BC8A-B7AA8D2902F6}.Release|Xbox 360.Build.0 = Release|x86
		{57C3FDF5-1889-4507-B5F1-46E6BE0F2F61}.Debug|Any CPU.ActiveCfg = Debug|Any CPU
		{57C3FDF5-1889-4507-B5F1-46E6BE0F2F61}.Debug|Any CPU.Build.0 = Debug|Any CPU
		{57C3FDF5-1889-4507-B5F1-46E6BE0F2F61}.Debug|Mixed Platforms.ActiveCfg = Debug|x86
		{57C3FDF5-1889-4507-B5F1-46E6BE0F2F61}.Debug|Win32.ActiveCfg = Debug|Any CPU
		{57C3FDF5-1889-4507-B5F1-46E6BE0F2F61}.Debug|x86.ActiveCfg = Debug|Any CPU
		{57C3FDF5-1889-4507-B5F1-46E6BE0F2F61}.Debug|Xbox 360.ActiveCfg = Debug|Any CPU
		{57C3FDF5-1889-4507-B5F1-46E6BE0F2F61}.MapEditor Debug|Any CPU.ActiveCfg = MapEditor|Any CPU
		{57C3FDF5-1889-4507-B5F1-46E6BE0F2F61}.MapEditor Debug|Mixed Platforms.ActiveCfg = MapEditor|Any CPU
		{57C3FDF5-1889-4507-B5F1-46E6BE0F2F61}.MapEditor Debug|Win32.ActiveCfg = MapEditor Release|Any CPU
		{57C3FDF5-1889-4507-B5F1-46E6BE0F2F61}.MapEditor Debug|x86.ActiveCfg = MapEditor|Any CPU
		{57C3FDF5-1889-4507-B5F1-46E6BE0F2F61}.MapEditor Debug|Xbox 360.ActiveCfg = MapEditor Release|Any CPU
		{57C3FDF5-1889-4507-B5F1-46E6BE0F2F61}.MapEditor Release|Any CPU.ActiveCfg = MapEditor Release|Any CPU
		{57C3FDF5-1889-4507-B5F1-46E6BE0F2F61}.MapEditor Release|Mixed Platforms.ActiveCfg = MapEditor Release|Any CPU
		{57C3FDF5-1889-4507-B5F1-46E6BE0F2F61}.MapEditor Release|Win32.ActiveCfg = MapEditor Release|Any CPU
		{57C3FDF5-1889-4507-B5F1-46E6BE0F2F61}.MapEditor Release|x86.ActiveCfg = MapEditor Release|Any CPU
		{57C3FDF5-1889-4507-B5F1-46E6BE0F2F61}.MapEditor Release|Xbox 360.ActiveCfg = MapEditor Release|Any CPU
		{57C3FDF5-1889-4507-B5F1-46E6BE0F2F61}.MapEditor|Any CPU.ActiveCfg = MapEditor|Any CPU
		{57C3FDF5-1889-4507-B5F1-46E6BE0F2F61}.MapEditor|Any CPU.Build.0 = MapEditor|Any CPU
		{57C3FDF5-1889-4507-B5F1-46E6BE0F2F61}.MapEditor|Mixed Platforms.ActiveCfg = MapEditor|x86
		{57C3FDF5-1889-4507-B5F1-46E6BE0F2F61}.MapEditor|Mixed Platforms.Build.0 = MapEditor|x86
		{57C3FDF5-1889-4507-B5F1-46E6BE0F2F61}.MapEditor|Win32.ActiveCfg = MapEditor|x86
		{57C3FDF5-1889-4507-B5F1-46E6BE0F2F61}.MapEditor|x86.ActiveCfg = MapEditor|x86
		{57C3FDF5-1889-4507-B5F1-46E6BE0F2F61}.MapEditor|x86.Build.0 = MapEditor|x86
		{57C3FDF5-1889-4507-B5F1-46E6BE0F2F61}.MapEditor|Xbox 360.ActiveCfg = MapEditor|x86
		{57C3FDF5-1889-4507-B5F1-46E6BE0F2F61}.Release|Any CPU.ActiveCfg = Release|Any CPU
		{57C3FDF5-1889-4507-B5F1-46E6BE0F2F61}.Release|Any CPU.Build.0 = Release|Any CPU
		{57C3FDF5-1889-4507-B5F1-46E6BE0F2F61}.Release|Mixed Platforms.ActiveCfg = Release|Any CPU
		{57C3FDF5-1889-4507-B5F1-46E6BE0F2F61}.Release|Win32.ActiveCfg = Release|Any CPU
		{57C3FDF5-1889-4507-B5F1-46E6BE0F2F61}.Release|x86.ActiveCfg = Release|Any CPU
		{57C3FDF5-1889-4507-B5F1-46E6BE0F2F61}.Release|Xbox 360.ActiveCfg = Release|Any CPU
		{EBF58AE6-887D-480A-B693-4DCB2C02CB8D}.Debug|Any CPU.ActiveCfg = Debug|x86
		{EBF58AE6-887D-480A-B693-4DCB2C02CB8D}.Debug|Mixed Platforms.ActiveCfg = Debug|x86
		{EBF58AE6-887D-480A-B693-4DCB2C02CB8D}.Debug|Mixed Platforms.Build.0 = Debug|x86
		{EBF58AE6-887D-480A-B693-4DCB2C02CB8D}.Debug|Win32.ActiveCfg = Debug|x86
		{EBF58AE6-887D-480A-B693-4DCB2C02CB8D}.Debug|x86.ActiveCfg = Debug|x86
		{EBF58AE6-887D-480A-B693-4DCB2C02CB8D}.Debug|x86.Build.0 = Debug|x86
		{EBF58AE6-887D-480A-B693-4DCB2C02CB8D}.Debug|Xbox 360.ActiveCfg = Debug|x86
		{EBF58AE6-887D-480A-B693-4DCB2C02CB8D}.Debug|Xbox 360.Build.0 = Debug|x86
		{EBF58AE6-887D-480A-B693-4DCB2C02CB8D}.MapEditor Debug|Any CPU.ActiveCfg = MapEditor|x86
		{EBF58AE6-887D-480A-B693-4DCB2C02CB8D}.MapEditor Debug|Mixed Platforms.ActiveCfg = MapEditor|x86
		{EBF58AE6-887D-480A-B693-4DCB2C02CB8D}.MapEditor Debug|Mixed Platforms.Build.0 = MapEditor|x86
		{EBF58AE6-887D-480A-B693-4DCB2C02CB8D}.MapEditor Debug|Win32.ActiveCfg = MapEditor Release|x86
		{EBF58AE6-887D-480A-B693-4DCB2C02CB8D}.MapEditor Debug|x86.ActiveCfg = MapEditor|x86
		{EBF58AE6-887D-480A-B693-4DCB2C02CB8D}.MapEditor Debug|x86.Build.0 = MapEditor|x86
		{EBF58AE6-887D-480A-B693-4DCB2C02CB8D}.MapEditor Debug|Xbox 360.ActiveCfg = MapEditor Release|x86
		{EBF58AE6-887D-480A-B693-4DCB2C02CB8D}.MapEditor Debug|Xbox 360.Build.0 = MapEditor Release|x86
		{EBF58AE6-887D-480A-B693-4DCB2C02CB8D}.MapEditor Release|Any CPU.ActiveCfg = MapEditor Release|x86
		{EBF58AE6-887D-480A-B693-4DCB2C02CB8D}.MapEditor Release|Mixed Platforms.ActiveCfg = MapEditor Release|x86
		{EBF58AE6-887D-480A-B693-4DCB2C02CB8D}.MapEditor Release|Mixed Platforms.Build.0 = MapEditor Release|x86
		{EBF58AE6-887D-480A-B693-4DCB2C02CB8D}.MapEditor Release|Win32.ActiveCfg = MapEditor Release|x86
		{EBF58AE6-887D-480A-B693-4DCB2C02CB8D}.MapEditor Release|x86.ActiveCfg = MapEditor Release|x86
		{EBF58AE6-887D-480A-B693-4DCB2C02CB8D}.MapEditor Release|x86.Build.0 = MapEditor Release|x86
		{EBF58AE6-887D-480A-B693-4DCB2C02CB8D}.MapEditor Release|Xbox 360.ActiveCfg = MapEditor Release|x86
		{EBF58AE6-887D-480A-B693-4DCB2C02CB8D}.MapEditor Release|Xbox 360.Build.0 = MapEditor Release|x86
		{EBF58AE6-887D-480A-B693-4DCB2C02CB8D}.MapEditor|Any CPU.ActiveCfg = MapEditor|x86
		{EBF58AE6-887D-480A-B693-4DCB2C02CB8D}.MapEditor|Mixed Platforms.ActiveCfg = MapEditor|x86
		{EBF58AE6-887D-480A-B693-4DCB2C02CB8D}.MapEditor|Mixed Platforms.Build.0 = MapEditor|x86
		{EBF58AE6-887D-480A-B693-4DCB2C02CB8D}.MapEditor|Win32.ActiveCfg = MapEditor|x86
		{EBF58AE6-887D-480A-B693-4DCB2C02CB8D}.MapEditor|x86.ActiveCfg = MapEditor|x86
		{EBF58AE6-887D-480A-B693-4DCB2C02CB8D}.MapEditor|x86.Build.0 = MapEditor|x86
		{EBF58AE6-887D-480A-B693-4DCB2C02CB8D}.MapEditor|Xbox 360.ActiveCfg = MapEditor|x86
		{EBF58AE6-887D-480A-B693-4DCB2C02CB8D}.Release|Any CPU.ActiveCfg = Release|x86
		{EBF58AE6-887D-480A-B693-4DCB2C02CB8D}.Release|Mixed Platforms.ActiveCfg = Release|x86
		{EBF58AE6-887D-480A-B693-4DCB2C02CB8D}.Release|Mixed Platforms.Build.0 = Release|x86
		{EBF58AE6-887D-480A-B693-4DCB2C02CB8D}.Release|Win32.ActiveCfg = Release|x86
		{EBF58AE6-887D-480A-B693-4DCB2C02CB8D}.Release|x86.ActiveCfg = Release|x86
		{EBF58AE6-887D-480A-B693-4DCB2C02CB8D}.Release|x86.Build.0 = Release|x86
		{EBF58AE6-887D-480A-B693-4DCB2C02CB8D}.Release|Xbox 360.ActiveCfg = Release|x86
		{EBF58AE6-887D-480A-B693-4DCB2C02CB8D}.Release|Xbox 360.Build.0 = Release|x86
		{0D80249F-64A3-4A6B-9936-F9EAC60E59D8}.Debug|Any CPU.ActiveCfg = Debug|x86
		{0D80249F-64A3-4A6B-9936-F9EAC60E59D8}.Debug|Mixed Platforms.ActiveCfg = Debug|x86
		{0D80249F-64A3-4A6B-9936-F9EAC60E59D8}.Debug|Win32.ActiveCfg = Debug|x86
		{0D80249F-64A3-4A6B-9936-F9EAC60E59D8}.Debug|x86.ActiveCfg = Debug|x86
		{0D80249F-64A3-4A6B-9936-F9EAC60E59D8}.Debug|Xbox 360.ActiveCfg = Debug|x86
		{0D80249F-64A3-4A6B-9936-F9EAC60E59D8}.Debug|Xbox 360.Build.0 = Debug|x86
		{0D80249F-64A3-4A6B-9936-F9EAC60E59D8}.MapEditor Debug|Any CPU.ActiveCfg = MapEditor|x86
		{0D80249F-64A3-4A6B-9936-F9EAC60E59D8}.MapEditor Debug|Mixed Platforms.ActiveCfg = MapEditor|x86
		{0D80249F-64A3-4A6B-9936-F9EAC60E59D8}.MapEditor Debug|Win32.ActiveCfg = MapEditor Release|x86
		{0D80249F-64A3-4A6B-9936-F9EAC60E59D8}.MapEditor Debug|x86.ActiveCfg = MapEditor|x86
		{0D80249F-64A3-4A6B-9936-F9EAC60E59D8}.MapEditor Debug|x86.Build.0 = MapEditor|x86
		{0D80249F-64A3-4A6B-9936-F9EAC60E59D8}.MapEditor Debug|Xbox 360.ActiveCfg = MapEditor Release|x86
		{0D80249F-64A3-4A6B-9936-F9EAC60E59D8}.MapEditor Debug|Xbox 360.Build.0 = MapEditor Release|x86
		{0D80249F-64A3-4A6B-9936-F9EAC60E59D8}.MapEditor Release|Any CPU.ActiveCfg = MapEditor Release|x86
		{0D80249F-64A3-4A6B-9936-F9EAC60E59D8}.MapEditor Release|Mixed Platforms.ActiveCfg = MapEditor Release|x86
		{0D80249F-64A3-4A6B-9936-F9EAC60E59D8}.MapEditor Release|Mixed Platforms.Build.0 = MapEditor Release|x86
		{0D80249F-64A3-4A6B-9936-F9EAC60E59D8}.MapEditor Release|Win32.ActiveCfg = MapEditor Release|x86
		{0D80249F-64A3-4A6B-9936-F9EAC60E59D8}.MapEditor Release|x86.ActiveCfg = MapEditor Release|x86
		{0D80249F-64A3-4A6B-9936-F9EAC60E59D8}.MapEditor Release|x86.Build.0 = MapEditor Release|x86
		{0D80249F-64A3-4A6B-9936-F9EAC60E59D8}.MapEditor Release|Xbox 360.ActiveCfg = MapEditor Release|x86
		{0D80249F-64A3-4A6B-9936-F9EAC60E59D8}.MapEditor Release|Xbox 360.Build.0 = MapEditor Release|x86
		{0D80249F-64A3-4A6B-9936-F9EAC60E59D8}.MapEditor|Any CPU.ActiveCfg = MapEditor|x86
		{0D80249F-64A3-4A6B-9936-F9EAC60E59D8}.MapEditor|Mixed Platforms.ActiveCfg = MapEditor|x86
		{0D80249F-64A3-4A6B-9936-F9EAC60E59D8}.MapEditor|Mixed Platforms.Build.0 = MapEditor|x86
		{0D80249F-64A3-4A6B-9936-F9EAC60E59D8}.MapEditor|Win32.ActiveCfg = MapEditor|x86
		{0D80249F-64A3-4A6B-9936-F9EAC60E59D8}.MapEditor|x86.ActiveCfg = MapEditor|x86
		{0D80249F-64A3-4A6B-9936-F9EAC60E59D8}.MapEditor|x86.Build.0 = MapEditor|x86
		{0D80249F-64A3-4A6B-9936-F9EAC60E59D8}.MapEditor|Xbox 360.ActiveCfg = MapEditor|x86
		{0D80249F-64A3-4A6B-9936-F9EAC60E59D8}.Release|Any CPU.ActiveCfg = Release|x86
		{0D80249F-64A3-4A6B-9936-F9EAC60E59D8}.Release|Mixed Platforms.ActiveCfg = Release|x86
		{0D80249F-64A3-4A6B-9936-F9EAC60E59D8}.Release|Win32.ActiveCfg = Release|x86
		{0D80249F-64A3-4A6B-9936-F9EAC60E59D8}.Release|x86.ActiveCfg = Release|x86
		{0D80249F-64A3-4A6B-9936-F9EAC60E59D8}.Release|Xbox 360.ActiveCfg = Release|x86
		{0D80249F-64A3-4A6B-9936-F9EAC60E59D8}.Release|Xbox 360.Build.0 = Release|x86
		{3025FC73-AEC9-489F-96EF-BC52CCE64CEC}.Debug|Any CPU.ActiveCfg = Debug|x86
		{3025FC73-AEC9-489F-96EF-BC52CCE64CEC}.Debug|Mixed Platforms.ActiveCfg = Debug|x86
		{3025FC73-AEC9-489F-96EF-BC52CCE64CEC}.Debug|Mixed Platforms.Build.0 = Debug|x86
		{3025FC73-AEC9-489F-96EF-BC52CCE64CEC}.Debug|Win32.ActiveCfg = Debug|x86
		{3025FC73-AEC9-489F-96EF-BC52CCE64CEC}.Debug|x86.ActiveCfg = Debug|x86
		{3025FC73-AEC9-489F-96EF-BC52CCE64CEC}.Debug|x86.Build.0 = Debug|x86
		{3025FC73-AEC9-489F-96EF-BC52CCE64CEC}.Debug|Xbox 360.ActiveCfg = Debug|x86
		{3025FC73-AEC9-489F-96EF-BC52CCE64CEC}.Debug|Xbox 360.Build.0 = Debug|x86
		{3025FC73-AEC9-489F-96EF-BC52CCE64CEC}.MapEditor Debug|Any CPU.ActiveCfg = Debug|x86
		{3025FC73-AEC9-489F-96EF-BC52CCE64CEC}.MapEditor Debug|Mixed Platforms.ActiveCfg = Debug|x86
		{3025FC73-AEC9-489F-96EF-BC52CCE64CEC}.MapEditor Debug|Mixed Platforms.Build.0 = Debug|x86
		{3025FC73-AEC9-489F-96EF-BC52CCE64CEC}.MapEditor Debug|Win32.ActiveCfg = Debug|x86
		{3025FC73-AEC9-489F-96EF-BC52CCE64CEC}.MapEditor Debug|x86.ActiveCfg = Debug|x86
		{3025FC73-AEC9-489F-96EF-BC52CCE64CEC}.MapEditor Debug|x86.Build.0 = Debug|x86
		{3025FC73-AEC9-489F-96EF-BC52CCE64CEC}.MapEditor Debug|Xbox 360.ActiveCfg = Debug|x86
		{3025FC73-AEC9-489F-96EF-BC52CCE64CEC}.MapEditor Debug|Xbox 360.Build.0 = Debug|x86
		{3025FC73-AEC9-489F-96EF-BC52CCE64CEC}.MapEditor Release|Any CPU.ActiveCfg = Release|x86
		{3025FC73-AEC9-489F-96EF-BC52CCE64CEC}.MapEditor Release|Mixed Platforms.ActiveCfg = Release|x86
		{3025FC73-AEC9-489F-96EF-BC52CCE64CEC}.MapEditor Release|Mixed Platforms.Build.0 = Release|x86
		{3025FC73-AEC9-489F-96EF-BC52CCE64CEC}.MapEditor Release|Win32.ActiveCfg = Release|x86
		{3025FC73-AEC9-489F-96EF-BC52CCE64CEC}.MapEditor Release|x86.ActiveCfg = Release|x86
		{3025FC73-AEC9-489F-96EF-BC52CCE64CEC}.MapEditor Release|x86.Build.0 = Release|x86
		{3025FC73-AEC9-489F-96EF-BC52CCE64CEC}.MapEditor Release|Xbox 360.ActiveCfg = Release|x86
		{3025FC73-AEC9-489F-96EF-BC52CCE64CEC}.MapEditor Release|Xbox 360.Build.0 = Release|x86
		{3025FC73-AEC9-489F-96EF-BC52CCE64CEC}.MapEditor|Any CPU.ActiveCfg = Release|x86
		{3025FC73-AEC9-489F-96EF-BC52CCE64CEC}.MapEditor|Mixed Platforms.ActiveCfg = Release|x86
		{3025FC73-AEC9-489F-96EF-BC52CCE64CEC}.MapEditor|Mixed Platforms.Build.0 = Release|x86
		{3025FC73-AEC9-489F-96EF-BC52CCE64CEC}.MapEditor|Win32.ActiveCfg = Release|x86
		{3025FC73-AEC9-489F-96EF-BC52CCE64CEC}.MapEditor|x86.ActiveCfg = Release|x86
		{3025FC73-AEC9-489F-96EF-BC52CCE64CEC}.MapEditor|x86.Build.0 = Release|x86
		{3025FC73-AEC9-489F-96EF-BC52CCE64CEC}.MapEditor|Xbox 360.ActiveCfg = Release|x86
		{3025FC73-AEC9-489F-96EF-BC52CCE64CEC}.Release|Any CPU.ActiveCfg = Release|x86
		{3025FC73-AEC9-489F-96EF-BC52CCE64CEC}.Release|Mixed Platforms.ActiveCfg = Release|x86
		{3025FC73-AEC9-489F-96EF-BC52CCE64CEC}.Release|Mixed Platforms.Build.0 = Release|x86
		{3025FC73-AEC9-489F-96EF-BC52CCE64CEC}.Release|Win32.ActiveCfg = Release|x86
		{3025FC73-AEC9-489F-96EF-BC52CCE64CEC}.Release|x86.ActiveCfg = Release|x86
		{3025FC73-AEC9-489F-96EF-BC52CCE64CEC}.Release|x86.Build.0 = Release|x86
		{3025FC73-AEC9-489F-96EF-BC52CCE64CEC}.Release|Xbox 360.ActiveCfg = Release|x86
		{3025FC73-AEC9-489F-96EF-BC52CCE64CEC}.Release|Xbox 360.Build.0 = Release|x86
		{139489C1-1090-405C-BF73-2430D4BD5FC1}.Debug|Any CPU.ActiveCfg = Debug|x86
		{139489C1-1090-405C-BF73-2430D4BD5FC1}.Debug|Mixed Platforms.ActiveCfg = Debug|x86
		{139489C1-1090-405C-BF73-2430D4BD5FC1}.Debug|Mixed Platforms.Build.0 = Debug|x86
		{139489C1-1090-405C-BF73-2430D4BD5FC1}.Debug|Win32.ActiveCfg = Debug|x86
		{139489C1-1090-405C-BF73-2430D4BD5FC1}.Debug|x86.ActiveCfg = Debug|x86
		{139489C1-1090-405C-BF73-2430D4BD5FC1}.Debug|x86.Build.0 = Debug|x86
		{139489C1-1090-405C-BF73-2430D4BD5FC1}.Debug|Xbox 360.ActiveCfg = Debug|x86
		{139489C1-1090-405C-BF73-2430D4BD5FC1}.MapEditor Debug|Any CPU.ActiveCfg = Debug|x86
		{139489C1-1090-405C-BF73-2430D4BD5FC1}.MapEditor Debug|Mixed Platforms.ActiveCfg = Debug|x86
		{139489C1-1090-405C-BF73-2430D4BD5FC1}.MapEditor Debug|Mixed Platforms.Build.0 = Debug|x86
		{139489C1-1090-405C-BF73-2430D4BD5FC1}.MapEditor Debug|Win32.ActiveCfg = Debug|x86
		{139489C1-1090-405C-BF73-2430D4BD5FC1}.MapEditor Debug|x86.ActiveCfg = Debug|x86
		{139489C1-1090-405C-BF73-2430D4BD5FC1}.MapEditor Debug|x86.Build.0 = Debug|x86
		{139489C1-1090-405C-BF73-2430D4BD5FC1}.MapEditor Debug|Xbox 360.ActiveCfg = Debug|x86
		{139489C1-1090-405C-BF73-2430D4BD5FC1}.MapEditor Release|Any CPU.ActiveCfg = Release|x86
		{139489C1-1090-405C-BF73-2430D4BD5FC1}.MapEditor Release|Mixed Platforms.ActiveCfg = Release|x86
		{139489C1-1090-405C-BF73-2430D4BD5FC1}.MapEditor Release|Mixed Platforms.Build.0 = Release|x86
		{139489C1-1090-405C-BF73-2430D4BD5FC1}.MapEditor Release|Win32.ActiveCfg = Release|x86
		{139489C1-1090-405C-BF73-2430D4BD5FC1}.MapEditor Release|x86.ActiveCfg = Release|x86
		{139489C1-1090-405C-BF73-2430D4BD5FC1}.MapEditor Release|x86.Build.0 = Release|x86
		{139489C1-1090-405C-BF73-2430D4BD5FC1}.MapEditor Release|Xbox 360.ActiveCfg = Release|x86
		{139489C1-1090-405C-BF73-2430D4BD5FC1}.MapEditor|Any CPU.ActiveCfg = Release|x86
		{139489C1-1090-405C-BF73-2430D4BD5FC1}.MapEditor|Mixed Platforms.ActiveCfg = Release|x86
		{139489C1-1090-405C-BF73-2430D4BD5FC1}.MapEditor|Mixed Platforms.Build.0 = Release|x86
		{139489C1-1090-405C-BF73-2430D4BD5FC1}.MapEditor|Win32.ActiveCfg = Release|x86
		{139489C1-1090-405C-BF73-2430D4BD5FC1}.MapEditor|x86.ActiveCfg = Release|x86
		{139489C1-1090-405C-BF73-2430D4BD5FC1}.MapEditor|x86.Build.0 = Release|x86
		{139489C1-1090-405C-BF73-2430D4BD5FC1}.MapEditor|Xbox 360.ActiveCfg = Release|x86
		{139489C1-1090-405C-BF73-2430D4BD5FC1}.Release|Any CPU.ActiveCfg = Release|x86
		{139489C1-1090-405C-BF73-2430D4BD5FC1}.Release|Mixed Platforms.ActiveCfg = Release|x86
		{139489C1-1090-405C-BF73-2430D4BD5FC1}.Release|Mixed Platforms.Build.0 = Release|x86
		{139489C1-1090-405C-BF73-2430D4BD5FC1}.Release|Win32.ActiveCfg = Release|x86
		{139489C1-1090-405C-BF73-2430D4BD5FC1}.Release|x86.ActiveCfg = Release|x86
		{139489C1-1090-405C-BF73-2430D4BD5FC1}.Release|x86.Build.0 = Release|x86
		{139489C1-1090-405C-BF73-2430D4BD5FC1}.Release|Xbox 360.ActiveCfg = Release|x86
		{A2B93EFB-0D0C-455B-B1BB-176C336EE60D}.Debug|Any CPU.ActiveCfg = Debug|x86
		{A2B93EFB-0D0C-455B-B1BB-176C336EE60D}.Debug|Mixed Platforms.ActiveCfg = Debug|x86
		{A2B93EFB-0D0C-455B-B1BB-176C336EE60D}.Debug|Mixed Platforms.Build.0 = Debug|x86
		{A2B93EFB-0D0C-455B-B1BB-176C336EE60D}.Debug|Win32.ActiveCfg = Debug|x86
		{A2B93EFB-0D0C-455B-B1BB-176C336EE60D}.Debug|x86.ActiveCfg = Debug|x86
		{A2B93EFB-0D0C-455B-B1BB-176C336EE60D}.Debug|x86.Build.0 = Debug|x86
		{A2B93EFB-0D0C-455B-B1BB-176C336EE60D}.Debug|Xbox 360.ActiveCfg = Debug|x86
		{A2B93EFB-0D0C-455B-B1BB-176C336EE60D}.MapEditor Debug|Any CPU.ActiveCfg = Debug|x86
		{A2B93EFB-0D0C-455B-B1BB-176C336EE60D}.MapEditor Debug|Mixed Platforms.ActiveCfg = Debug|x86
		{A2B93EFB-0D0C-455B-B1BB-176C336EE60D}.MapEditor Debug|Mixed Platforms.Build.0 = Debug|x86
		{A2B93EFB-0D0C-455B-B1BB-176C336EE60D}.MapEditor Debug|Win32.ActiveCfg = Debug|x86
		{A2B93EFB-0D0C-455B-B1BB-176C336EE60D}.MapEditor Debug|x86.ActiveCfg = Debug|x86
		{A2B93EFB-0D0C-455B-B1BB-176C336EE60D}.MapEditor Debug|x86.Build.0 = Debug|x86
		{A2B93EFB-0D0C-455B-B1BB-176C336EE60D}.MapEditor Debug|Xbox 360.ActiveCfg = Debug|x86
		{A2B93EFB-0D0C-455B-B1BB-176C336EE60D}.MapEditor Release|Any CPU.ActiveCfg = Release|x86
		{A2B93EFB-0D0C-455B-B1BB-176C336EE60D}.MapEditor Release|Mixed Platforms.ActiveCfg = Release|x86
		{A2B93EFB-0D0C-455B-B1BB-176C336EE60D}.MapEditor Release|Mixed Platforms.Build.0 = Release|x86
		{A2B93EFB-0D0C-455B-B1BB-176C336EE60D}.MapEditor Release|Win32.ActiveCfg = Release|x86
		{A2B93EFB-0D0C-455B-B1BB-176C336EE60D}.MapEditor Release|x86.ActiveCfg = Release|x86
		{A2B93EFB-0D0C-455B-B1BB-176C336EE60D}.MapEditor Release|x86.Build.0 = Release|x86
		{A2B93EFB-0D0C-455B-B1BB-176C336EE60D}.MapEditor Release|Xbox 360.ActiveCfg = Release|x86
		{A2B93EFB-0D0C-455B-B1BB-176C336EE60D}.MapEditor|Any CPU.ActiveCfg = Release|x86
		{A2B93EFB-0D0C-455B-B1BB-176C336EE60D}.MapEditor|Mixed Platforms.ActiveCfg = Release|x86
		{A2B93EFB-0D0C-455B-B1BB-176C336EE60D}.MapEditor|Mixed Platforms.Build.0 = Release|x86
		{A2B93EFB-0D0C-455B-B1BB-176C336EE60D}.MapEditor|Win32.ActiveCfg = Release|x86
		{A2B93EFB-0D0C-455B-B1BB-176C336EE60D}.MapEditor|x86.ActiveCfg = Release|x86
		{A2B93EFB-0D0C-455B-B1BB-176C336EE60D}.MapEditor|x86.Build.0 = Release|x86
		{A2B93EFB-0D0C-455B-B1BB-176C336EE60D}.MapEditor|Xbox 360.ActiveCfg = Release|x86
		{A2B93EFB-0D0C-455B-B1BB-176C336EE60D}.Release|Any CPU.ActiveCfg = Release|x86
		{A2B93EFB-0D0C-455B-B1BB-176C336EE60D}.Release|Mixed Platforms.ActiveCfg = Release|x86
		{A2B93EFB-0D0C-455B-B1BB-176C336EE60D}.Release|Mixed Platforms.Build.0 = Release|x86
		{A2B93EFB-0D0C-455B-B1BB-176C336EE60D}.Release|Win32.ActiveCfg = Release|x86
		{A2B93EFB-0D0C-455B-B1BB-176C336EE60D}.Release|x86.ActiveCfg = Release|x86
		{A2B93EFB-0D0C-455B-B1BB-176C336EE60D}.Release|x86.Build.0 = Release|x86
		{A2B93EFB-0D0C-455B-B1BB-176C336EE60D}.Release|Xbox 360.ActiveCfg = Release|x86
		{DDBC472F-F07E-420A-9AD7-31C03422F337}.Debug|Any CPU.ActiveCfg = Debug|x86
		{DDBC472F-F07E-420A-9AD7-31C03422F337}.Debug|Mixed Platforms.ActiveCfg = Debug|x86
		{DDBC472F-F07E-420A-9AD7-31C03422F337}.Debug|Win32.ActiveCfg = Debug|x86
		{DDBC472F-F07E-420A-9AD7-31C03422F337}.Debug|x86.ActiveCfg = Debug|x86
		{DDBC472F-F07E-420A-9AD7-31C03422F337}.Debug|Xbox 360.ActiveCfg = Debug|x86
		{DDBC472F-F07E-420A-9AD7-31C03422F337}.MapEditor Debug|Any CPU.ActiveCfg = Debug|x86
		{DDBC472F-F07E-420A-9AD7-31C03422F337}.MapEditor Debug|Mixed Platforms.ActiveCfg = Debug|x86
		{DDBC472F-F07E-420A-9AD7-31C03422F337}.MapEditor Debug|Win32.ActiveCfg = Debug|x86
		{DDBC472F-F07E-420A-9AD7-31C03422F337}.MapEditor Debug|x86.ActiveCfg = Debug|x86
		{DDBC472F-F07E-420A-9AD7-31C03422F337}.MapEditor Debug|Xbox 360.ActiveCfg = Debug|x86
		{DDBC472F-F07E-420A-9AD7-31C03422F337}.MapEditor Release|Any CPU.ActiveCfg = Release|x86
		{DDBC472F-F07E-420A-9AD7-31C03422F337}.MapEditor Release|Mixed Platforms.ActiveCfg = Release|x86
		{DDBC472F-F07E-420A-9AD7-31C03422F337}.MapEditor Release|Win32.ActiveCfg = Release|x86
		{DDBC472F-F07E-420A-9AD7-31C03422F337}.MapEditor Release|x86.ActiveCfg = Release|x86
		{DDBC472F-F07E-420A-9AD7-31C03422F337}.MapEditor Release|Xbox 360.ActiveCfg = Release|x86
		{DDBC472F-F07E-420A-9AD7-31C03422F337}.MapEditor|Any CPU.ActiveCfg = Release|x86
		{DDBC472F-F07E-420A-9AD7-31C03422F337}.MapEditor|Mixed Platforms.ActiveCfg = Release|x86
		{DDBC472F-F07E-420A-9AD7-31C03422F337}.MapEditor|Win32.ActiveCfg = Release|x86
		{DDBC472F-F07E-420A-9AD7-31C03422F337}.MapEditor|x86.ActiveCfg = Release|x86
		{DDBC472F-F07E-420A-9AD7-31C03422F337}.MapEditor|Xbox 360.ActiveCfg = Release|x86
		{DDBC472F-F07E-420A-9AD7-31C03422F337}.Release|Any CPU.ActiveCfg = Release|x86
		{DDBC472F-F07E-420A-9AD7-31C03422F337}.Release|Mixed Platforms.ActiveCfg = Release|x86
		{DDBC472F-F07E-420A-9AD7-31C03422F337}.Release|Win32.ActiveCfg = Release|x86
		{DDBC472F-F07E-420A-9AD7-31C03422F337}.Release|x86.ActiveCfg = Release|x86
		{DDBC472F-F07E-420A-9AD7-31C03422F337}.Release|Xbox 360.ActiveCfg = Release|x86
		{8D59AE53-4C2F-4917-8BB2-611C09A3B9D1}.Debug|Any CPU.ActiveCfg = Debug|Any CPU
		{8D59AE53-4C2F-4917-8BB2-611C09A3B9D1}.Debug|Mixed Platforms.ActiveCfg = Debug|Any CPU
		{8D59AE53-4C2F-4917-8BB2-611C09A3B9D1}.Debug|Win32.ActiveCfg = Debug|Any CPU
		{8D59AE53-4C2F-4917-8BB2-611C09A3B9D1}.Debug|x86.ActiveCfg = Debug|Any CPU
		{8D59AE53-4C2F-4917-8BB2-611C09A3B9D1}.Debug|Xbox 360.ActiveCfg = Debug|Any CPU
		{8D59AE53-4C2F-4917-8BB2-611C09A3B9D1}.MapEditor Debug|Any CPU.ActiveCfg = Debug|Any CPU
		{8D59AE53-4C2F-4917-8BB2-611C09A3B9D1}.MapEditor Debug|Mixed Platforms.ActiveCfg = Debug|Any CPU
		{8D59AE53-4C2F-4917-8BB2-611C09A3B9D1}.MapEditor Debug|Win32.ActiveCfg = Debug|Any CPU
		{8D59AE53-4C2F-4917-8BB2-611C09A3B9D1}.MapEditor Debug|x86.ActiveCfg = Debug|Any CPU
		{8D59AE53-4C2F-4917-8BB2-611C09A3B9D1}.MapEditor Debug|Xbox 360.ActiveCfg = Debug|Any CPU
		{8D59AE53-4C2F-4917-8BB2-611C09A3B9D1}.MapEditor Release|Any CPU.ActiveCfg = Debug|Any CPU
		{8D59AE53-4C2F-4917-8BB2-611C09A3B9D1}.MapEditor Release|Mixed Platforms.ActiveCfg = Debug|Any CPU
		{8D59AE53-4C2F-4917-8BB2-611C09A3B9D1}.MapEditor Release|Win32.ActiveCfg = Debug|Any CPU
		{8D59AE53-4C2F-4917-8BB2-611C09A3B9D1}.MapEditor Release|x86.ActiveCfg = Debug|Any CPU
		{8D59AE53-4C2F-4917-8BB2-611C09A3B9D1}.MapEditor Release|Xbox 360.ActiveCfg = Debug|Any CPU
		{8D59AE53-4C2F-4917-8BB2-611C09A3B9D1}.MapEditor|Any CPU.ActiveCfg = Debug|Any CPU
		{8D59AE53-4C2F-4917-8BB2-611C09A3B9D1}.MapEditor|Mixed Platforms.ActiveCfg = Debug|Any CPU
		{8D59AE53-4C2F-4917-8BB2-611C09A3B9D1}.MapEditor|Win32.ActiveCfg = Debug|Any CPU
		{8D59AE53-4C2F-4917-8BB2-611C09A3B9D1}.MapEditor|x86.ActiveCfg = Debug|Any CPU
		{8D59AE53-4C2F-4917-8BB2-611C09A3B9D1}.MapEditor|Xbox 360.ActiveCfg = Debug|Any CPU
		{8D59AE53-4C2F-4917-8BB2-611C09A3B9D1}.Release|Any CPU.ActiveCfg = Debug|Any CPU
		{8D59AE53-4C2F-4917-8BB2-611C09A3B9D1}.Release|Mixed Platforms.ActiveCfg = Debug|Any CPU
		{8D59AE53-4C2F-4917-8BB2-611C09A3B9D1}.Release|Win32.ActiveCfg = Debug|Any CPU
		{8D59AE53-4C2F-4917-8BB2-611C09A3B9D1}.Release|x86.ActiveCfg = Debug|Any CPU
		{8D59AE53-4C2F-4917-8BB2-611C09A3B9D1}.Release|Xbox 360.ActiveCfg = Debug|Any CPU
		{E7BB4B6B-6A24-45CD-8714-190B0FDD3B21}.Debug|Any CPU.ActiveCfg = Debug|x86
		{E7BB4B6B-6A24-45CD-8714-190B0FDD3B21}.Debug|Mixed Platforms.ActiveCfg = Debug|x86
		{E7BB4B6B-6A24-45CD-8714-190B0FDD3B21}.Debug|Win32.ActiveCfg = Debug|x86
		{E7BB4B6B-6A24-45CD-8714-190B0FDD3B21}.Debug|x86.ActiveCfg = Debug|x86
		{E7BB4B6B-6A24-45CD-8714-190B0FDD3B21}.Debug|x86.Build.0 = Debug|x86
		{E7BB4B6B-6A24-45CD-8714-190B0FDD3B21}.Debug|Xbox 360.ActiveCfg = Debug|x86
		{E7BB4B6B-6A24-45CD-8714-190B0FDD3B21}.MapEditor Debug|Any CPU.ActiveCfg = Debug|x86
		{E7BB4B6B-6A24-45CD-8714-190B0FDD3B21}.MapEditor Debug|Mixed Platforms.ActiveCfg = Debug|x86
		{E7BB4B6B-6A24-45CD-8714-190B0FDD3B21}.MapEditor Debug|Win32.ActiveCfg = Debug|x86
		{E7BB4B6B-6A24-45CD-8714-190B0FDD3B21}.MapEditor Debug|x86.ActiveCfg = Debug|x86
		{E7BB4B6B-6A24-45CD-8714-190B0FDD3B21}.MapEditor Debug|x86.Build.0 = Debug|x86
		{E7BB4B6B-6A24-45CD-8714-190B0FDD3B21}.MapEditor Debug|Xbox 360.ActiveCfg = Debug|x86
		{E7BB4B6B-6A24-45CD-8714-190B0FDD3B21}.MapEditor Release|Any CPU.ActiveCfg = Release|x86
		{E7BB4B6B-6A24-45CD-8714-190B0FDD3B21}.MapEditor Release|Mixed Platforms.ActiveCfg = Release|x86
		{E7BB4B6B-6A24-45CD-8714-190B0FDD3B21}.MapEditor Release|Win32.ActiveCfg = Release|x86
		{E7BB4B6B-6A24-45CD-8714-190B0FDD3B21}.MapEditor Release|x86.ActiveCfg = Release|x86
		{E7BB4B6B-6A24-45CD-8714-190B0FDD3B21}.MapEditor Release|x86.Build.0 = Release|x86
		{E7BB4B6B-6A24-45CD-8714-190B0FDD3B21}.MapEditor Release|Xbox 360.ActiveCfg = Release|x86
		{E7BB4B6B-6A24-45CD-8714-190B0FDD3B21}.MapEditor|Any CPU.ActiveCfg = Release|x86
		{E7BB4B6B-6A24-45CD-8714-190B0FDD3B21}.MapEditor|Mixed Platforms.ActiveCfg = Release|x86
		{E7BB4B6B-6A24-45CD-8714-190B0FDD3B21}.MapEditor|Mixed Platforms.Build.0 = Release|x86
		{E7BB4B6B-6A24-45CD-8714-190B0FDD3B21}.MapEditor|Win32.ActiveCfg = Release|x86
		{E7BB4B6B-6A24-45CD-8714-190B0FDD3B21}.MapEditor|x86.ActiveCfg = Release|x86
		{E7BB4B6B-6A24-45CD-8714-190B0FDD3B21}.MapEditor|x86.Build.0 = Release|x86
		{E7BB4B6B-6A24-45CD-8714-190B0FDD3B21}.MapEditor|Xbox 360.ActiveCfg = Release|x86
		{E7BB4B6B-6A24-45CD-8714-190B0FDD3B21}.Release|Any CPU.ActiveCfg = Release|x86
		{E7BB4B6B-6A24-45CD-8714-190B0FDD3B21}.Release|Mixed Platforms.ActiveCfg = Release|x86
		{E7BB4B6B-6A24-45CD-8714-190B0FDD3B21}.Release|Win32.ActiveCfg = Release|x86
		{E7BB4B6B-6A24-45CD-8714-190B0FDD3B21}.Release|x86.ActiveCfg = Release|x86
		{E7BB4B6B-6A24-45CD-8714-190B0FDD3B21}.Release|x86.Build.0 = Release|x86
		{E7BB4B6B-6A24-45CD-8714-190B0FDD3B21}.Release|Xbox 360.ActiveCfg = Release|x86
		{B7259BB1-744A-4C99-9A06-728C92655CAD}.Debug|Any CPU.ActiveCfg = Debug|Win32
		{B7259BB1-744A-4C99-9A06-728C92655CAD}.Debug|Mixed Platforms.ActiveCfg = Debug|Win32
		{B7259BB1-744A-4C99-9A06-728C92655CAD}.Debug|Mixed Platforms.Build.0 = Debug|Win32
		{B7259BB1-744A-4C99-9A06-728C92655CAD}.Debug|Win32.ActiveCfg = Debug|Win32
		{B7259BB1-744A-4C99-9A06-728C92655CAD}.Debug|Win32.Build.0 = Debug|Win32
		{B7259BB1-744A-4C99-9A06-728C92655CAD}.Debug|x86.ActiveCfg = Debug|Win32
		{B7259BB1-744A-4C99-9A06-728C92655CAD}.Debug|Xbox 360.ActiveCfg = Debug|Win32
		{B7259BB1-744A-4C99-9A06-728C92655CAD}.MapEditor Debug|Any CPU.ActiveCfg = Debug|Win32
		{B7259BB1-744A-4C99-9A06-728C92655CAD}.MapEditor Debug|Mixed Platforms.ActiveCfg = Debug|Win32
		{B7259BB1-744A-4C99-9A06-728C92655CAD}.MapEditor Debug|Mixed Platforms.Build.0 = Debug|Win32
		{B7259BB1-744A-4C99-9A06-728C92655CAD}.MapEditor Debug|Win32.ActiveCfg = Debug|Win32
		{B7259BB1-744A-4C99-9A06-728C92655CAD}.MapEditor Debug|Win32.Build.0 = Debug|Win32
		{B7259BB1-744A-4C99-9A06-728C92655CAD}.MapEditor Debug|x86.ActiveCfg = Debug|Win32
		{B7259BB1-744A-4C99-9A06-728C92655CAD}.MapEditor Debug|Xbox 360.ActiveCfg = Debug|Win32
		{B7259BB1-744A-4C99-9A06-728C92655CAD}.MapEditor Release|Any CPU.ActiveCfg = Release|Win32
		{B7259BB1-744A-4C99-9A06-728C92655CAD}.MapEditor Release|Mixed Platforms.ActiveCfg = Release|Win32
		{B7259BB1-744A-4C99-9A06-728C92655CAD}.MapEditor Release|Mixed Platforms.Build.0 = Release|Win32
		{B7259BB1-744A-4C99-9A06-728C92655CAD}.MapEditor Release|Win32.ActiveCfg = Release|Win32
		{B7259BB1-744A-4C99-9A06-728C92655CAD}.MapEditor Release|Win32.Build.0 = Release|Win32
		{B7259BB1-744A-4C99-9A06-728C92655CAD}.MapEditor Release|x86.ActiveCfg = Release|Win32
		{B7259BB1-744A-4C99-9A06-728C92655CAD}.MapEditor Release|Xbox 360.ActiveCfg = Release|Win32
		{B7259BB1-744A-4C99-9A06-728C92655CAD}.MapEditor|Any CPU.ActiveCfg = Release|Win32
		{B7259BB1-744A-4C99-9A06-728C92655CAD}.MapEditor|Mixed Platforms.ActiveCfg = Release|Win32
		{B7259BB1-744A-4C99-9A06-728C92655CAD}.MapEditor|Mixed Platforms.Build.0 = Release|Win32
		{B7259BB1-744A-4C99-9A06-728C92655CAD}.MapEditor|Win32.ActiveCfg = Release|Win32
		{B7259BB1-744A-4C99-9A06-728C92655CAD}.MapEditor|Win32.Build.0 = Release|Win32
		{B7259BB1-744A-4C99-9A06-728C92655CAD}.MapEditor|x86.ActiveCfg = Release|Win32
		{B7259BB1-744A-4C99-9A06-728C92655CAD}.MapEditor|Xbox 360.ActiveCfg = Release|Win32
		{B7259BB1-744A-4C99-9A06-728C92655CAD}.Release|Any CPU.ActiveCfg = Release|Win32
		{B7259BB1-744A-4C99-9A06-728C92655CAD}.Release|Mixed Platforms.ActiveCfg = Release|Win32
		{B7259BB1-744A-4C99-9A06-728C92655CAD}.Release|Mixed Platforms.Build.0 = Release|Win32
		{B7259BB1-744A-4C99-9A06-728C92655CAD}.Release|Win32.ActiveCfg = Release|Win32
		{B7259BB1-744A-4C99-9A06-728C92655CAD}.Release|Win32.Build.0 = Release|Win32
		{B7259BB1-744A-4C99-9A06-728C92655CAD}.Release|x86.ActiveCfg = Release|Win32
		{B7259BB1-744A-4C99-9A06-728C92655CAD}.Release|Xbox 360.ActiveCfg = Release|Win32
		{12E4B132-65A5-4E63-8C94-3F7687705DCE}.Debug|Any CPU.ActiveCfg = Debug|Any CPU
		{12E4B132-65A5-4E63-8C94-3F7687705DCE}.Debug|Mixed Platforms.ActiveCfg = Debug|Any CPU
		{12E4B132-65A5-4E63-8C94-3F7687705DCE}.Debug|Win32.ActiveCfg = Debug|Any CPU
		{12E4B132-65A5-4E63-8C94-3F7687705DCE}.Debug|x86.ActiveCfg = Debug|Any CPU
		{12E4B132-65A5-4E63-8C94-3F7687705DCE}.Debug|Xbox 360.ActiveCfg = Debug|Any CPU
		{12E4B132-65A5-4E63-8C94-3F7687705DCE}.MapEditor Debug|Any CPU.ActiveCfg = Debug|Any CPU
		{12E4B132-65A5-4E63-8C94-3F7687705DCE}.MapEditor Debug|Mixed Platforms.ActiveCfg = Debug|Any CPU
		{12E4B132-65A5-4E63-8C94-3F7687705DCE}.MapEditor Debug|Win32.ActiveCfg = Debug|Any CPU
		{12E4B132-65A5-4E63-8C94-3F7687705DCE}.MapEditor Debug|x86.ActiveCfg = Debug|Any CPU
		{12E4B132-65A5-4E63-8C94-3F7687705DCE}.MapEditor Debug|Xbox 360.ActiveCfg = Debug|Any CPU
		{12E4B132-65A5-4E63-8C94-3F7687705DCE}.MapEditor Release|Any CPU.ActiveCfg = Debug|Any CPU
		{12E4B132-65A5-4E63-8C94-3F7687705DCE}.MapEditor Release|Mixed Platforms.ActiveCfg = Debug|Any CPU
		{12E4B132-65A5-4E63-8C94-3F7687705DCE}.MapEditor Release|Win32.ActiveCfg = Debug|Any CPU
		{12E4B132-65A5-4E63-8C94-3F7687705DCE}.MapEditor Release|x86.ActiveCfg = Debug|Any CPU
		{12E4B132-65A5-4E63-8C94-3F7687705DCE}.MapEditor Release|Xbox 360.ActiveCfg = Debug|Any CPU
		{12E4B132-65A5-4E63-8C94-3F7687705DCE}.MapEditor|Any CPU.ActiveCfg = Debug|Any CPU
		{12E4B132-65A5-4E63-8C94-3F7687705DCE}.MapEditor|Mixed Platforms.ActiveCfg = Debug|Any CPU
		{12E4B132-65A5-4E63-8C94-3F7687705DCE}.MapEditor|Win32.ActiveCfg = Debug|Any CPU
		{12E4B132-65A5-4E63-8C94-3F7687705DCE}.MapEditor|x86.ActiveCfg = Debug|Any CPU
		{12E4B132-65A5-4E63-8C94-3F7687705DCE}.MapEditor|Xbox 360.ActiveCfg = Debug|Any CPU
		{12E4B132-65A5-4E63-8C94-3F7687705DCE}.Release|Any CPU.ActiveCfg = Debug|Any CPU
		{12E4B132-65A5-4E63-8C94-3F7687705DCE}.Release|Mixed Platforms.ActiveCfg = Debug|Any CPU
		{12E4B132-65A5-4E63-8C94-3F7687705DCE}.Release|Win32.ActiveCfg = Debug|Any CPU
		{12E4B132-65A5-4E63-8C94-3F7687705DCE}.Release|x86.ActiveCfg = Debug|Any CPU
		{12E4B132-65A5-4E63-8C94-3F7687705DCE}.Release|Xbox 360.ActiveCfg = Debug|Any CPU
		{CCFE1F47-C2EA-43A6-A594-88C186F94536}.Debug|Any CPU.ActiveCfg = Debug|Any CPU
		{CCFE1F47-C2EA-43A6-A594-88C186F94536}.Debug|Mixed Platforms.ActiveCfg = Debug|Any CPU
		{CCFE1F47-C2EA-43A6-A594-88C186F94536}.Debug|Win32.ActiveCfg = Debug|Any CPU
		{CCFE1F47-C2EA-43A6-A594-88C186F94536}.Debug|x86.ActiveCfg = Debug|Any CPU
		{CCFE1F47-C2EA-43A6-A594-88C186F94536}.Debug|Xbox 360.ActiveCfg = Debug|Any CPU
		{CCFE1F47-C2EA-43A6-A594-88C186F94536}.MapEditor Debug|Any CPU.ActiveCfg = Debug|Any CPU
		{CCFE1F47-C2EA-43A6-A594-88C186F94536}.MapEditor Debug|Mixed Platforms.ActiveCfg = Debug|Any CPU
		{CCFE1F47-C2EA-43A6-A594-88C186F94536}.MapEditor Debug|Win32.ActiveCfg = Debug|Any CPU
		{CCFE1F47-C2EA-43A6-A594-88C186F94536}.MapEditor Debug|x86.ActiveCfg = Debug|Any CPU
		{CCFE1F47-C2EA-43A6-A594-88C186F94536}.MapEditor Debug|Xbox 360.ActiveCfg = Debug|Any CPU
		{CCFE1F47-C2EA-43A6-A594-88C186F94536}.MapEditor Release|Any CPU.ActiveCfg = Debug|Any CPU
		{CCFE1F47-C2EA-43A6-A594-88C186F94536}.MapEditor Release|Mixed Platforms.ActiveCfg = Debug|Any CPU
		{CCFE1F47-C2EA-43A6-A594-88C186F94536}.MapEditor Release|Win32.ActiveCfg = Debug|Any CPU
		{CCFE1F47-C2EA-43A6-A594-88C186F94536}.MapEditor Release|x86.ActiveCfg = Debug|Any CPU
		{CCFE1F47-C2EA-43A6-A594-88C186F94536}.MapEditor Release|Xbox 360.ActiveCfg = Debug|Any CPU
		{CCFE1F47-C2EA-43A6-A594-88C186F94536}.MapEditor|Any CPU.ActiveCfg = Debug|Any CPU
		{CCFE1F47-C2EA-43A6-A594-88C186F94536}.MapEditor|Mixed Platforms.ActiveCfg = Debug|Any CPU
		{CCFE1F47-C2EA-43A6-A594-88C186F94536}.MapEditor|Win32.ActiveCfg = Debug|Any CPU
		{CCFE1F47-C2EA-43A6-A594-88C186F94536}.MapEditor|x86.ActiveCfg = Debug|Any CPU
		{CCFE1F47-C2EA-43A6-A594-88C186F94536}.MapEditor|Xbox 360.ActiveCfg = Debug|Any CPU
		{CCFE1F47-C2EA-43A6-A594-88C186F94536}.Release|Any CPU.ActiveCfg = Debug|Any CPU
		{CCFE1F47-C2EA-43A6-A594-88C186F94536}.Release|Mixed Platforms.ActiveCfg = Debug|Any CPU
		{CCFE1F47-C2EA-43A6-A594-88C186F94536}.Release|Win32.ActiveCfg = Debug|Any CPU
		{CCFE1F47-C2EA-43A6-A594-88C186F94536}.Release|x86.ActiveCfg = Debug|Any CPU
		{CCFE1F47-C2EA-43A6-A594-88C186F94536}.Release|Xbox 360.ActiveCfg = Debug|Any CPU
		{50FD0490-71AF-43C0-889E-9352A535C106}.Debug|Any CPU.ActiveCfg = Debug|Any CPU
		{50FD0490-71AF-43C0-889E-9352A535C106}.Debug|Mixed Platforms.ActiveCfg = Debug|Any CPU
		{50FD0490-71AF-43C0-889E-9352A535C106}.Debug|Win32.ActiveCfg = Debug|Any CPU
		{50FD0490-71AF-43C0-889E-9352A535C106}.Debug|x86.ActiveCfg = Debug|Any CPU
		{50FD0490-71AF-43C0-889E-9352A535C106}.Debug|Xbox 360.ActiveCfg = Debug|Any CPU
		{50FD0490-71AF-43C0-889E-9352A535C106}.MapEditor Debug|Any CPU.ActiveCfg = Debug|Any CPU
		{50FD0490-71AF-43C0-889E-9352A535C106}.MapEditor Debug|Mixed Platforms.ActiveCfg = Debug|Any CPU
		{50FD0490-71AF-43C0-889E-9352A535C106}.MapEditor Debug|Win32.ActiveCfg = Debug|Any CPU
		{50FD0490-71AF-43C0-889E-9352A535C106}.MapEditor Debug|x86.ActiveCfg = Debug|Any CPU
		{50FD0490-71AF-43C0-889E-9352A535C106}.MapEditor Debug|Xbox 360.ActiveCfg = Debug|Any CPU
		{50FD0490-71AF-43C0-889E-9352A535C106}.MapEditor Release|Any CPU.ActiveCfg = Debug|Any CPU
		{50FD0490-71AF-43C0-889E-9352A535C106}.MapEditor Release|Mixed Platforms.ActiveCfg = Debug|Any CPU
		{50FD0490-71AF-43C0-889E-9352A535C106}.MapEditor Release|Win32.ActiveCfg = Debug|Any CPU
		{50FD0490-71AF-43C0-889E-9352A535C106}.MapEditor Release|x86.ActiveCfg = Debug|Any CPU
		{50FD0490-71AF-43C0-889E-9352A535C106}.MapEditor Release|Xbox 360.ActiveCfg = Debug|Any CPU
		{50FD0490-71AF-43C0-889E-9352A535C106}.MapEditor|Any CPU.ActiveCfg = Debug|Any CPU
		{50FD0490-71AF-43C0-889E-9352A535C106}.MapEditor|Mixed Platforms.ActiveCfg = Debug|Any CPU
		{50FD0490-71AF-43C0-889E-9352A535C106}.MapEditor|Win32.ActiveCfg = Debug|Any CPU
		{50FD0490-71AF-43C0-889E-9352A535C106}.MapEditor|x86.ActiveCfg = Debug|Any CPU
		{50FD0490-71AF-43C0-889E-9352A535C106}.MapEditor|Xbox 360.ActiveCfg = Debug|Any CPU
		{50FD0490-71AF-43C0-889E-9352A535C106}.Release|Any CPU.ActiveCfg = Debug|Any CPU
		{50FD0490-71AF-43C0-889E-9352A535C106}.Release|Mixed Platforms.ActiveCfg = Debug|Any CPU
		{50FD0490-71AF-43C0-889E-9352A535C106}.Release|Win32.ActiveCfg = Debug|Any CPU
		{50FD0490-71AF-43C0-889E-9352A535C106}.Release|x86.ActiveCfg = Debug|Any CPU
		{50FD0490-71AF-43C0-889E-9352A535C106}.Release|Xbox 360.ActiveCfg = Debug|Any CPU
		{F50B1428-A220-44C0-9A44-28B4989E7923}.Debug|Any CPU.ActiveCfg = Debug|Any CPU
		{F50B1428-A220-44C0-9A44-28B4989E7923}.Debug|Mixed Platforms.ActiveCfg = Debug|Any CPU
		{F50B1428-A220-44C0-9A44-28B4989E7923}.Debug|Win32.ActiveCfg = Debug|Any CPU
		{F50B1428-A220-44C0-9A44-28B4989E7923}.Debug|x86.ActiveCfg = Debug|Any CPU
		{F50B1428-A220-44C0-9A44-28B4989E7923}.Debug|Xbox 360.ActiveCfg = Debug|Any CPU
		{F50B1428-A220-44C0-9A44-28B4989E7923}.MapEditor Debug|Any CPU.ActiveCfg = Debug|Any CPU
		{F50B1428-A220-44C0-9A44-28B4989E7923}.MapEditor Debug|Mixed Platforms.ActiveCfg = Debug|Any CPU
		{F50B1428-A220-44C0-9A44-28B4989E7923}.MapEditor Debug|Win32.ActiveCfg = Debug|Any CPU
		{F50B1428-A220-44C0-9A44-28B4989E7923}.MapEditor Debug|x86.ActiveCfg = Debug|Any CPU
		{F50B1428-A220-44C0-9A44-28B4989E7923}.MapEditor Debug|Xbox 360.ActiveCfg = Debug|Any CPU
		{F50B1428-A220-44C0-9A44-28B4989E7923}.MapEditor Release|Any CPU.ActiveCfg = Debug|Any CPU
		{F50B1428-A220-44C0-9A44-28B4989E7923}.MapEditor Release|Mixed Platforms.ActiveCfg = Debug|Any CPU
		{F50B1428-A220-44C0-9A44-28B4989E7923}.MapEditor Release|Win32.ActiveCfg = Debug|Any CPU
		{F50B1428-A220-44C0-9A44-28B4989E7923}.MapEditor Release|x86.ActiveCfg = Debug|Any CPU
		{F50B1428-A220-44C0-9A44-28B4989E7923}.MapEditor Release|Xbox 360.ActiveCfg = Debug|Any CPU
		{F50B1428-A220-44C0-9A44-28B4989E7923}.MapEditor|Any CPU.ActiveCfg = Debug|Any CPU
		{F50B1428-A220-44C0-9A44-28B4989E7923}.MapEditor|Mixed Platforms.ActiveCfg = Debug|Any CPU
		{F50B1428-A220-44C0-9A44-28B4989E7923}.MapEditor|Win32.ActiveCfg = Debug|Any CPU
		{F50B1428-A220-44C0-9A44-28B4989E7923}.MapEditor|x86.ActiveCfg = Debug|Any CPU
		{F50B1428-A220-44C0-9A44-28B4989E7923}.MapEditor|Xbox 360.ActiveCfg = Debug|Any CPU
		{F50B1428-A220-44C0-9A44-28B4989E7923}.Release|Any CPU.ActiveCfg = Debug|Any CPU
		{F50B1428-A220-44C0-9A44-28B4989E7923}.Release|Mixed Platforms.ActiveCfg = Debug|Any CPU
		{F50B1428-A220-44C0-9A44-28B4989E7923}.Release|Win32.ActiveCfg = Debug|Any CPU
		{F50B1428-A220-44C0-9A44-28B4989E7923}.Release|x86.ActiveCfg = Debug|Any CPU
		{F50B1428-A220-44C0-9A44-28B4989E7923}.Release|Xbox 360.ActiveCfg = Debug|Any CPU
		{212E62AA-982F-4B75-B2DA-D2A6C93EBD19}.Debug|Any CPU.ActiveCfg = Debug|Any CPU
		{212E62AA-982F-4B75-B2DA-D2A6C93EBD19}.Debug|Mixed Platforms.ActiveCfg = Debug|Any CPU
		{212E62AA-982F-4B75-B2DA-D2A6C93EBD19}.Debug|Win32.ActiveCfg = Debug|Any CPU
		{212E62AA-982F-4B75-B2DA-D2A6C93EBD19}.Debug|x86.ActiveCfg = Debug|Any CPU
		{212E62AA-982F-4B75-B2DA-D2A6C93EBD19}.Debug|Xbox 360.ActiveCfg = Debug|Any CPU
		{212E62AA-982F-4B75-B2DA-D2A6C93EBD19}.MapEditor Debug|Any CPU.ActiveCfg = Debug|Any CPU
		{212E62AA-982F-4B75-B2DA-D2A6C93EBD19}.MapEditor Debug|Mixed Platforms.ActiveCfg = Debug|Any CPU
		{212E62AA-982F-4B75-B2DA-D2A6C93EBD19}.MapEditor Debug|Win32.ActiveCfg = Debug|Any CPU
		{212E62AA-982F-4B75-B2DA-D2A6C93EBD19}.MapEditor Debug|x86.ActiveCfg = Debug|Any CPU
		{212E62AA-982F-4B75-B2DA-D2A6C93EBD19}.MapEditor Debug|Xbox 360.ActiveCfg = Debug|Any CPU
		{212E62AA-982F-4B75-B2DA-D2A6C93EBD19}.MapEditor Release|Any CPU.ActiveCfg = Debug|Any CPU
		{212E62AA-982F-4B75-B2DA-D2A6C93EBD19}.MapEditor Release|Mixed Platforms.ActiveCfg = Debug|Any CPU
		{212E62AA-982F-4B75-B2DA-D2A6C93EBD19}.MapEditor Release|Win32.ActiveCfg = Debug|Any CPU
		{212E62AA-982F-4B75-B2DA-D2A6C93EBD19}.MapEditor Release|x86.ActiveCfg = Debug|Any CPU
		{212E62AA-982F-4B75-B2DA-D2A6C93EBD19}.MapEditor Release|Xbox 360.ActiveCfg = Debug|Any CPU
		{212E62AA-982F-4B75-B2DA-D2A6C93EBD19}.MapEditor|Any CPU.ActiveCfg = Debug|Any CPU
		{212E62AA-982F-4B75-B2DA-D2A6C93EBD19}.MapEditor|Mixed Platforms.ActiveCfg = Debug|Any CPU
		{212E62AA-982F-4B75-B2DA-D2A6C93EBD19}.MapEditor|Win32.ActiveCfg = Debug|Any CPU
		{212E62AA-982F-4B75-B2DA-D2A6C93EBD19}.MapEditor|x86.ActiveCfg = Debug|Any CPU
		{212E62AA-982F-4B75-B2DA-D2A6C93EBD19}.MapEditor|Xbox 360.ActiveCfg = Debug|Any CPU
		{212E62AA-982F-4B75-B2DA-D2A6C93EBD19}.Release|Any CPU.ActiveCfg = Debug|Any CPU
		{212E62AA-982F-4B75-B2DA-D2A6C93EBD19}.Release|Mixed Platforms.ActiveCfg = Debug|Any CPU
		{212E62AA-982F-4B75-B2DA-D2A6C93EBD19}.Release|Win32.ActiveCfg = Debug|Any CPU
		{212E62AA-982F-4B75-B2DA-D2A6C93EBD19}.Release|x86.ActiveCfg = Debug|Any CPU
		{212E62AA-982F-4B75-B2DA-D2A6C93EBD19}.Release|Xbox 360.ActiveCfg = Debug|Any CPU
		{EA74773E-D658-4366-AB62-085F8235C5BC}.Debug|Any CPU.ActiveCfg = Debug|Any CPU
		{EA74773E-D658-4366-AB62-085F8235C5BC}.Debug|Mixed Platforms.ActiveCfg = Debug|Any CPU
		{EA74773E-D658-4366-AB62-085F8235C5BC}.Debug|Win32.ActiveCfg = Debug|Any CPU
		{EA74773E-D658-4366-AB62-085F8235C5BC}.Debug|x86.ActiveCfg = Debug|Any CPU
		{EA74773E-D658-4366-AB62-085F8235C5BC}.Debug|Xbox 360.ActiveCfg = Debug|Any CPU
		{EA74773E-D658-4366-AB62-085F8235C5BC}.MapEditor Debug|Any CPU.ActiveCfg = Debug|Any CPU
		{EA74773E-D658-4366-AB62-085F8235C5BC}.MapEditor Debug|Mixed Platforms.ActiveCfg = Debug|Any CPU
		{EA74773E-D658-4366-AB62-085F8235C5BC}.MapEditor Debug|Win32.ActiveCfg = Debug|Any CPU
		{EA74773E-D658-4366-AB62-085F8235C5BC}.MapEditor Debug|x86.ActiveCfg = Debug|Any CPU
		{EA74773E-D658-4366-AB62-085F8235C5BC}.MapEditor Debug|Xbox 360.ActiveCfg = Debug|Any CPU
		{EA74773E-D658-4366-AB62-085F8235C5BC}.MapEditor Release|Any CPU.ActiveCfg = Debug|Any CPU
		{EA74773E-D658-4366-AB62-085F8235C5BC}.MapEditor Release|Mixed Platforms.ActiveCfg = Debug|Any CPU
		{EA74773E-D658-4366-AB62-085F8235C5BC}.MapEditor Release|Win32.ActiveCfg = Debug|Any CPU
		{EA74773E-D658-4366-AB62-085F8235C5BC}.MapEditor Release|x86.ActiveCfg = Debug|Any CPU
		{EA74773E-D658-4366-AB62-085F8235C5BC}.MapEditor Release|Xbox 360.ActiveCfg = Debug|Any CPU
		{EA74773E-D658-4366-AB62-085F8235C5BC}.MapEditor|Any CPU.ActiveCfg = Debug|Any CPU
		{EA74773E-D658-4366-AB62-085F8235C5BC}.MapEditor|Mixed Platforms.ActiveCfg = Debug|Any CPU
		{EA74773E-D658-4366-AB62-085F8235C5BC}.MapEditor|Win32.ActiveCfg = Debug|Any CPU
		{EA74773E-D658-4366-AB62-085F8235C5BC}.MapEditor|x86.ActiveCfg = Debug|Any CPU
		{EA74773E-D658-4366-AB62-085F8235C5BC}.MapEditor|Xbox 360.ActiveCfg = Debug|Any CPU
		{EA74773E-D658-4366-AB62-085F8235C5BC}.Release|Any CPU.ActiveCfg = Debug|Any CPU
		{EA74773E-D658-4366-AB62-085F8235C5BC}.Release|Mixed Platforms.ActiveCfg = Debug|Any CPU
		{EA74773E-D658-4366-AB62-085F8235C5BC}.Release|Win32.ActiveCfg = Debug|Any CPU
		{EA74773E-D658-4366-AB62-085F8235C5BC}.Release|x86.ActiveCfg = Debug|Any CPU
		{EA74773E-D658-4366-AB62-085F8235C5BC}.Release|Xbox 360.ActiveCfg = Debug|Any CPU
		{72E7B285-45D0-4188-AC5D-0FA2D9A228DE}.Debug|Any CPU.ActiveCfg = Debug|Any CPU
		{72E7B285-45D0-4188-AC5D-0FA2D9A228DE}.Debug|Mixed Platforms.ActiveCfg = Debug|Any CPU
		{72E7B285-45D0-4188-AC5D-0FA2D9A228DE}.Debug|Win32.ActiveCfg = Debug|Any CPU
		{72E7B285-45D0-4188-AC5D-0FA2D9A228DE}.Debug|x86.ActiveCfg = Debug|Any CPU
		{72E7B285-45D0-4188-AC5D-0FA2D9A228DE}.Debug|Xbox 360.ActiveCfg = Debug|Any CPU
		{72E7B285-45D0-4188-AC5D-0FA2D9A228DE}.MapEditor Debug|Any CPU.ActiveCfg = Debug|Any CPU
		{72E7B285-45D0-4188-AC5D-0FA2D9A228DE}.MapEditor Debug|Mixed Platforms.ActiveCfg = Debug|Any CPU
		{72E7B285-45D0-4188-AC5D-0FA2D9A228DE}.MapEditor Debug|Win32.ActiveCfg = Debug|Any CPU
		{72E7B285-45D0-4188-AC5D-0FA2D9A228DE}.MapEditor Debug|x86.ActiveCfg = Debug|Any CPU
		{72E7B285-45D0-4188-AC5D-0FA2D9A228DE}.MapEditor Debug|Xbox 360.ActiveCfg = Debug|Any CPU
		{72E7B285-45D0-4188-AC5D-0FA2D9A228DE}.MapEditor Release|Any CPU.ActiveCfg = Debug|Any CPU
		{72E7B285-45D0-4188-AC5D-0FA2D9A228DE}.MapEditor Release|Mixed Platforms.ActiveCfg = Debug|Any CPU
		{72E7B285-45D0-4188-AC5D-0FA2D9A228DE}.MapEditor Release|Win32.ActiveCfg = Debug|Any CPU
		{72E7B285-45D0-4188-AC5D-0FA2D9A228DE}.MapEditor Release|x86.ActiveCfg = Debug|Any CPU
		{72E7B285-45D0-4188-AC5D-0FA2D9A228DE}.MapEditor Release|Xbox 360.ActiveCfg = Debug|Any CPU
		{72E7B285-45D0-4188-AC5D-0FA2D9A228DE}.MapEditor|Any CPU.ActiveCfg = Debug|Any CPU
		{72E7B285-45D0-4188-AC5D-0FA2D9A228DE}.MapEditor|Mixed Platforms.ActiveCfg = Debug|Any CPU
		{72E7B285-45D0-4188-AC5D-0FA2D9A228DE}.MapEditor|Win32.ActiveCfg = Debug|Any CPU
		{72E7B285-45D0-4188-AC5D-0FA2D9A228DE}.MapEditor|x86.ActiveCfg = Debug|Any CPU
		{72E7B285-45D0-4188-AC5D-0FA2D9A228DE}.MapEditor|Xbox 360.ActiveCfg = Debug|Any CPU
		{72E7B285-45D0-4188-AC5D-0FA2D9A228DE}.Release|Any CPU.ActiveCfg = Debug|Any CPU
		{72E7B285-45D0-4188-AC5D-0FA2D9A228DE}.Release|Mixed Platforms.ActiveCfg = Debug|Any CPU
		{72E7B285-45D0-4188-AC5D-0FA2D9A228DE}.Release|Win32.ActiveCfg = Debug|Any CPU
		{72E7B285-45D0-4188-AC5D-0FA2D9A228DE}.Release|x86.ActiveCfg = Debug|Any CPU
		{72E7B285-45D0-4188-AC5D-0FA2D9A228DE}.Release|Xbox 360.ActiveCfg = Debug|Any CPU
	EndGlobalSection
	GlobalSection(SolutionProperties) = preSolution
		HideSolutionNode = FALSE
	EndGlobalSection
	GlobalSection(NestedProjects) = preSolution
		{E7BB4B6B-6A24-45CD-8714-190B0FDD3B21} = {187F2BD1-D182-4F09-9B54-154FE553BFE6}
		{CCFE1F47-C2EA-43A6-A594-88C186F94536} = {187F2BD1-D182-4F09-9B54-154FE553BFE6}
		{8D59AE53-4C2F-4917-8BB2-611C09A3B9D1} = {187F2BD1-D182-4F09-9B54-154FE553BFE6}
		{12E4B132-65A5-4E63-8C94-3F7687705DCE} = {187F2BD1-D182-4F09-9B54-154FE553BFE6}
		{EA74773E-D658-4366-AB62-085F8235C5BC} = {187F2BD1-D182-4F09-9B54-154FE553BFE6}
		{DDBC472F-F07E-420A-9AD7-31C03422F337} = {187F2BD1-D182-4F09-9B54-154FE553BFE6}
		{72E7B285-45D0-4188-AC5D-0FA2D9A228DE} = {187F2BD1-D182-4F09-9B54-154FE553BFE6}
		{50FD0490-71AF-43C0-889E-9352A535C106} = {187F2BD1-D182-4F09-9B54-154FE553BFE6}
		{212E62AA-982F-4B75-B2DA-D2A6C93EBD19} = {187F2BD1-D182-4F09-9B54-154FE553BFE6}
		{F50B1428-A220-44C0-9A44-28B4989E7923} = {187F2BD1-D182-4F09-9B54-154FE553BFE6}
		{57C3FDF5-1889-4507-B5F1-46E6BE0F2F61} = {187F2BD1-D182-4F09-9B54-154FE553BFE6}
	EndGlobalSection
EndGlobal
