
Microsoft Visual Studio Solution File, Format Version 11.00
# Visual Studio 2010
Project("{FAE04EC0-301F-11D3-BF4B-00C04F79EFBC}") = "finalProject", "finalProject\finalProject\finalProject.csproj", "{099FF29B-954A-4208-A12C-A2121DDFB7E9}"
EndProject
Project("{FAE04EC0-301F-11D3-BF4B-00C04F79EFBC}") = "finalProjectContent", "finalProject\finalProjectContent\finalProjectContent.contentproj", "{DDBC472F-F07E-420A-9AD7-31C03422F337}"
EndProject
Project("{FAE04EC0-301F-11D3-BF4B-00C04F79EFBC}") = "GraphicsLibrary", "GraphicsLibrary\GraphicsLibrary.csproj", "{B68107C8-3825-47AA-BC8A-B7AA8D2902F6}"
EndProject
Project("{FAE04EC0-301F-11D3-BF4B-00C04F79EFBC}") = "AnimateModelPipeline", "AnimateModelPipeline\AnimateModelPipeline.csproj", "{57C3FDF5-1889-4507-B5F1-46E6BE0F2F61}"
EndProject
Project("{FAE04EC0-301F-11D3-BF4B-00C04F79EFBC}") = "GameConstructLibrary", "GameConstructLibrary\GameConstructLibrary.csproj", "{EBF58AE6-887D-480A-B693-4DCB2C02CB8D}"
EndProject
Project("{FAE04EC0-301F-11D3-BF4B-00C04F79EFBC}") = "MapEditor", "MapEditor\MapEditor\MapEditor\MapEditor.csproj", "{0D80249F-64A3-4A6B-9936-F9EAC60E59D8}"
EndProject
Project("{FAE04EC0-301F-11D3-BF4B-00C04F79EFBC}") = "Utility", "Utility\Utility.csproj", "{3025FC73-AEC9-489F-96EF-BC52CCE64CEC}"
EndProject
Global
	GlobalSection(SolutionConfigurationPlatforms) = preSolution
		Debug|Any CPU = Debug|Any CPU
		Debug|Mixed Platforms = Debug|Mixed Platforms
		Debug|x86 = Debug|x86
		MapEditor Debug|Any CPU = MapEditor Debug|Any CPU
		MapEditor Debug|Mixed Platforms = MapEditor Debug|Mixed Platforms
		MapEditor Debug|x86 = MapEditor Debug|x86
		MapEditor Release|Any CPU = MapEditor Release|Any CPU
		MapEditor Release|Mixed Platforms = MapEditor Release|Mixed Platforms
		MapEditor Release|x86 = MapEditor Release|x86
		Release|Any CPU = Release|Any CPU
		Release|Mixed Platforms = Release|Mixed Platforms
		Release|x86 = Release|x86
	EndGlobalSection
	GlobalSection(ProjectConfigurationPlatforms) = postSolution
		{099FF29B-954A-4208-A12C-A2121DDFB7E9}.Debug|Any CPU.ActiveCfg = Debug|x86
		{099FF29B-954A-4208-A12C-A2121DDFB7E9}.Debug|Mixed Platforms.ActiveCfg = Debug|x86
		{099FF29B-954A-4208-A12C-A2121DDFB7E9}.Debug|Mixed Platforms.Build.0 = Debug|x86
		{099FF29B-954A-4208-A12C-A2121DDFB7E9}.Debug|x86.ActiveCfg = Debug|x86
		{099FF29B-954A-4208-A12C-A2121DDFB7E9}.Debug|x86.Build.0 = Debug|x86
		{099FF29B-954A-4208-A12C-A2121DDFB7E9}.MapEditor Debug|Any CPU.ActiveCfg = MapEditor|x86
		{099FF29B-954A-4208-A12C-A2121DDFB7E9}.MapEditor Debug|Mixed Platforms.ActiveCfg = MapEditor|x86
		{099FF29B-954A-4208-A12C-A2121DDFB7E9}.MapEditor Debug|x86.ActiveCfg = MapEditor|x86
		{099FF29B-954A-4208-A12C-A2121DDFB7E9}.MapEditor Release|Any CPU.ActiveCfg = MapEditor Release|x86
		{099FF29B-954A-4208-A12C-A2121DDFB7E9}.MapEditor Release|Mixed Platforms.ActiveCfg = MapEditor Release|x86
		{099FF29B-954A-4208-A12C-A2121DDFB7E9}.MapEditor Release|x86.ActiveCfg = MapEditor Release|x86
		{099FF29B-954A-4208-A12C-A2121DDFB7E9}.Release|Any CPU.ActiveCfg = Release|x86
		{099FF29B-954A-4208-A12C-A2121DDFB7E9}.Release|Mixed Platforms.ActiveCfg = Release|x86
		{099FF29B-954A-4208-A12C-A2121DDFB7E9}.Release|Mixed Platforms.Build.0 = Release|x86
		{099FF29B-954A-4208-A12C-A2121DDFB7E9}.Release|x86.ActiveCfg = Release|x86
		{099FF29B-954A-4208-A12C-A2121DDFB7E9}.Release|x86.Build.0 = Release|x86
		{DDBC472F-F07E-420A-9AD7-31C03422F337}.Debug|Any CPU.ActiveCfg = Debug|x86
		{DDBC472F-F07E-420A-9AD7-31C03422F337}.Debug|Mixed Platforms.ActiveCfg = Debug|x86
		{DDBC472F-F07E-420A-9AD7-31C03422F337}.Debug|x86.ActiveCfg = Debug|x86
		{DDBC472F-F07E-420A-9AD7-31C03422F337}.MapEditor Debug|Any CPU.ActiveCfg = Release|x86
		{DDBC472F-F07E-420A-9AD7-31C03422F337}.MapEditor Debug|Mixed Platforms.ActiveCfg = Release|x86
		{DDBC472F-F07E-420A-9AD7-31C03422F337}.MapEditor Debug|Mixed Platforms.Build.0 = Release|x86
		{DDBC472F-F07E-420A-9AD7-31C03422F337}.MapEditor Debug|x86.ActiveCfg = Release|x86
		{DDBC472F-F07E-420A-9AD7-31C03422F337}.MapEditor Release|Any CPU.ActiveCfg = Release|x86
		{DDBC472F-F07E-420A-9AD7-31C03422F337}.MapEditor Release|Mixed Platforms.ActiveCfg = Release|x86
		{DDBC472F-F07E-420A-9AD7-31C03422F337}.MapEditor Release|x86.ActiveCfg = Release|x86
		{DDBC472F-F07E-420A-9AD7-31C03422F337}.Release|Any CPU.ActiveCfg = Release|x86
		{DDBC472F-F07E-420A-9AD7-31C03422F337}.Release|Mixed Platforms.ActiveCfg = Release|x86
		{DDBC472F-F07E-420A-9AD7-31C03422F337}.Release|x86.ActiveCfg = Release|x86
		{B68107C8-3825-47AA-BC8A-B7AA8D2902F6}.Debug|Any CPU.ActiveCfg = Debug|x86
		{B68107C8-3825-47AA-BC8A-B7AA8D2902F6}.Debug|Mixed Platforms.ActiveCfg = Debug|x86
		{B68107C8-3825-47AA-BC8A-B7AA8D2902F6}.Debug|Mixed Platforms.Build.0 = Debug|x86
		{B68107C8-3825-47AA-BC8A-B7AA8D2902F6}.Debug|x86.ActiveCfg = Debug|x86
		{B68107C8-3825-47AA-BC8A-B7AA8D2902F6}.Debug|x86.Build.0 = Debug|x86
		{B68107C8-3825-47AA-BC8A-B7AA8D2902F6}.MapEditor Debug|Any CPU.ActiveCfg = MapEditor|x86
		{B68107C8-3825-47AA-BC8A-B7AA8D2902F6}.MapEditor Debug|Mixed Platforms.ActiveCfg = MapEditor|x86
		{B68107C8-3825-47AA-BC8A-B7AA8D2902F6}.MapEditor Debug|Mixed Platforms.Build.0 = MapEditor|x86
		{B68107C8-3825-47AA-BC8A-B7AA8D2902F6}.MapEditor Debug|x86.ActiveCfg = MapEditor|x86
		{B68107C8-3825-47AA-BC8A-B7AA8D2902F6}.MapEditor Debug|x86.Build.0 = MapEditor|x86
		{B68107C8-3825-47AA-BC8A-B7AA8D2902F6}.MapEditor Release|Any CPU.ActiveCfg = MapEditor Release|x86
		{B68107C8-3825-47AA-BC8A-B7AA8D2902F6}.MapEditor Release|Mixed Platforms.ActiveCfg = MapEditor Release|x86
		{B68107C8-3825-47AA-BC8A-B7AA8D2902F6}.MapEditor Release|Mixed Platforms.Build.0 = MapEditor Release|x86
		{B68107C8-3825-47AA-BC8A-B7AA8D2902F6}.MapEditor Release|x86.ActiveCfg = MapEditor Release|x86
		{B68107C8-3825-47AA-BC8A-B7AA8D2902F6}.MapEditor Release|x86.Build.0 = MapEditor Release|x86
		{B68107C8-3825-47AA-BC8A-B7AA8D2902F6}.Release|Any CPU.ActiveCfg = Release|x86
		{B68107C8-3825-47AA-BC8A-B7AA8D2902F6}.Release|Mixed Platforms.ActiveCfg = Release|x86
		{B68107C8-3825-47AA-BC8A-B7AA8D2902F6}.Release|Mixed Platforms.Build.0 = Release|x86
		{B68107C8-3825-47AA-BC8A-B7AA8D2902F6}.Release|x86.ActiveCfg = Release|x86
		{B68107C8-3825-47AA-BC8A-B7AA8D2902F6}.Release|x86.Build.0 = Release|x86
		{57C3FDF5-1889-4507-B5F1-46E6BE0F2F61}.Debug|Any CPU.ActiveCfg = Debug|Any CPU
		{57C3FDF5-1889-4507-B5F1-46E6BE0F2F61}.Debug|Any CPU.Build.0 = Debug|Any CPU
		{57C3FDF5-1889-4507-B5F1-46E6BE0F2F61}.Debug|Mixed Platforms.ActiveCfg = Debug|Any CPU
		{57C3FDF5-1889-4507-B5F1-46E6BE0F2F61}.Debug|Mixed Platforms.Build.0 = Debug|Any CPU
		{57C3FDF5-1889-4507-B5F1-46E6BE0F2F61}.Debug|x86.ActiveCfg = Debug|Any CPU
		{57C3FDF5-1889-4507-B5F1-46E6BE0F2F61}.MapEditor Debug|Any CPU.ActiveCfg = MapEditor|Any CPU
		{57C3FDF5-1889-4507-B5F1-46E6BE0F2F61}.MapEditor Debug|Mixed Platforms.ActiveCfg = MapEditor|Any CPU
		{57C3FDF5-1889-4507-B5F1-46E6BE0F2F61}.MapEditor Debug|Mixed Platforms.Build.0 = MapEditor|Any CPU
		{57C3FDF5-1889-4507-B5F1-46E6BE0F2F61}.MapEditor Debug|x86.ActiveCfg = MapEditor|Any CPU
		{57C3FDF5-1889-4507-B5F1-46E6BE0F2F61}.MapEditor Release|Any CPU.ActiveCfg = MapEditor Release|Any CPU
		{57C3FDF5-1889-4507-B5F1-46E6BE0F2F61}.MapEditor Release|Mixed Platforms.ActiveCfg = MapEditor Release|Any CPU
		{57C3FDF5-1889-4507-B5F1-46E6BE0F2F61}.MapEditor Release|Mixed Platforms.Build.0 = MapEditor Release|Any CPU
		{57C3FDF5-1889-4507-B5F1-46E6BE0F2F61}.MapEditor Release|x86.ActiveCfg = MapEditor Release|Any CPU
		{57C3FDF5-1889-4507-B5F1-46E6BE0F2F61}.Release|Any CPU.ActiveCfg = Release|Any CPU
		{57C3FDF5-1889-4507-B5F1-46E6BE0F2F61}.Release|Any CPU.Build.0 = Release|Any CPU
		{57C3FDF5-1889-4507-B5F1-46E6BE0F2F61}.Release|Mixed Platforms.ActiveCfg = Release|Any CPU
		{57C3FDF5-1889-4507-B5F1-46E6BE0F2F61}.Release|Mixed Platforms.Build.0 = Release|Any CPU
		{57C3FDF5-1889-4507-B5F1-46E6BE0F2F61}.Release|x86.ActiveCfg = Release|Any CPU
		{EBF58AE6-887D-480A-B693-4DCB2C02CB8D}.Debug|Any CPU.ActiveCfg = Debug|x86
		{EBF58AE6-887D-480A-B693-4DCB2C02CB8D}.Debug|Mixed Platforms.ActiveCfg = Debug|x86
		{EBF58AE6-887D-480A-B693-4DCB2C02CB8D}.Debug|Mixed Platforms.Build.0 = Debug|x86
		{EBF58AE6-887D-480A-B693-4DCB2C02CB8D}.Debug|x86.ActiveCfg = Debug|x86
		{EBF58AE6-887D-480A-B693-4DCB2C02CB8D}.Debug|x86.Build.0 = Debug|x86
		{EBF58AE6-887D-480A-B693-4DCB2C02CB8D}.MapEditor Debug|Any CPU.ActiveCfg = MapEditor|x86
		{EBF58AE6-887D-480A-B693-4DCB2C02CB8D}.MapEditor Debug|Mixed Platforms.ActiveCfg = MapEditor|x86
		{EBF58AE6-887D-480A-B693-4DCB2C02CB8D}.MapEditor Debug|Mixed Platforms.Build.0 = MapEditor|x86
		{EBF58AE6-887D-480A-B693-4DCB2C02CB8D}.MapEditor Debug|x86.ActiveCfg = MapEditor|x86
		{EBF58AE6-887D-480A-B693-4DCB2C02CB8D}.MapEditor Debug|x86.Build.0 = MapEditor|x86
		{EBF58AE6-887D-480A-B693-4DCB2C02CB8D}.MapEditor Release|Any CPU.ActiveCfg = MapEditor Release|x86
		{EBF58AE6-887D-480A-B693-4DCB2C02CB8D}.MapEditor Release|Mixed Platforms.ActiveCfg = MapEditor Release|x86
		{EBF58AE6-887D-480A-B693-4DCB2C02CB8D}.MapEditor Release|Mixed Platforms.Build.0 = MapEditor Release|x86
		{EBF58AE6-887D-480A-B693-4DCB2C02CB8D}.MapEditor Release|x86.ActiveCfg = MapEditor Release|x86
		{EBF58AE6-887D-480A-B693-4DCB2C02CB8D}.MapEditor Release|x86.Build.0 = MapEditor Release|x86
		{EBF58AE6-887D-480A-B693-4DCB2C02CB8D}.Release|Any CPU.ActiveCfg = Release|x86
		{EBF58AE6-887D-480A-B693-4DCB2C02CB8D}.Release|Mixed Platforms.ActiveCfg = Release|x86
		{EBF58AE6-887D-480A-B693-4DCB2C02CB8D}.Release|Mixed Platforms.Build.0 = Release|x86
		{EBF58AE6-887D-480A-B693-4DCB2C02CB8D}.Release|x86.ActiveCfg = Release|x86
		{EBF58AE6-887D-480A-B693-4DCB2C02CB8D}.Release|x86.Build.0 = Release|x86
		{0D80249F-64A3-4A6B-9936-F9EAC60E59D8}.Debug|Any CPU.ActiveCfg = Debug|x86
		{0D80249F-64A3-4A6B-9936-F9EAC60E59D8}.Debug|Mixed Platforms.ActiveCfg = Debug|x86
		{0D80249F-64A3-4A6B-9936-F9EAC60E59D8}.Debug|x86.ActiveCfg = Debug|x86
		{0D80249F-64A3-4A6B-9936-F9EAC60E59D8}.MapEditor Debug|Any CPU.ActiveCfg = MapEditor|x86
		{0D80249F-64A3-4A6B-9936-F9EAC60E59D8}.MapEditor Debug|Mixed Platforms.ActiveCfg = MapEditor|x86
		{0D80249F-64A3-4A6B-9936-F9EAC60E59D8}.MapEditor Debug|Mixed Platforms.Build.0 = MapEditor|x86
		{0D80249F-64A3-4A6B-9936-F9EAC60E59D8}.MapEditor Debug|x86.ActiveCfg = MapEditor|x86
		{0D80249F-64A3-4A6B-9936-F9EAC60E59D8}.MapEditor Debug|x86.Build.0 = MapEditor|x86
		{0D80249F-64A3-4A6B-9936-F9EAC60E59D8}.MapEditor Release|Any CPU.ActiveCfg = MapEditor Release|x86
		{0D80249F-64A3-4A6B-9936-F9EAC60E59D8}.MapEditor Release|Mixed Platforms.ActiveCfg = MapEditor Release|x86
		{0D80249F-64A3-4A6B-9936-F9EAC60E59D8}.MapEditor Release|Mixed Platforms.Build.0 = MapEditor Release|x86
		{0D80249F-64A3-4A6B-9936-F9EAC60E59D8}.MapEditor Release|x86.ActiveCfg = MapEditor Release|x86
		{0D80249F-64A3-4A6B-9936-F9EAC60E59D8}.MapEditor Release|x86.Build.0 = MapEditor Release|x86
		{0D80249F-64A3-4A6B-9936-F9EAC60E59D8}.Release|Any CPU.ActiveCfg = Release|x86
		{0D80249F-64A3-4A6B-9936-F9EAC60E59D8}.Release|Mixed Platforms.ActiveCfg = Release|x86
		{0D80249F-64A3-4A6B-9936-F9EAC60E59D8}.Release|x86.ActiveCfg = Release|x86
		{3025FC73-AEC9-489F-96EF-BC52CCE64CEC}.Debug|Any CPU.ActiveCfg = Debug|x86
		{3025FC73-AEC9-489F-96EF-BC52CCE64CEC}.Debug|Mixed Platforms.ActiveCfg = Debug|x86
		{3025FC73-AEC9-489F-96EF-BC52CCE64CEC}.Debug|Mixed Platforms.Build.0 = Debug|x86
		{3025FC73-AEC9-489F-96EF-BC52CCE64CEC}.Debug|x86.ActiveCfg = Debug|x86
		{3025FC73-AEC9-489F-96EF-BC52CCE64CEC}.Debug|x86.Build.0 = Debug|x86
		{3025FC73-AEC9-489F-96EF-BC52CCE64CEC}.MapEditor Debug|Any CPU.ActiveCfg = Debug|x86
		{3025FC73-AEC9-489F-96EF-BC52CCE64CEC}.MapEditor Debug|Mixed Platforms.ActiveCfg = Debug|x86
		{3025FC73-AEC9-489F-96EF-BC52CCE64CEC}.MapEditor Debug|Mixed Platforms.Build.0 = Debug|x86
		{3025FC73-AEC9-489F-96EF-BC52CCE64CEC}.MapEditor Debug|x86.ActiveCfg = Debug|x86
		{3025FC73-AEC9-489F-96EF-BC52CCE64CEC}.MapEditor Debug|x86.Build.0 = Debug|x86
		{3025FC73-AEC9-489F-96EF-BC52CCE64CEC}.MapEditor Release|Any CPU.ActiveCfg = Release|x86
		{3025FC73-AEC9-489F-96EF-BC52CCE64CEC}.MapEditor Release|Mixed Platforms.ActiveCfg = Release|x86
		{3025FC73-AEC9-489F-96EF-BC52CCE64CEC}.MapEditor Release|Mixed Platforms.Build.0 = Release|x86
		{3025FC73-AEC9-489F-96EF-BC52CCE64CEC}.MapEditor Release|x86.ActiveCfg = Release|x86
		{3025FC73-AEC9-489F-96EF-BC52CCE64CEC}.MapEditor Release|x86.Build.0 = Release|x86
		{3025FC73-AEC9-489F-96EF-BC52CCE64CEC}.Release|Any CPU.ActiveCfg = Release|x86
		{3025FC73-AEC9-489F-96EF-BC52CCE64CEC}.Release|Mixed Platforms.ActiveCfg = Release|x86
		{3025FC73-AEC9-489F-96EF-BC52CCE64CEC}.Release|Mixed Platforms.Build.0 = Release|x86
		{3025FC73-AEC9-489F-96EF-BC52CCE64CEC}.Release|x86.ActiveCfg = Release|x86
		{3025FC73-AEC9-489F-96EF-BC52CCE64CEC}.Release|x86.Build.0 = Release|x86
	EndGlobalSection
	GlobalSection(SolutionProperties) = preSolution
		HideSolutionNode = FALSE
	EndGlobalSection
EndGlobal
